{
  "version": 4,
  "terraform_version": "1.3.6",
  "serial": 361,
  "lineage": "4a078638-1215-dcab-a8e9-c92722d3abea",
  "outputs": {
    "Bucket-name": {
      "value": "ecommerce-as4d4ewf4wsaxasf5ergsax4er62d.s3.amazonaws.com",
      "type": "string"
    },
    "PublicIP": {
      "value": [
        "front app: ",
        "54.89.171.193",
        "grafana: ",
        "54.91.243.198",
        "databases: ",
        "34.236.153.151",
        "ansible: ",
        "100.26.52.220"
      ],
      "type": [
        "tuple",
        [
          "string",
          "string",
          "string",
          "string",
          "string",
          "string",
          "string",
          "string"
        ]
      ]
    }
  },
  "resources": [
    {
      "mode": "managed",
      "type": "aws_instance",
      "name": "ansible-project",
      "provider": "provider[\"registry.terraform.io/hashicorp/aws\"]",
      "instances": [
        {
          "schema_version": 1,
          "attributes": {
            "ami": "ami-0149b2da6ceec4bb0",
            "arn": "arn:aws:ec2:us-east-1:741692307640:instance/i-004bd4ea8e2537817",
            "associate_public_ip_address": true,
            "availability_zone": "us-east-1a",
            "capacity_reservation_specification": [
              {
                "capacity_reservation_preference": "open",
                "capacity_reservation_target": []
              }
            ],
            "cpu_core_count": 1,
            "cpu_threads_per_core": 1,
            "credit_specification": [
              {
                "cpu_credits": "standard"
              }
            ],
            "disable_api_stop": false,
            "disable_api_termination": false,
            "ebs_block_device": [],
            "ebs_optimized": false,
            "enclave_options": [
              {
                "enabled": false
              }
            ],
            "ephemeral_block_device": [],
            "get_password_data": false,
            "hibernation": false,
            "host_id": null,
            "host_resource_group_arn": null,
            "iam_instance_profile": "",
            "id": "i-004bd4ea8e2537817",
            "instance_initiated_shutdown_behavior": "stop",
            "instance_state": "running",
            "instance_type": "t2.micro",
            "ipv6_address_count": 0,
            "ipv6_addresses": [],
            "key_name": "ecommerce-key",
            "launch_template": [],
            "maintenance_options": [
              {
                "auto_recovery": "default"
              }
            ],
            "metadata_options": [
              {
                "http_endpoint": "enabled",
                "http_put_response_hop_limit": 1,
                "http_tokens": "optional",
                "instance_metadata_tags": "disabled"
              }
            ],
            "monitoring": false,
            "network_interface": [],
            "outpost_arn": "",
            "password_data": "",
            "placement_group": "",
            "placement_partition_number": null,
            "primary_network_interface_id": "eni-0db70ec4f812dc9cb",
            "private_dns": "ip-10-0-1-197.ec2.internal",
            "private_dns_name_options": [
              {
                "enable_resource_name_dns_a_record": false,
                "enable_resource_name_dns_aaaa_record": false,
                "hostname_type": "ip-name"
              }
            ],
            "private_ip": "10.0.1.197",
            "public_dns": "ec2-100-26-52-220.compute-1.amazonaws.com",
            "public_ip": "100.26.52.220",
            "root_block_device": [
              {
                "delete_on_termination": true,
                "device_name": "/dev/sda1",
                "encrypted": false,
                "iops": 100,
                "kms_key_id": "",
                "tags": {},
                "throughput": 0,
                "volume_id": "vol-0ffb40b5dbadc905b",
                "volume_size": 8,
                "volume_type": "gp2"
              }
            ],
            "secondary_private_ips": [],
            "security_groups": [],
            "source_dest_check": true,
            "subnet_id": "subnet-001796c1d2996166e",
            "tags": {
              "Name": "ansible-project",
              "Project": "ecommerce-project"
            },
            "tags_all": {
              "Name": "ansible-project",
              "Project": "ecommerce-project"
            },
            "tenancy": "default",
            "timeouts": null,
            "user_data": null,
            "user_data_base64": null,
            "user_data_replace_on_change": false,
            "volume_tags": null,
            "vpc_security_group_ids": [
              "sg-01001bd48ad5f825a"
            ]
          },
          "sensitive_attributes": [],
          "private": "eyJlMmJmYjczMC1lY2FhLTExZTYtOGY4OC0zNDM2M2JjN2M0YzAiOnsiY3JlYXRlIjo2MDAwMDAwMDAwMDAsImRlbGV0ZSI6MTIwMDAwMDAwMDAwMCwidXBkYXRlIjo2MDAwMDAwMDAwMDB9LCJzY2hlbWFfdmVyc2lvbiI6IjEifQ==",
          "dependencies": [
            "aws_key_pair.key_pair",
            "aws_security_group.ansible-sg",
            "aws_subnet.ecommerce-project-pub-1",
            "aws_vpc.ecommerce-project",
            "tls_private_key.key"
          ]
        }
      ]
    },
    {
      "mode": "managed",
      "type": "aws_instance",
      "name": "databases-project",
      "provider": "provider[\"registry.terraform.io/hashicorp/aws\"]",
      "instances": [
        {
          "schema_version": 1,
          "attributes": {
            "ami": "ami-0149b2da6ceec4bb0",
            "arn": "arn:aws:ec2:us-east-1:741692307640:instance/i-0339a665d3732b464",
            "associate_public_ip_address": true,
            "availability_zone": "us-east-1a",
            "capacity_reservation_specification": [
              {
                "capacity_reservation_preference": "open",
                "capacity_reservation_target": []
              }
            ],
            "cpu_core_count": 1,
            "cpu_threads_per_core": 1,
            "credit_specification": [
              {
                "cpu_credits": "standard"
              }
            ],
            "disable_api_stop": false,
            "disable_api_termination": false,
            "ebs_block_device": [],
            "ebs_optimized": false,
            "enclave_options": [
              {
                "enabled": false
              }
            ],
            "ephemeral_block_device": [],
            "get_password_data": false,
            "hibernation": false,
            "host_id": null,
            "host_resource_group_arn": null,
            "iam_instance_profile": "",
            "id": "i-0339a665d3732b464",
            "instance_initiated_shutdown_behavior": "stop",
            "instance_state": "running",
            "instance_type": "t2.micro",
            "ipv6_address_count": 0,
            "ipv6_addresses": [],
            "key_name": "ecommerce-key",
            "launch_template": [],
            "maintenance_options": [
              {
                "auto_recovery": "default"
              }
            ],
            "metadata_options": [
              {
                "http_endpoint": "enabled",
                "http_put_response_hop_limit": 1,
                "http_tokens": "optional",
                "instance_metadata_tags": "disabled"
              }
            ],
            "monitoring": false,
            "network_interface": [],
            "outpost_arn": "",
            "password_data": "",
            "placement_group": "",
            "placement_partition_number": null,
            "primary_network_interface_id": "eni-059a3c1d11365f025",
            "private_dns": "ip-10-0-4-193.ec2.internal",
            "private_dns_name_options": [
              {
                "enable_resource_name_dns_a_record": false,
                "enable_resource_name_dns_aaaa_record": false,
                "hostname_type": "ip-name"
              }
            ],
            "private_ip": "10.0.4.193",
            "public_dns": "ec2-34-236-153-151.compute-1.amazonaws.com",
            "public_ip": "34.236.153.151",
            "root_block_device": [
              {
                "delete_on_termination": true,
                "device_name": "/dev/sda1",
                "encrypted": false,
                "iops": 100,
                "kms_key_id": "",
                "tags": {},
                "throughput": 0,
                "volume_id": "vol-0be699be4279d81cc",
                "volume_size": 8,
                "volume_type": "gp2"
              }
            ],
            "secondary_private_ips": [],
            "security_groups": [],
            "source_dest_check": true,
            "subnet_id": "subnet-023593f2a5ebec035",
            "tags": {
              "Name": "databases-project",
              "Project": "ecommerce-project"
            },
            "tags_all": {
              "Name": "databases-project",
              "Project": "ecommerce-project"
            },
            "tenancy": "default",
            "timeouts": null,
            "user_data": null,
            "user_data_base64": null,
            "user_data_replace_on_change": false,
            "volume_tags": null,
            "vpc_security_group_ids": [
              "sg-062a75fe268ad1eeb"
            ]
          },
          "sensitive_attributes": [],
          "private": "eyJlMmJmYjczMC1lY2FhLTExZTYtOGY4OC0zNDM2M2JjN2M0YzAiOnsiY3JlYXRlIjo2MDAwMDAwMDAwMDAsImRlbGV0ZSI6MTIwMDAwMDAwMDAwMCwidXBkYXRlIjo2MDAwMDAwMDAwMDB9LCJzY2hlbWFfdmVyc2lvbiI6IjEifQ==",
          "dependencies": [
            "aws_key_pair.key_pair",
            "aws_security_group.databases-sg",
            "aws_subnet.ecommerce-project-priv-1",
            "aws_vpc.ecommerce-project",
            "tls_private_key.key"
          ]
        }
      ]
    },
    {
      "mode": "managed",
      "type": "aws_instance",
      "name": "front-app-project",
      "provider": "provider[\"registry.terraform.io/hashicorp/aws\"]",
      "instances": [
        {
          "schema_version": 1,
          "attributes": {
            "ami": "ami-0149b2da6ceec4bb0",
            "arn": "arn:aws:ec2:us-east-1:741692307640:instance/i-0bc54caf619d66949",
            "associate_public_ip_address": true,
            "availability_zone": "us-east-1a",
            "capacity_reservation_specification": [
              {
                "capacity_reservation_preference": "open",
                "capacity_reservation_target": []
              }
            ],
            "cpu_core_count": 1,
            "cpu_threads_per_core": 1,
            "credit_specification": [
              {
                "cpu_credits": "standard"
              }
            ],
            "disable_api_stop": false,
            "disable_api_termination": false,
            "ebs_block_device": [],
            "ebs_optimized": false,
            "enclave_options": [
              {
                "enabled": false
              }
            ],
            "ephemeral_block_device": [],
            "get_password_data": false,
            "hibernation": false,
            "host_id": null,
            "host_resource_group_arn": null,
            "iam_instance_profile": "",
            "id": "i-0bc54caf619d66949",
            "instance_initiated_shutdown_behavior": "stop",
            "instance_state": "running",
            "instance_type": "t2.micro",
            "ipv6_address_count": 0,
            "ipv6_addresses": [],
            "key_name": "ecommerce-key",
            "launch_template": [],
            "maintenance_options": [
              {
                "auto_recovery": "default"
              }
            ],
            "metadata_options": [
              {
                "http_endpoint": "enabled",
                "http_put_response_hop_limit": 1,
                "http_tokens": "optional",
                "instance_metadata_tags": "disabled"
              }
            ],
            "monitoring": false,
            "network_interface": [],
            "outpost_arn": "",
            "password_data": "",
            "placement_group": "",
            "placement_partition_number": null,
            "primary_network_interface_id": "eni-07422f495a6c5e844",
            "private_dns": "ip-10-0-1-151.ec2.internal",
            "private_dns_name_options": [
              {
                "enable_resource_name_dns_a_record": false,
                "enable_resource_name_dns_aaaa_record": false,
                "hostname_type": "ip-name"
              }
            ],
            "private_ip": "10.0.1.151",
            "public_dns": "ec2-54-89-171-193.compute-1.amazonaws.com",
            "public_ip": "54.89.171.193",
            "root_block_device": [
              {
                "delete_on_termination": true,
                "device_name": "/dev/sda1",
                "encrypted": false,
                "iops": 100,
                "kms_key_id": "",
                "tags": {},
                "throughput": 0,
                "volume_id": "vol-0f2f551857050d829",
                "volume_size": 8,
                "volume_type": "gp2"
              }
            ],
            "secondary_private_ips": [],
            "security_groups": [],
            "source_dest_check": true,
            "subnet_id": "subnet-001796c1d2996166e",
            "tags": {
              "Name": "front-app-project",
              "Project": "ecommerce-project"
            },
            "tags_all": {
              "Name": "front-app-project",
              "Project": "ecommerce-project"
            },
            "tenancy": "default",
            "timeouts": null,
            "user_data": null,
            "user_data_base64": null,
            "user_data_replace_on_change": false,
            "volume_tags": null,
            "vpc_security_group_ids": [
              "sg-05c1372afefa42f00"
            ]
          },
          "sensitive_attributes": [],
          "private": "eyJlMmJmYjczMC1lY2FhLTExZTYtOGY4OC0zNDM2M2JjN2M0YzAiOnsiY3JlYXRlIjo2MDAwMDAwMDAwMDAsImRlbGV0ZSI6MTIwMDAwMDAwMDAwMCwidXBkYXRlIjo2MDAwMDAwMDAwMDB9LCJzY2hlbWFfdmVyc2lvbiI6IjEifQ==",
          "dependencies": [
            "aws_key_pair.key_pair",
            "aws_security_group.front-app-sg",
            "aws_subnet.ecommerce-project-pub-1",
            "aws_vpc.ecommerce-project",
            "tls_private_key.key"
          ]
        }
      ]
    },
    {
      "mode": "managed",
      "type": "aws_instance",
      "name": "grafana-project",
      "provider": "provider[\"registry.terraform.io/hashicorp/aws\"]",
      "instances": [
        {
          "schema_version": 1,
          "attributes": {
            "ami": "ami-0149b2da6ceec4bb0",
            "arn": "arn:aws:ec2:us-east-1:741692307640:instance/i-09d32346b6230045b",
            "associate_public_ip_address": true,
            "availability_zone": "us-east-1b",
            "capacity_reservation_specification": [
              {
                "capacity_reservation_preference": "open",
                "capacity_reservation_target": []
              }
            ],
            "cpu_core_count": 1,
            "cpu_threads_per_core": 1,
            "credit_specification": [
              {
                "cpu_credits": "standard"
              }
            ],
            "disable_api_stop": false,
            "disable_api_termination": false,
            "ebs_block_device": [],
            "ebs_optimized": false,
            "enclave_options": [
              {
                "enabled": false
              }
            ],
            "ephemeral_block_device": [],
            "get_password_data": false,
            "hibernation": false,
            "host_id": null,
            "host_resource_group_arn": null,
            "iam_instance_profile": "",
            "id": "i-09d32346b6230045b",
            "instance_initiated_shutdown_behavior": "stop",
            "instance_state": "running",
            "instance_type": "t2.micro",
            "ipv6_address_count": 0,
            "ipv6_addresses": [],
            "key_name": "ecommerce-key",
            "launch_template": [],
            "maintenance_options": [
              {
                "auto_recovery": "default"
              }
            ],
            "metadata_options": [
              {
                "http_endpoint": "enabled",
                "http_put_response_hop_limit": 1,
                "http_tokens": "optional",
                "instance_metadata_tags": "disabled"
              }
            ],
            "monitoring": false,
            "network_interface": [],
            "outpost_arn": "",
            "password_data": "",
            "placement_group": "",
            "placement_partition_number": null,
            "primary_network_interface_id": "eni-0354b7adeddece62f",
            "private_dns": "ip-10-0-2-219.ec2.internal",
            "private_dns_name_options": [
              {
                "enable_resource_name_dns_a_record": false,
                "enable_resource_name_dns_aaaa_record": false,
                "hostname_type": "ip-name"
              }
            ],
            "private_ip": "10.0.2.219",
            "public_dns": "ec2-54-91-243-198.compute-1.amazonaws.com",
            "public_ip": "54.91.243.198",
            "root_block_device": [
              {
                "delete_on_termination": true,
                "device_name": "/dev/sda1",
                "encrypted": false,
                "iops": 100,
                "kms_key_id": "",
                "tags": {},
                "throughput": 0,
                "volume_id": "vol-0dc4196159052e94f",
                "volume_size": 8,
                "volume_type": "gp2"
              }
            ],
            "secondary_private_ips": [],
            "security_groups": [],
            "source_dest_check": true,
            "subnet_id": "subnet-0e0fb01a90ccfca2e",
            "tags": {
              "Name": "grafana-project",
              "Project": "ecommerce-project"
            },
            "tags_all": {
              "Name": "grafana-project",
              "Project": "ecommerce-project"
            },
            "tenancy": "default",
            "timeouts": null,
            "user_data": null,
            "user_data_base64": null,
            "user_data_replace_on_change": false,
            "volume_tags": null,
            "vpc_security_group_ids": [
              "sg-070d9b7ce02907d4e"
            ]
          },
          "sensitive_attributes": [],
          "private": "eyJlMmJmYjczMC1lY2FhLTExZTYtOGY4OC0zNDM2M2JjN2M0YzAiOnsiY3JlYXRlIjo2MDAwMDAwMDAwMDAsImRlbGV0ZSI6MTIwMDAwMDAwMDAwMCwidXBkYXRlIjo2MDAwMDAwMDAwMDB9LCJzY2hlbWFfdmVyc2lvbiI6IjEifQ==",
          "dependencies": [
            "aws_key_pair.key_pair",
            "aws_security_group.grafana-sg",
            "aws_subnet.ecommerce-project-pub-2",
            "aws_vpc.ecommerce-project",
            "tls_private_key.key"
          ]
        }
      ]
    },
    {
      "mode": "managed",
      "type": "aws_internet_gateway",
      "name": "ecommerce-project-IGW",
      "provider": "provider[\"registry.terraform.io/hashicorp/aws\"]",
      "instances": [
        {
          "schema_version": 0,
          "attributes": {
            "arn": "arn:aws:ec2:us-east-1:741692307640:internet-gateway/igw-0301a5691ec07a864",
            "id": "igw-0301a5691ec07a864",
            "owner_id": "741692307640",
            "tags": {
              "Name": "ecommerce-project-IGW"
            },
            "tags_all": {
              "Name": "ecommerce-project-IGW"
            },
            "timeouts": null,
            "vpc_id": "vpc-00e2d6587ebeddcbe"
          },
          "sensitive_attributes": [],
          "private": "eyJlMmJmYjczMC1lY2FhLTExZTYtOGY4OC0zNDM2M2JjN2M0YzAiOnsiY3JlYXRlIjoxMjAwMDAwMDAwMDAwLCJkZWxldGUiOjEyMDAwMDAwMDAwMDAsInVwZGF0ZSI6MTIwMDAwMDAwMDAwMH19",
          "dependencies": [
            "aws_vpc.ecommerce-project"
          ]
        }
      ]
    },
    {
      "mode": "managed",
      "type": "aws_key_pair",
      "name": "key_pair",
      "provider": "provider[\"registry.terraform.io/hashicorp/aws\"]",
      "instances": [
        {
          "schema_version": 1,
          "attributes": {
            "arn": "arn:aws:ec2:us-east-1:741692307640:key-pair/ecommerce-key",
            "fingerprint": "98:14:88:a4:84:64:de:0a:d1:22:aa:56:02:de:3b:cd",
            "id": "ecommerce-key",
            "key_name": "ecommerce-key",
            "key_name_prefix": "",
            "key_pair_id": "key-0a7192a944f6d3bc6",
            "key_type": "rsa",
            "public_key": "ssh-rsa AAAAB3NzaC1yc2EAAAADAQABAAABAQCxU+owGw7F/pqpB2nW8mnkCCE5eNEckou4y3Y81cDG2GpnVDCS/EMyvc5OHA4soYo9bRUhQfG8Qd86gc1Js9IYO2NafiBRYCFfXiIMXK14LFl+jUxv5goSp9DMQiDElr9/seWUu6/4mFEIZHmtQPkr84FvdLHEkC0zTE4L2rlpnYXxwDgaX/jWMRpVUliTQjsnW7HhaMS814pju0RNrP4narURUORe6bvKlnw8D1fkdhtEB7qLjeaN3FKejylyZ7Noce5fM80pqGxaMKoi5ftPrxCs+9pA/5rrTaO1mnxu9KPpYSGckZmpmXBnV8gpTgq1NTjCFQQicVtgM6RuWvOJ",
            "tags": null,
            "tags_all": {}
          },
          "sensitive_attributes": [],
          "private": "eyJzY2hlbWFfdmVyc2lvbiI6IjEifQ==",
          "dependencies": [
            "tls_private_key.key"
          ]
        }
      ]
    },
    {
      "mode": "managed",
      "type": "aws_route_table",
      "name": "ecommerce-project-pub-RT",
      "provider": "provider[\"registry.terraform.io/hashicorp/aws\"]",
      "instances": [
        {
          "schema_version": 0,
          "attributes": {
            "arn": "arn:aws:ec2:us-east-1:741692307640:route-table/rtb-04e137790b28bf9c2",
            "id": "rtb-04e137790b28bf9c2",
            "owner_id": "741692307640",
            "propagating_vgws": [],
            "route": [
              {
                "carrier_gateway_id": "",
                "cidr_block": "0.0.0.0/0",
                "core_network_arn": "",
                "destination_prefix_list_id": "",
                "egress_only_gateway_id": "",
                "gateway_id": "igw-0301a5691ec07a864",
                "instance_id": "",
                "ipv6_cidr_block": "",
                "local_gateway_id": "",
                "nat_gateway_id": "",
                "network_interface_id": "",
                "transit_gateway_id": "",
                "vpc_endpoint_id": "",
                "vpc_peering_connection_id": ""
              }
            ],
            "tags": {
              "Name": "ecommerce-project-pub-RT"
            },
            "tags_all": {
              "Name": "ecommerce-project-pub-RT"
            },
            "timeouts": null,
            "vpc_id": "vpc-00e2d6587ebeddcbe"
          },
          "sensitive_attributes": [],
          "private": "eyJlMmJmYjczMC1lY2FhLTExZTYtOGY4OC0zNDM2M2JjN2M0YzAiOnsiY3JlYXRlIjozMDAwMDAwMDAwMDAsImRlbGV0ZSI6MzAwMDAwMDAwMDAwLCJ1cGRhdGUiOjEyMDAwMDAwMDAwMH19",
          "dependencies": [
            "aws_internet_gateway.ecommerce-project-IGW",
            "aws_vpc.ecommerce-project"
          ]
        }
      ]
    },
    {
      "mode": "managed",
      "type": "aws_route_table_association",
      "name": "ecommerce-project-pub-1-a",
      "provider": "provider[\"registry.terraform.io/hashicorp/aws\"]",
      "instances": [
        {
          "schema_version": 0,
          "attributes": {
            "gateway_id": "",
            "id": "rtbassoc-00eb23499dfb1598d",
            "route_table_id": "rtb-04e137790b28bf9c2",
            "subnet_id": "subnet-001796c1d2996166e"
          },
          "sensitive_attributes": [],
          "private": "bnVsbA==",
          "dependencies": [
            "aws_internet_gateway.ecommerce-project-IGW",
            "aws_route_table.ecommerce-project-pub-RT",
            "aws_subnet.ecommerce-project-pub-1",
            "aws_vpc.ecommerce-project"
          ]
        }
      ]
    },
    {
      "mode": "managed",
      "type": "aws_route_table_association",
      "name": "ecommerce-project-pub-2-a",
      "provider": "provider[\"registry.terraform.io/hashicorp/aws\"]",
      "instances": [
        {
          "schema_version": 0,
          "attributes": {
            "gateway_id": "",
            "id": "rtbassoc-05b89682c60f72be2",
            "route_table_id": "rtb-04e137790b28bf9c2",
            "subnet_id": "subnet-0e0fb01a90ccfca2e"
          },
          "sensitive_attributes": [],
          "private": "bnVsbA==",
          "dependencies": [
            "aws_internet_gateway.ecommerce-project-IGW",
            "aws_route_table.ecommerce-project-pub-RT",
            "aws_subnet.ecommerce-project-pub-2",
            "aws_vpc.ecommerce-project"
          ]
        }
      ]
    },
    {
      "mode": "managed",
      "type": "aws_route_table_association",
      "name": "ecommerce-project-pub-3-a",
      "provider": "provider[\"registry.terraform.io/hashicorp/aws\"]",
      "instances": [
        {
          "schema_version": 0,
          "attributes": {
            "gateway_id": "",
            "id": "rtbassoc-00b6fa7c80660d211",
            "route_table_id": "rtb-04e137790b28bf9c2",
            "subnet_id": "subnet-0389d48095e65cba2"
          },
          "sensitive_attributes": [],
          "private": "bnVsbA==",
          "dependencies": [
            "aws_internet_gateway.ecommerce-project-IGW",
            "aws_route_table.ecommerce-project-pub-RT",
            "aws_subnet.ecommerce-project-pub-3",
            "aws_vpc.ecommerce-project"
          ]
        }
      ]
    },
    {
      "mode": "managed",
      "type": "aws_s3_bucket",
      "name": "ecommerce",
      "provider": "provider[\"registry.terraform.io/hashicorp/aws\"]",
      "instances": [
        {
          "schema_version": 0,
          "attributes": {
            "acceleration_status": "",
            "acl": null,
            "arn": "arn:aws:s3:::ecommerce-as4d4ewf4wsaxasf5ergsax4er62d",
            "bucket": "ecommerce-as4d4ewf4wsaxasf5ergsax4er62d",
            "bucket_domain_name": "ecommerce-as4d4ewf4wsaxasf5ergsax4er62d.s3.amazonaws.com",
            "bucket_prefix": null,
            "bucket_regional_domain_name": "ecommerce-as4d4ewf4wsaxasf5ergsax4er62d.s3.amazonaws.com",
            "cors_rule": [],
            "force_destroy": false,
            "grant": [
              {
                "id": "6f4902175ad691288a57f94a46c5ed0882060aea9ef131f76288af5343d4d689",
                "permissions": [
                  "FULL_CONTROL"
                ],
                "type": "CanonicalUser",
                "uri": ""
              }
            ],
            "hosted_zone_id": "Z3AQBSTGFYJSTF",
            "id": "ecommerce-as4d4ewf4wsaxasf5ergsax4er62d",
            "lifecycle_rule": [],
            "logging": [],
            "object_lock_configuration": [],
            "object_lock_enabled": false,
            "policy": "",
            "region": "us-east-1",
            "replication_configuration": [],
            "request_payer": "BucketOwner",
            "server_side_encryption_configuration": [],
            "tags": null,
            "tags_all": {},
            "timeouts": null,
            "versioning": [
              {
                "enabled": false,
                "mfa_delete": false
              }
            ],
            "website": [],
            "website_domain": null,
            "website_endpoint": null
          },
          "sensitive_attributes": [],
          "private": "eyJlMmJmYjczMC1lY2FhLTExZTYtOGY4OC0zNDM2M2JjN2M0YzAiOnsiY3JlYXRlIjoxMjAwMDAwMDAwMDAwLCJkZWxldGUiOjM2MDAwMDAwMDAwMDAsInJlYWQiOjEyMDAwMDAwMDAwMDAsInVwZGF0ZSI6MTIwMDAwMDAwMDAwMH19"
        }
      ]
    },
    {
      "mode": "managed",
      "type": "aws_s3_bucket_public_access_block",
      "name": "ecommerce",
      "provider": "provider[\"registry.terraform.io/hashicorp/aws\"]",
      "instances": [
        {
          "schema_version": 0,
          "attributes": {
            "block_public_acls": false,
            "block_public_policy": false,
            "bucket": "ecommerce-as4d4ewf4wsaxasf5ergsax4er62d",
            "id": "ecommerce-as4d4ewf4wsaxasf5ergsax4er62d",
            "ignore_public_acls": false,
            "restrict_public_buckets": false
          },
          "sensitive_attributes": [],
          "private": "bnVsbA==",
          "dependencies": [
            "aws_s3_bucket.ecommerce"
          ]
        }
      ]
    },
    {
      "mode": "managed",
      "type": "aws_security_group",
      "name": "ansible-sg",
      "provider": "provider[\"registry.terraform.io/hashicorp/aws\"]",
      "instances": [
        {
          "schema_version": 1,
          "attributes": {
            "arn": "arn:aws:ec2:us-east-1:741692307640:security-group/sg-01001bd48ad5f825a",
            "description": "Group for ansible",
            "egress": [
              {
                "cidr_blocks": [
                  "0.0.0.0/0"
                ],
                "description": "",
                "from_port": 0,
                "ipv6_cidr_blocks": [],
                "prefix_list_ids": [],
                "protocol": "-1",
                "security_groups": [],
                "self": false,
                "to_port": 0
              }
            ],
            "id": "sg-01001bd48ad5f825a",
            "ingress": [
              {
                "cidr_blocks": [
                  "0.0.0.0/0"
                ],
                "description": "SSH Anywhere",
                "from_port": 22,
                "ipv6_cidr_blocks": [],
                "prefix_list_ids": [],
                "protocol": "tcp",
                "security_groups": [],
                "self": false,
                "to_port": 22
              }
            ],
            "name": "ansible-sg",
            "name_prefix": "",
            "owner_id": "741692307640",
            "revoke_rules_on_delete": false,
            "tags": {
              "Name": "ansible-sg"
            },
            "tags_all": {
              "Name": "ansible-sg"
            },
            "timeouts": null,
            "vpc_id": "vpc-00e2d6587ebeddcbe"
          },
          "sensitive_attributes": [],
          "private": "eyJlMmJmYjczMC1lY2FhLTExZTYtOGY4OC0zNDM2M2JjN2M0YzAiOnsiY3JlYXRlIjo2MDAwMDAwMDAwMDAsImRlbGV0ZSI6OTAwMDAwMDAwMDAwfSwic2NoZW1hX3ZlcnNpb24iOiIxIn0=",
          "dependencies": [
            "aws_vpc.ecommerce-project"
          ]
        }
      ]
    },
    {
      "mode": "managed",
      "type": "aws_security_group",
      "name": "databases-sg",
      "provider": "provider[\"registry.terraform.io/hashicorp/aws\"]",
      "instances": [
        {
          "schema_version": 1,
          "attributes": {
            "arn": "arn:aws:ec2:us-east-1:741692307640:security-group/sg-062a75fe268ad1eeb",
            "description": "Group for databases",
            "egress": [
              {
                "cidr_blocks": [
                  "0.0.0.0/0"
                ],
                "description": "",
                "from_port": 0,
                "ipv6_cidr_blocks": [],
                "prefix_list_ids": [],
                "protocol": "-1",
                "security_groups": [],
                "self": false,
                "to_port": 0
              }
            ],
            "id": "sg-062a75fe268ad1eeb",
            "ingress": [
              {
                "cidr_blocks": [
                  "0.0.0.0/0"
                ],
                "description": "SSH Anywhere",
                "from_port": 22,
                "ipv6_cidr_blocks": [],
                "prefix_list_ids": [],
                "protocol": "tcp",
                "security_groups": [],
                "self": false,
                "to_port": 22
              }
            ],
            "name": "databases-sg",
            "name_prefix": "",
            "owner_id": "741692307640",
            "revoke_rules_on_delete": false,
            "tags": {
              "Name": "databases-sg"
            },
            "tags_all": {
              "Name": "databases-sg"
            },
            "timeouts": null,
            "vpc_id": "vpc-00e2d6587ebeddcbe"
          },
          "sensitive_attributes": [],
          "private": "eyJlMmJmYjczMC1lY2FhLTExZTYtOGY4OC0zNDM2M2JjN2M0YzAiOnsiY3JlYXRlIjo2MDAwMDAwMDAwMDAsImRlbGV0ZSI6OTAwMDAwMDAwMDAwfSwic2NoZW1hX3ZlcnNpb24iOiIxIn0=",
          "dependencies": [
            "aws_vpc.ecommerce-project"
          ]
        }
      ]
    },
    {
      "mode": "managed",
      "type": "aws_security_group",
      "name": "front-app-sg",
      "provider": "provider[\"registry.terraform.io/hashicorp/aws\"]",
      "instances": [
        {
          "schema_version": 1,
          "attributes": {
            "arn": "arn:aws:ec2:us-east-1:741692307640:security-group/sg-05c1372afefa42f00",
            "description": "Group for front-app",
            "egress": [
              {
                "cidr_blocks": [
                  "0.0.0.0/0"
                ],
                "description": "",
                "from_port": 0,
                "ipv6_cidr_blocks": [],
                "prefix_list_ids": [],
                "protocol": "-1",
                "security_groups": [],
                "self": false,
                "to_port": 0
              }
            ],
            "id": "sg-05c1372afefa42f00",
            "ingress": [
              {
                "cidr_blocks": [
                  "0.0.0.0/0"
                ],
                "description": "SSH Anywhere",
                "from_port": 22,
                "ipv6_cidr_blocks": [],
                "prefix_list_ids": [],
                "protocol": "tcp",
                "security_groups": [],
                "self": false,
                "to_port": 22
              }
            ],
            "name": "ecommerce-sg",
            "name_prefix": "",
            "owner_id": "741692307640",
            "revoke_rules_on_delete": false,
            "tags": {
              "Name": "app-sg"
            },
            "tags_all": {
              "Name": "app-sg"
            },
            "timeouts": null,
            "vpc_id": "vpc-00e2d6587ebeddcbe"
          },
          "sensitive_attributes": [],
          "private": "eyJlMmJmYjczMC1lY2FhLTExZTYtOGY4OC0zNDM2M2JjN2M0YzAiOnsiY3JlYXRlIjo2MDAwMDAwMDAwMDAsImRlbGV0ZSI6OTAwMDAwMDAwMDAwfSwic2NoZW1hX3ZlcnNpb24iOiIxIn0=",
          "dependencies": [
            "aws_vpc.ecommerce-project"
          ]
        }
      ]
    },
    {
      "mode": "managed",
      "type": "aws_security_group",
      "name": "grafana-sg",
      "provider": "provider[\"registry.terraform.io/hashicorp/aws\"]",
      "instances": [
        {
          "schema_version": 1,
          "attributes": {
            "arn": "arn:aws:ec2:us-east-1:741692307640:security-group/sg-070d9b7ce02907d4e",
            "description": "Group for grafana",
            "egress": [
              {
                "cidr_blocks": [
                  "0.0.0.0/0"
                ],
                "description": "",
                "from_port": 0,
                "ipv6_cidr_blocks": [],
                "prefix_list_ids": [],
                "protocol": "-1",
                "security_groups": [],
                "self": false,
                "to_port": 0
              }
            ],
            "id": "sg-070d9b7ce02907d4e",
            "ingress": [
              {
                "cidr_blocks": [
                  "0.0.0.0/0"
                ],
                "description": "SSH Anywhere",
                "from_port": 22,
                "ipv6_cidr_blocks": [],
                "prefix_list_ids": [],
                "protocol": "tcp",
                "security_groups": [],
                "self": false,
                "to_port": 22
              }
            ],
            "name": "grafana-sg",
            "name_prefix": "",
            "owner_id": "741692307640",
            "revoke_rules_on_delete": false,
            "tags": {
              "Name": "grafana-sg"
            },
            "tags_all": {
              "Name": "grafana-sg"
            },
            "timeouts": null,
            "vpc_id": "vpc-00e2d6587ebeddcbe"
          },
          "sensitive_attributes": [],
          "private": "eyJlMmJmYjczMC1lY2FhLTExZTYtOGY4OC0zNDM2M2JjN2M0YzAiOnsiY3JlYXRlIjo2MDAwMDAwMDAwMDAsImRlbGV0ZSI6OTAwMDAwMDAwMDAwfSwic2NoZW1hX3ZlcnNpb24iOiIxIn0=",
          "dependencies": [
            "aws_vpc.ecommerce-project"
          ]
        }
      ]
    },
    {
      "mode": "managed",
      "type": "aws_subnet",
      "name": "ecommerce-project-priv-1",
      "provider": "provider[\"registry.terraform.io/hashicorp/aws\"]",
      "instances": [
        {
          "schema_version": 1,
          "attributes": {
            "arn": "arn:aws:ec2:us-east-1:741692307640:subnet/subnet-023593f2a5ebec035",
            "assign_ipv6_address_on_creation": false,
            "availability_zone": "us-east-1a",
            "availability_zone_id": "use1-az4",
            "cidr_block": "10.0.4.0/24",
            "customer_owned_ipv4_pool": "",
            "enable_dns64": false,
            "enable_resource_name_dns_a_record_on_launch": false,
            "enable_resource_name_dns_aaaa_record_on_launch": false,
            "id": "subnet-023593f2a5ebec035",
            "ipv6_cidr_block": "",
            "ipv6_cidr_block_association_id": "",
            "ipv6_native": false,
            "map_customer_owned_ip_on_launch": false,
            "map_public_ip_on_launch": true,
            "outpost_arn": "",
            "owner_id": "741692307640",
            "private_dns_hostname_type_on_launch": "ip-name",
            "tags": {
              "Name": "ecommerce-project-priv-1"
            },
            "tags_all": {
              "Name": "ecommerce-project-priv-1"
            },
            "timeouts": null,
            "vpc_id": "vpc-00e2d6587ebeddcbe"
          },
          "sensitive_attributes": [],
          "private": "eyJlMmJmYjczMC1lY2FhLTExZTYtOGY4OC0zNDM2M2JjN2M0YzAiOnsiY3JlYXRlIjo2MDAwMDAwMDAwMDAsImRlbGV0ZSI6MTIwMDAwMDAwMDAwMH0sInNjaGVtYV92ZXJzaW9uIjoiMSJ9",
          "dependencies": [
            "aws_vpc.ecommerce-project"
          ]
        }
      ]
    },
    {
      "mode": "managed",
      "type": "aws_subnet",
      "name": "ecommerce-project-priv-2",
      "provider": "provider[\"registry.terraform.io/hashicorp/aws\"]",
      "instances": [
        {
          "schema_version": 1,
          "attributes": {
            "arn": "arn:aws:ec2:us-east-1:741692307640:subnet/subnet-088c8ea0baa391b7a",
            "assign_ipv6_address_on_creation": false,
            "availability_zone": "us-east-1b",
            "availability_zone_id": "use1-az6",
            "cidr_block": "10.0.5.0/24",
            "customer_owned_ipv4_pool": "",
            "enable_dns64": false,
            "enable_resource_name_dns_a_record_on_launch": false,
            "enable_resource_name_dns_aaaa_record_on_launch": false,
            "id": "subnet-088c8ea0baa391b7a",
            "ipv6_cidr_block": "",
            "ipv6_cidr_block_association_id": "",
            "ipv6_native": false,
            "map_customer_owned_ip_on_launch": false,
            "map_public_ip_on_launch": true,
            "outpost_arn": "",
            "owner_id": "741692307640",
            "private_dns_hostname_type_on_launch": "ip-name",
            "tags": {
              "Name": "ecommerce-project-priv-2"
            },
            "tags_all": {
              "Name": "ecommerce-project-priv-2"
            },
            "timeouts": null,
            "vpc_id": "vpc-00e2d6587ebeddcbe"
          },
          "sensitive_attributes": [],
          "private": "eyJlMmJmYjczMC1lY2FhLTExZTYtOGY4OC0zNDM2M2JjN2M0YzAiOnsiY3JlYXRlIjo2MDAwMDAwMDAwMDAsImRlbGV0ZSI6MTIwMDAwMDAwMDAwMH0sInNjaGVtYV92ZXJzaW9uIjoiMSJ9",
          "dependencies": [
            "aws_vpc.ecommerce-project"
          ]
        }
      ]
    },
    {
      "mode": "managed",
      "type": "aws_subnet",
      "name": "ecommerce-project-priv-3",
      "provider": "provider[\"registry.terraform.io/hashicorp/aws\"]",
      "instances": [
        {
          "schema_version": 1,
          "attributes": {
            "arn": "arn:aws:ec2:us-east-1:741692307640:subnet/subnet-0868cfbe803aed948",
            "assign_ipv6_address_on_creation": false,
            "availability_zone": "us-east-1c",
            "availability_zone_id": "use1-az1",
            "cidr_block": "10.0.6.0/24",
            "customer_owned_ipv4_pool": "",
            "enable_dns64": false,
            "enable_resource_name_dns_a_record_on_launch": false,
            "enable_resource_name_dns_aaaa_record_on_launch": false,
            "id": "subnet-0868cfbe803aed948",
            "ipv6_cidr_block": "",
            "ipv6_cidr_block_association_id": "",
            "ipv6_native": false,
            "map_customer_owned_ip_on_launch": false,
            "map_public_ip_on_launch": true,
            "outpost_arn": "",
            "owner_id": "741692307640",
            "private_dns_hostname_type_on_launch": "ip-name",
            "tags": {
              "Name": "ecommerce-project-priv-3"
            },
            "tags_all": {
              "Name": "ecommerce-project-priv-3"
            },
            "timeouts": null,
            "vpc_id": "vpc-00e2d6587ebeddcbe"
          },
          "sensitive_attributes": [],
          "private": "eyJlMmJmYjczMC1lY2FhLTExZTYtOGY4OC0zNDM2M2JjN2M0YzAiOnsiY3JlYXRlIjo2MDAwMDAwMDAwMDAsImRlbGV0ZSI6MTIwMDAwMDAwMDAwMH0sInNjaGVtYV92ZXJzaW9uIjoiMSJ9",
          "dependencies": [
            "aws_vpc.ecommerce-project"
          ]
        }
      ]
    },
    {
      "mode": "managed",
      "type": "aws_subnet",
      "name": "ecommerce-project-pub-1",
      "provider": "provider[\"registry.terraform.io/hashicorp/aws\"]",
      "instances": [
        {
          "schema_version": 1,
          "attributes": {
            "arn": "arn:aws:ec2:us-east-1:741692307640:subnet/subnet-001796c1d2996166e",
            "assign_ipv6_address_on_creation": false,
            "availability_zone": "us-east-1a",
            "availability_zone_id": "use1-az4",
            "cidr_block": "10.0.1.0/24",
            "customer_owned_ipv4_pool": "",
            "enable_dns64": false,
            "enable_resource_name_dns_a_record_on_launch": false,
            "enable_resource_name_dns_aaaa_record_on_launch": false,
            "id": "subnet-001796c1d2996166e",
            "ipv6_cidr_block": "",
            "ipv6_cidr_block_association_id": "",
            "ipv6_native": false,
            "map_customer_owned_ip_on_launch": false,
            "map_public_ip_on_launch": true,
            "outpost_arn": "",
            "owner_id": "741692307640",
            "private_dns_hostname_type_on_launch": "ip-name",
            "tags": {
              "Name": "ecommerce-project-pub-1"
            },
            "tags_all": {
              "Name": "ecommerce-project-pub-1"
            },
            "timeouts": null,
            "vpc_id": "vpc-00e2d6587ebeddcbe"
          },
          "sensitive_attributes": [],
          "private": "eyJlMmJmYjczMC1lY2FhLTExZTYtOGY4OC0zNDM2M2JjN2M0YzAiOnsiY3JlYXRlIjo2MDAwMDAwMDAwMDAsImRlbGV0ZSI6MTIwMDAwMDAwMDAwMH0sInNjaGVtYV92ZXJzaW9uIjoiMSJ9",
          "dependencies": [
            "aws_vpc.ecommerce-project"
          ]
        }
      ]
    },
    {
      "mode": "managed",
      "type": "aws_subnet",
      "name": "ecommerce-project-pub-2",
      "provider": "provider[\"registry.terraform.io/hashicorp/aws\"]",
      "instances": [
        {
          "schema_version": 1,
          "attributes": {
            "arn": "arn:aws:ec2:us-east-1:741692307640:subnet/subnet-0e0fb01a90ccfca2e",
            "assign_ipv6_address_on_creation": false,
            "availability_zone": "us-east-1b",
            "availability_zone_id": "use1-az6",
            "cidr_block": "10.0.2.0/24",
            "customer_owned_ipv4_pool": "",
            "enable_dns64": false,
            "enable_resource_name_dns_a_record_on_launch": false,
            "enable_resource_name_dns_aaaa_record_on_launch": false,
            "id": "subnet-0e0fb01a90ccfca2e",
            "ipv6_cidr_block": "",
            "ipv6_cidr_block_association_id": "",
            "ipv6_native": false,
            "map_customer_owned_ip_on_launch": false,
            "map_public_ip_on_launch": true,
            "outpost_arn": "",
            "owner_id": "741692307640",
            "private_dns_hostname_type_on_launch": "ip-name",
            "tags": {
              "Name": "ecommerce-project-pub-2"
            },
            "tags_all": {
              "Name": "ecommerce-project-pub-2"
            },
            "timeouts": null,
            "vpc_id": "vpc-00e2d6587ebeddcbe"
          },
          "sensitive_attributes": [],
          "private": "eyJlMmJmYjczMC1lY2FhLTExZTYtOGY4OC0zNDM2M2JjN2M0YzAiOnsiY3JlYXRlIjo2MDAwMDAwMDAwMDAsImRlbGV0ZSI6MTIwMDAwMDAwMDAwMH0sInNjaGVtYV92ZXJzaW9uIjoiMSJ9",
          "dependencies": [
            "aws_vpc.ecommerce-project"
          ]
        }
      ]
    },
    {
      "mode": "managed",
      "type": "aws_subnet",
      "name": "ecommerce-project-pub-3",
      "provider": "provider[\"registry.terraform.io/hashicorp/aws\"]",
      "instances": [
        {
          "schema_version": 1,
          "attributes": {
            "arn": "arn:aws:ec2:us-east-1:741692307640:subnet/subnet-0389d48095e65cba2",
            "assign_ipv6_address_on_creation": false,
            "availability_zone": "us-east-1c",
            "availability_zone_id": "use1-az1",
            "cidr_block": "10.0.3.0/24",
            "customer_owned_ipv4_pool": "",
            "enable_dns64": false,
            "enable_resource_name_dns_a_record_on_launch": false,
            "enable_resource_name_dns_aaaa_record_on_launch": false,
            "id": "subnet-0389d48095e65cba2",
            "ipv6_cidr_block": "",
            "ipv6_cidr_block_association_id": "",
            "ipv6_native": false,
            "map_customer_owned_ip_on_launch": false,
            "map_public_ip_on_launch": true,
            "outpost_arn": "",
            "owner_id": "741692307640",
            "private_dns_hostname_type_on_launch": "ip-name",
            "tags": {
              "Name": "ecommerce-project-pub-3"
            },
            "tags_all": {
              "Name": "ecommerce-project-pub-3"
            },
            "timeouts": null,
            "vpc_id": "vpc-00e2d6587ebeddcbe"
          },
          "sensitive_attributes": [],
          "private": "eyJlMmJmYjczMC1lY2FhLTExZTYtOGY4OC0zNDM2M2JjN2M0YzAiOnsiY3JlYXRlIjo2MDAwMDAwMDAwMDAsImRlbGV0ZSI6MTIwMDAwMDAwMDAwMH0sInNjaGVtYV92ZXJzaW9uIjoiMSJ9",
          "dependencies": [
            "aws_vpc.ecommerce-project"
          ]
        }
      ]
    },
    {
      "mode": "managed",
      "type": "aws_vpc",
      "name": "ecommerce-project",
      "provider": "provider[\"registry.terraform.io/hashicorp/aws\"]",
      "instances": [
        {
          "schema_version": 1,
          "attributes": {
            "arn": "arn:aws:ec2:us-east-1:741692307640:vpc/vpc-00e2d6587ebeddcbe",
            "assign_generated_ipv6_cidr_block": false,
            "cidr_block": "10.0.0.0/16",
            "default_network_acl_id": "acl-0aeb6b63dfbb1fcdd",
            "default_route_table_id": "rtb-053fa041b6dfb79d0",
            "default_security_group_id": "sg-04618afb95a0f25f2",
            "dhcp_options_id": "dopt-016e4d399c8ee8c92",
            "enable_classiclink": false,
            "enable_classiclink_dns_support": false,
            "enable_dns_hostnames": true,
            "enable_dns_support": true,
            "enable_network_address_usage_metrics": false,
            "id": "vpc-00e2d6587ebeddcbe",
            "instance_tenancy": "default",
            "ipv4_ipam_pool_id": null,
            "ipv4_netmask_length": null,
            "ipv6_association_id": "",
            "ipv6_cidr_block": "",
            "ipv6_cidr_block_network_border_group": "",
            "ipv6_ipam_pool_id": "",
            "ipv6_netmask_length": 0,
            "main_route_table_id": "rtb-053fa041b6dfb79d0",
            "owner_id": "741692307640",
            "tags": {
              "Name": "ecommerce"
            },
            "tags_all": {
              "Name": "ecommerce"
            }
          },
          "sensitive_attributes": [],
          "private": "eyJzY2hlbWFfdmVyc2lvbiI6IjEifQ=="
        }
      ]
    },
    {
      "mode": "managed",
      "type": "local_sensitive_file",
      "name": "private_key",
      "provider": "provider[\"registry.terraform.io/hashicorp/local\"]",
      "instances": [
        {
          "schema_version": 0,
          "attributes": {
            "content": "-----BEGIN RSA PRIVATE KEY-----\nMIIEogIBAAKCAQEAsVPqMBsOxf6aqQdp1vJp5AghOXjRHJKLuMt2PNXAxthqZ1Qw\nkvxDMr3OThwOLKGKPW0VIUHxvEHfOoHNSbPSGDtjWn4gUWAhX14iDFyteCxZfo1M\nb+YKEqfQzEIgxJa/f7HllLuv+JhRCGR5rUD5K/OBb3SxxJAtM0xOC9q5aZ2F8cA4\nGl/41jEaVVJYk0I7J1ux4WjEvNeKY7tETaz+J2q1EVDkXum7ypZ8PA9X5HYbRAe6\ni43mjdxSno8pcmezaHHuXzPNKahsWjCqIuX7T68QrPvaQP+a602jtZp8bvSj6WEh\nnJGZqZlwZ1fIKU4KtTU4whUEInFbYDOkblrziQIDAQABAoIBABr8wGlt1MPBSdxr\nqmnyHrd7nULX5ktI6kbHgEkl5t7cVOVA5NuZ1MhGJr2we1/Dffx3O34CQT37cHPB\nCXMsEM9rSmWdSGHaFXokI15qRGRDq6Mc8gMdqW7JZ3eOoNoKbz6J3nzSS6ez1rFG\nSVZayxErUAmcYumdX6Os+zvGn+04sOoDUWGLSvZXbty/l97Dyb1GRFQpY9bJC6fG\nxhypuXjx7ckOV+q3N7HyXxdcVw5B6ER1fStGeEz0EXV/Bs7t6IVlXXaphdpQC/xy\nkE03YZIWThBsQRcid5afHc0rHqUPpQM/9K6Ln4fUPIqA/CZhjEIIb+Z9DZfobDOr\nyrhn6QECgYEAwq7AwTiqyKxi9vxNPo5b4NGr5v482acgUCtlsdxhQ2d7Mw4sXHeg\nkoGkJ7g8mCnPmQiX+dlG+9HgmZvrbEjYQKQMjiCR1eU+29w/SR8USXFvVy5+dxSt\nzL8o6/wM68hgvFE47jP8hs6R/B0Swudq0xox0DYN77Xfj/NTNQ8do9ECgYEA6S3X\nsk2/VtOoU2QlyQF4IIGGerGKEFkyUFLc1q3fniPLZtTjT/lgnDDRczge9+yFlyq1\nRI1tyYlOxQiU8nKW5+BtT4JeFv7bq8nm/YlLVbz875S1geLfanR0RhCxjfoJ3fjY\nLHc0XAUTw8liKUIm6N7o3uXwfa8zLynwIg8KWjkCgYBjcirqSI0Mxuoiqgy3KLcM\nJ259J19j+vgJm7Ft4loYuVJ4aQQGE+GFFQ4KcBUb0TfHP1mKeg/FcJcfQENI5Aj7\nNBFpxH9aWKj8XAxDyMlvHq+2Q/y7zWdeUEOSEAV1p7yqVX8URp/3KKvvsdY0k0vB\nG/9YEVSbHzdc6/mT/+2vEQKBgGXPvVk99yhrHBjlJlZgjNnslBIoSLcgqwZFV+Vo\nX7YFvP72PxYhNZyc+CbNvz/TBvVdEW6QLfqMOFdxis9dVySBalkH/BsgRjv42SGk\ne79A2FOnY6UFsTUjCc255jyuivZfe8vWdIclNF8NJA4Nsz2Ebrs8PMgz4i5aql3E\noWmJAoGAEeZ9m1OsM8R3Whk4wyhxI6YcA3DO4EUrL4qFix0G+DNnhtJ5fFGQsjeV\n1bX/XaglbrCahVSfdjP84SLFMz6B604LW7Ao5RLNx8gZRfDo8DsroN3SWXRThVwB\nFkn72sj6+1rasKJvS9RCHi3yR8zf8tbWcNyQ3+5w86gTt4aAZbU=\n-----END RSA PRIVATE KEY-----\n",
            "content_base64": null,
            "directory_permission": "0700",
            "file_permission": "0400",
            "filename": "ecommerce-key",
            "id": "416abda4e44faf027a5dd6556ba15af1a1bcb686",
            "source": null
          },
          "sensitive_attributes": [
            [
              {
                "type": "get_attr",
                "value": "content"
              }
            ]
          ],
          "private": "bnVsbA==",
          "dependencies": [
            "tls_private_key.key"
          ]
        }
      ]
    },
    {
      "mode": "managed",
      "type": "tls_private_key",
      "name": "key",
      "provider": "provider[\"registry.terraform.io/hashicorp/tls\"]",
      "instances": [
        {
          "schema_version": 1,
          "attributes": {
            "algorithm": "RSA",
            "ecdsa_curve": "P224",
            "id": "0527333c929c99ad3e096c1570c6452d2aed0176",
            "private_key_openssh": "-----BEGIN OPENSSH PRIVATE KEY-----\nb3BlbnNzaC1rZXktdjEAAAAABG5vbmUAAAAEbm9uZQAAAAAAAAABAAABFwAAAAdz\nc2gtcnNhAAAAAwEAAQAAAQEAsVPqMBsOxf6aqQdp1vJp5AghOXjRHJKLuMt2PNXA\nxthqZ1QwkvxDMr3OThwOLKGKPW0VIUHxvEHfOoHNSbPSGDtjWn4gUWAhX14iDFyt\neCxZfo1Mb+YKEqfQzEIgxJa/f7HllLuv+JhRCGR5rUD5K/OBb3SxxJAtM0xOC9q5\naZ2F8cA4Gl/41jEaVVJYk0I7J1ux4WjEvNeKY7tETaz+J2q1EVDkXum7ypZ8PA9X\n5HYbRAe6i43mjdxSno8pcmezaHHuXzPNKahsWjCqIuX7T68QrPvaQP+a602jtZp8\nbvSj6WEhnJGZqZlwZ1fIKU4KtTU4whUEInFbYDOkblrziQAAA7gzydMyM8nTMgAA\nAAdzc2gtcnNhAAABAQCxU+owGw7F/pqpB2nW8mnkCCE5eNEckou4y3Y81cDG2Gpn\nVDCS/EMyvc5OHA4soYo9bRUhQfG8Qd86gc1Js9IYO2NafiBRYCFfXiIMXK14LFl+\njUxv5goSp9DMQiDElr9/seWUu6/4mFEIZHmtQPkr84FvdLHEkC0zTE4L2rlpnYXx\nwDgaX/jWMRpVUliTQjsnW7HhaMS814pju0RNrP4narURUORe6bvKlnw8D1fkdhtE\nB7qLjeaN3FKejylyZ7Noce5fM80pqGxaMKoi5ftPrxCs+9pA/5rrTaO1mnxu9KPp\nYSGckZmpmXBnV8gpTgq1NTjCFQQicVtgM6RuWvOJAAAAAwEAAQAAAQAa/MBpbdTD\nwUnca6pp8h63e51C1+ZLSOpGx4BJJebe3FTlQOTbmdTIRia9sHtfw338dzt+AkE9\n+3BzwQlzLBDPa0plnUhh2hV6JCNeakRkQ6ujHPIDHaluyWd3jqDaCm8+id580kun\ns9axRklWWssRK1AJnGLpnV+jrPs7xp/tOLDqA1Fhi0r2V27cv5few8m9RkRUKWPW\nyQunxsYcqbl48e3JDlfqtzex8l8XXFcOQehEdX0rRnhM9BF1fwbO7eiFZV12qYXa\nUAv8cpBNN2GSFk4QbEEXIneWnx3NKx6lD6UDP/Sui5+H1DyKgPwmYYxCCG/mfQ2X\n6Gwzq8q4Z+kBAAAAgBHmfZtTrDPEd1oZOMMocSOmHANwzuBFKy+KhYsdBvgzZ4bS\neXxRkLI3ldW1/12oJW6wmoVUn3Yz/OEixTM+getOC1uwKOUSzcfIGUXw6PA7K6Dd\n0ll0U4VcARZJ+9rI+vta2rCib0vUQh4t8kfM3/LW1nDckN/ucPOoE7eGgGW1AAAA\ngQDCrsDBOKrIrGL2/E0+jlvg0avm/jzZpyBQK2Wx3GFDZ3szDixcd6CSgaQnuDyY\nKc+ZCJf52Ub70eCZm+tsSNhApAyOIJHV5T7b3D9JHxRJcW9XLn53FK3Mvyjr/Azr\nyGC8UTjuM/yGzpH8HRLC52rTGjHQNg3vtd+P81M1Dx2j0QAAAIEA6S3Xsk2/VtOo\nU2QlyQF4IIGGerGKEFkyUFLc1q3fniPLZtTjT/lgnDDRczge9+yFlyq1RI1tyYlO\nxQiU8nKW5+BtT4JeFv7bq8nm/YlLVbz875S1geLfanR0RhCxjfoJ3fjYLHc0XAUT\nw8liKUIm6N7o3uXwfa8zLynwIg8KWjkAAAAAAQID\n-----END OPENSSH PRIVATE KEY-----\n",
            "private_key_pem": "-----BEGIN RSA PRIVATE KEY-----\nMIIEogIBAAKCAQEAsVPqMBsOxf6aqQdp1vJp5AghOXjRHJKLuMt2PNXAxthqZ1Qw\nkvxDMr3OThwOLKGKPW0VIUHxvEHfOoHNSbPSGDtjWn4gUWAhX14iDFyteCxZfo1M\nb+YKEqfQzEIgxJa/f7HllLuv+JhRCGR5rUD5K/OBb3SxxJAtM0xOC9q5aZ2F8cA4\nGl/41jEaVVJYk0I7J1ux4WjEvNeKY7tETaz+J2q1EVDkXum7ypZ8PA9X5HYbRAe6\ni43mjdxSno8pcmezaHHuXzPNKahsWjCqIuX7T68QrPvaQP+a602jtZp8bvSj6WEh\nnJGZqZlwZ1fIKU4KtTU4whUEInFbYDOkblrziQIDAQABAoIBABr8wGlt1MPBSdxr\nqmnyHrd7nULX5ktI6kbHgEkl5t7cVOVA5NuZ1MhGJr2we1/Dffx3O34CQT37cHPB\nCXMsEM9rSmWdSGHaFXokI15qRGRDq6Mc8gMdqW7JZ3eOoNoKbz6J3nzSS6ez1rFG\nSVZayxErUAmcYumdX6Os+zvGn+04sOoDUWGLSvZXbty/l97Dyb1GRFQpY9bJC6fG\nxhypuXjx7ckOV+q3N7HyXxdcVw5B6ER1fStGeEz0EXV/Bs7t6IVlXXaphdpQC/xy\nkE03YZIWThBsQRcid5afHc0rHqUPpQM/9K6Ln4fUPIqA/CZhjEIIb+Z9DZfobDOr\nyrhn6QECgYEAwq7AwTiqyKxi9vxNPo5b4NGr5v482acgUCtlsdxhQ2d7Mw4sXHeg\nkoGkJ7g8mCnPmQiX+dlG+9HgmZvrbEjYQKQMjiCR1eU+29w/SR8USXFvVy5+dxSt\nzL8o6/wM68hgvFE47jP8hs6R/B0Swudq0xox0DYN77Xfj/NTNQ8do9ECgYEA6S3X\nsk2/VtOoU2QlyQF4IIGGerGKEFkyUFLc1q3fniPLZtTjT/lgnDDRczge9+yFlyq1\nRI1tyYlOxQiU8nKW5+BtT4JeFv7bq8nm/YlLVbz875S1geLfanR0RhCxjfoJ3fjY\nLHc0XAUTw8liKUIm6N7o3uXwfa8zLynwIg8KWjkCgYBjcirqSI0Mxuoiqgy3KLcM\nJ259J19j+vgJm7Ft4loYuVJ4aQQGE+GFFQ4KcBUb0TfHP1mKeg/FcJcfQENI5Aj7\nNBFpxH9aWKj8XAxDyMlvHq+2Q/y7zWdeUEOSEAV1p7yqVX8URp/3KKvvsdY0k0vB\nG/9YEVSbHzdc6/mT/+2vEQKBgGXPvVk99yhrHBjlJlZgjNnslBIoSLcgqwZFV+Vo\nX7YFvP72PxYhNZyc+CbNvz/TBvVdEW6QLfqMOFdxis9dVySBalkH/BsgRjv42SGk\ne79A2FOnY6UFsTUjCc255jyuivZfe8vWdIclNF8NJA4Nsz2Ebrs8PMgz4i5aql3E\noWmJAoGAEeZ9m1OsM8R3Whk4wyhxI6YcA3DO4EUrL4qFix0G+DNnhtJ5fFGQsjeV\n1bX/XaglbrCahVSfdjP84SLFMz6B604LW7Ao5RLNx8gZRfDo8DsroN3SWXRThVwB\nFkn72sj6+1rasKJvS9RCHi3yR8zf8tbWcNyQ3+5w86gTt4aAZbU=\n-----END RSA PRIVATE KEY-----\n",
            "private_key_pem_pkcs8": "-----BEGIN PRIVATE KEY-----\nMIIEvAIBADANBgkqhkiG9w0BAQEFAASCBKYwggSiAgEAAoIBAQCxU+owGw7F/pqp\nB2nW8mnkCCE5eNEckou4y3Y81cDG2GpnVDCS/EMyvc5OHA4soYo9bRUhQfG8Qd86\ngc1Js9IYO2NafiBRYCFfXiIMXK14LFl+jUxv5goSp9DMQiDElr9/seWUu6/4mFEI\nZHmtQPkr84FvdLHEkC0zTE4L2rlpnYXxwDgaX/jWMRpVUliTQjsnW7HhaMS814pj\nu0RNrP4narURUORe6bvKlnw8D1fkdhtEB7qLjeaN3FKejylyZ7Noce5fM80pqGxa\nMKoi5ftPrxCs+9pA/5rrTaO1mnxu9KPpYSGckZmpmXBnV8gpTgq1NTjCFQQicVtg\nM6RuWvOJAgMBAAECggEAGvzAaW3Uw8FJ3GuqafIet3udQtfmS0jqRseASSXm3txU\n5UDk25nUyEYmvbB7X8N9/Hc7fgJBPftwc8EJcywQz2tKZZ1IYdoVeiQjXmpEZEOr\noxzyAx2pbslnd46g2gpvPonefNJLp7PWsUZJVlrLEStQCZxi6Z1fo6z7O8af7Tiw\n6gNRYYtK9ldu3L+X3sPJvUZEVClj1skLp8bGHKm5ePHtyQ5X6rc3sfJfF1xXDkHo\nRHV9K0Z4TPQRdX8Gzu3ohWVddqmF2lAL/HKQTTdhkhZOEGxBFyJ3lp8dzSsepQ+l\nAz/0roufh9Q8ioD8JmGMQghv5n0Nl+hsM6vKuGfpAQKBgQDCrsDBOKrIrGL2/E0+\njlvg0avm/jzZpyBQK2Wx3GFDZ3szDixcd6CSgaQnuDyYKc+ZCJf52Ub70eCZm+ts\nSNhApAyOIJHV5T7b3D9JHxRJcW9XLn53FK3Mvyjr/AzryGC8UTjuM/yGzpH8HRLC\n52rTGjHQNg3vtd+P81M1Dx2j0QKBgQDpLdeyTb9W06hTZCXJAXgggYZ6sYoQWTJQ\nUtzWrd+eI8tm1ONP+WCcMNFzOB737IWXKrVEjW3JiU7FCJTycpbn4G1Pgl4W/tur\nyeb9iUtVvPzvlLWB4t9qdHRGELGN+gnd+NgsdzRcBRPDyWIpQibo3uje5fB9rzMv\nKfAiDwpaOQKBgGNyKupIjQzG6iKqDLcotwwnbn0nX2P6+AmbsW3iWhi5UnhpBAYT\n4YUVDgpwFRvRN8c/WYp6D8Vwlx9AQ0jkCPs0EWnEf1pYqPxcDEPIyW8er7ZD/LvN\nZ15QQ5IQBXWnvKpVfxRGn/coq++x1jSTS8Eb/1gRVJsfN1zr+ZP/7a8RAoGAZc+9\nWT33KGscGOUmVmCM2eyUEihItyCrBkVX5WhftgW8/vY/FiE1nJz4Js2/P9MG9V0R\nbpAt+ow4V3GKz11XJIFqWQf8GyBGO/jZIaR7v0DYU6djpQWxNSMJzbnmPK6K9l97\ny9Z0hyU0Xw0kDg2zPYRuuzw8yDPiLlqqXcShaYkCgYAR5n2bU6wzxHdaGTjDKHEj\nphwDcM7gRSsvioWLHQb4M2eG0nl8UZCyN5XVtf9dqCVusJqFVJ92M/zhIsUzPoHr\nTgtbsCjlEs3HyBlF8OjwOyug3dJZdFOFXAEWSfvayPr7Wtqwom9L1EIeLfJHzN/y\n1tZw3JDf7nDzqBO3hoBltQ==\n-----END PRIVATE KEY-----\n",
            "public_key_fingerprint_md5": "d5:a4:81:de:88:07:1f:9f:f8:dc:55:c2:5a:ba:70:d6",
            "public_key_fingerprint_sha256": "SHA256:+mQ9jiac1GvOS9KdqEtf/BnPAm5uJu0uIB5B7JB2T3U",
            "public_key_openssh": "ssh-rsa AAAAB3NzaC1yc2EAAAADAQABAAABAQCxU+owGw7F/pqpB2nW8mnkCCE5eNEckou4y3Y81cDG2GpnVDCS/EMyvc5OHA4soYo9bRUhQfG8Qd86gc1Js9IYO2NafiBRYCFfXiIMXK14LFl+jUxv5goSp9DMQiDElr9/seWUu6/4mFEIZHmtQPkr84FvdLHEkC0zTE4L2rlpnYXxwDgaX/jWMRpVUliTQjsnW7HhaMS814pju0RNrP4narURUORe6bvKlnw8D1fkdhtEB7qLjeaN3FKejylyZ7Noce5fM80pqGxaMKoi5ftPrxCs+9pA/5rrTaO1mnxu9KPpYSGckZmpmXBnV8gpTgq1NTjCFQQicVtgM6RuWvOJ\n",
            "public_key_pem": "-----BEGIN PUBLIC KEY-----\nMIIBIjANBgkqhkiG9w0BAQEFAAOCAQ8AMIIBCgKCAQEAsVPqMBsOxf6aqQdp1vJp\n5AghOXjRHJKLuMt2PNXAxthqZ1QwkvxDMr3OThwOLKGKPW0VIUHxvEHfOoHNSbPS\nGDtjWn4gUWAhX14iDFyteCxZfo1Mb+YKEqfQzEIgxJa/f7HllLuv+JhRCGR5rUD5\nK/OBb3SxxJAtM0xOC9q5aZ2F8cA4Gl/41jEaVVJYk0I7J1ux4WjEvNeKY7tETaz+\nJ2q1EVDkXum7ypZ8PA9X5HYbRAe6i43mjdxSno8pcmezaHHuXzPNKahsWjCqIuX7\nT68QrPvaQP+a602jtZp8bvSj6WEhnJGZqZlwZ1fIKU4KtTU4whUEInFbYDOkblrz\niQIDAQAB\n-----END PUBLIC KEY-----\n",
            "rsa_bits": 2048
          },
          "sensitive_attributes": []
        }
      ]
    }
  ],
  "check_results": null
}
