{
  "version": 4,
  "terraform_version": "1.3.6",
  "serial": 309,
  "lineage": "4a078638-1215-dcab-a8e9-c92722d3abea",
  "outputs": {
    "PublicIP": {
      "value": [
        "front app: ",
        "54.158.242.128",
        "grafana: ",
        "54.89.167.180",
        "databases: ",
        "34.228.7.123",
        "ansible: ",
        "100.25.218.82"
      ],
      "type": [
        "tuple",
        [
          "string",
          "string",
          "string",
          "string",
          "string",
          "string",
          "string",
          "string"
        ]
      ]
    }
  },
  "resources": [
    {
      "mode": "managed",
      "type": "aws_instance",
      "name": "ansible-project",
      "provider": "provider[\"registry.terraform.io/hashicorp/aws\"]",
      "instances": [
        {
          "schema_version": 1,
          "attributes": {
            "ami": "ami-0149b2da6ceec4bb0",
            "arn": "arn:aws:ec2:us-east-1:741692307640:instance/i-0c5c49a82b8613f04",
            "associate_public_ip_address": true,
            "availability_zone": "us-east-1a",
            "capacity_reservation_specification": [
              {
                "capacity_reservation_preference": "open",
                "capacity_reservation_target": []
              }
            ],
            "cpu_core_count": 1,
            "cpu_threads_per_core": 1,
            "credit_specification": [
              {
                "cpu_credits": "standard"
              }
            ],
            "disable_api_stop": false,
            "disable_api_termination": false,
            "ebs_block_device": [],
            "ebs_optimized": false,
            "enclave_options": [
              {
                "enabled": false
              }
            ],
            "ephemeral_block_device": [],
            "get_password_data": false,
            "hibernation": false,
            "host_id": null,
            "host_resource_group_arn": null,
            "iam_instance_profile": "",
            "id": "i-0c5c49a82b8613f04",
            "instance_initiated_shutdown_behavior": "stop",
            "instance_state": "running",
            "instance_type": "t2.micro",
            "ipv6_address_count": 0,
            "ipv6_addresses": [],
            "key_name": "ecommerce-key",
            "launch_template": [],
            "maintenance_options": [
              {
                "auto_recovery": "default"
              }
            ],
            "metadata_options": [
              {
                "http_endpoint": "enabled",
                "http_put_response_hop_limit": 1,
                "http_tokens": "optional",
                "instance_metadata_tags": "disabled"
              }
            ],
            "monitoring": false,
            "network_interface": [],
            "outpost_arn": "",
            "password_data": "",
            "placement_group": "",
            "placement_partition_number": null,
            "primary_network_interface_id": "eni-042ec8f8e98beb273",
            "private_dns": "ip-10-0-1-213.ec2.internal",
            "private_dns_name_options": [
              {
                "enable_resource_name_dns_a_record": false,
                "enable_resource_name_dns_aaaa_record": false,
                "hostname_type": "ip-name"
              }
            ],
            "private_ip": "10.0.1.213",
            "public_dns": "ec2-100-25-218-82.compute-1.amazonaws.com",
            "public_ip": "100.25.218.82",
            "root_block_device": [
              {
                "delete_on_termination": true,
                "device_name": "/dev/sda1",
                "encrypted": false,
                "iops": 100,
                "kms_key_id": "",
                "tags": {},
                "throughput": 0,
                "volume_id": "vol-0b917c913d4b75cbd",
                "volume_size": 8,
                "volume_type": "gp2"
              }
            ],
            "secondary_private_ips": [],
            "security_groups": [],
            "source_dest_check": true,
            "subnet_id": "subnet-04f81a6c09efa3760",
            "tags": {
              "Name": "ansible-project",
              "Project": "ecommerce-project"
            },
            "tags_all": {
              "Name": "ansible-project",
              "Project": "ecommerce-project"
            },
            "tenancy": "default",
            "timeouts": null,
            "user_data": null,
            "user_data_base64": null,
            "user_data_replace_on_change": false,
            "volume_tags": null,
            "vpc_security_group_ids": [
              "sg-08c3fdd4853403f89"
            ]
          },
          "sensitive_attributes": [],
          "private": "eyJlMmJmYjczMC1lY2FhLTExZTYtOGY4OC0zNDM2M2JjN2M0YzAiOnsiY3JlYXRlIjo2MDAwMDAwMDAwMDAsImRlbGV0ZSI6MTIwMDAwMDAwMDAwMCwidXBkYXRlIjo2MDAwMDAwMDAwMDB9LCJzY2hlbWFfdmVyc2lvbiI6IjEifQ==",
          "dependencies": [
            "aws_key_pair.key_pair",
            "aws_security_group.ansible-sg",
            "aws_subnet.ecommerce-project-pub-1",
            "aws_vpc.ecommerce-project",
            "tls_private_key.key"
          ]
        }
      ]
    },
    {
      "mode": "managed",
      "type": "aws_instance",
      "name": "databases-project",
      "provider": "provider[\"registry.terraform.io/hashicorp/aws\"]",
      "instances": [
        {
          "schema_version": 1,
          "attributes": {
            "ami": "ami-0149b2da6ceec4bb0",
            "arn": "arn:aws:ec2:us-east-1:741692307640:instance/i-085480b0485ac7468",
            "associate_public_ip_address": true,
            "availability_zone": "us-east-1a",
            "capacity_reservation_specification": [
              {
                "capacity_reservation_preference": "open",
                "capacity_reservation_target": []
              }
            ],
            "cpu_core_count": 1,
            "cpu_threads_per_core": 1,
            "credit_specification": [
              {
                "cpu_credits": "standard"
              }
            ],
            "disable_api_stop": false,
            "disable_api_termination": false,
            "ebs_block_device": [],
            "ebs_optimized": false,
            "enclave_options": [
              {
                "enabled": false
              }
            ],
            "ephemeral_block_device": [],
            "get_password_data": false,
            "hibernation": false,
            "host_id": null,
            "host_resource_group_arn": null,
            "iam_instance_profile": "",
            "id": "i-085480b0485ac7468",
            "instance_initiated_shutdown_behavior": "stop",
            "instance_state": "running",
            "instance_type": "t2.micro",
            "ipv6_address_count": 0,
            "ipv6_addresses": [],
            "key_name": "ecommerce-key",
            "launch_template": [],
            "maintenance_options": [
              {
                "auto_recovery": "default"
              }
            ],
            "metadata_options": [
              {
                "http_endpoint": "enabled",
                "http_put_response_hop_limit": 1,
                "http_tokens": "optional",
                "instance_metadata_tags": "disabled"
              }
            ],
            "monitoring": false,
            "network_interface": [],
            "outpost_arn": "",
            "password_data": "",
            "placement_group": "",
            "placement_partition_number": null,
            "primary_network_interface_id": "eni-0d202d7f8d9efc97f",
            "private_dns": "ip-10-0-4-163.ec2.internal",
            "private_dns_name_options": [
              {
                "enable_resource_name_dns_a_record": false,
                "enable_resource_name_dns_aaaa_record": false,
                "hostname_type": "ip-name"
              }
            ],
            "private_ip": "10.0.4.163",
            "public_dns": "ec2-34-228-7-123.compute-1.amazonaws.com",
            "public_ip": "34.228.7.123",
            "root_block_device": [
              {
                "delete_on_termination": true,
                "device_name": "/dev/sda1",
                "encrypted": false,
                "iops": 100,
                "kms_key_id": "",
                "tags": {},
                "throughput": 0,
                "volume_id": "vol-082e0b412aa7b462b",
                "volume_size": 8,
                "volume_type": "gp2"
              }
            ],
            "secondary_private_ips": [],
            "security_groups": [],
            "source_dest_check": true,
            "subnet_id": "subnet-02e557ec306243b58",
            "tags": {
              "Name": "databases-project",
              "Project": "ecommerce-project"
            },
            "tags_all": {
              "Name": "databases-project",
              "Project": "ecommerce-project"
            },
            "tenancy": "default",
            "timeouts": null,
            "user_data": null,
            "user_data_base64": null,
            "user_data_replace_on_change": false,
            "volume_tags": null,
            "vpc_security_group_ids": [
              "sg-0362add00a3537297"
            ]
          },
          "sensitive_attributes": [],
          "private": "eyJlMmJmYjczMC1lY2FhLTExZTYtOGY4OC0zNDM2M2JjN2M0YzAiOnsiY3JlYXRlIjo2MDAwMDAwMDAwMDAsImRlbGV0ZSI6MTIwMDAwMDAwMDAwMCwidXBkYXRlIjo2MDAwMDAwMDAwMDB9LCJzY2hlbWFfdmVyc2lvbiI6IjEifQ==",
          "dependencies": [
            "aws_key_pair.key_pair",
            "aws_security_group.databases-sg",
            "aws_subnet.ecommerce-project-priv-1",
            "aws_vpc.ecommerce-project",
            "tls_private_key.key"
          ]
        }
      ]
    },
    {
      "mode": "managed",
      "type": "aws_instance",
      "name": "front-app-project",
      "provider": "provider[\"registry.terraform.io/hashicorp/aws\"]",
      "instances": [
        {
          "schema_version": 1,
          "attributes": {
            "ami": "ami-0149b2da6ceec4bb0",
            "arn": "arn:aws:ec2:us-east-1:741692307640:instance/i-0e710907b3fc22ce6",
            "associate_public_ip_address": true,
            "availability_zone": "us-east-1a",
            "capacity_reservation_specification": [
              {
                "capacity_reservation_preference": "open",
                "capacity_reservation_target": []
              }
            ],
            "cpu_core_count": 1,
            "cpu_threads_per_core": 1,
            "credit_specification": [
              {
                "cpu_credits": "standard"
              }
            ],
            "disable_api_stop": false,
            "disable_api_termination": false,
            "ebs_block_device": [],
            "ebs_optimized": false,
            "enclave_options": [
              {
                "enabled": false
              }
            ],
            "ephemeral_block_device": [],
            "get_password_data": false,
            "hibernation": false,
            "host_id": null,
            "host_resource_group_arn": null,
            "iam_instance_profile": "",
            "id": "i-0e710907b3fc22ce6",
            "instance_initiated_shutdown_behavior": "stop",
            "instance_state": "running",
            "instance_type": "t2.micro",
            "ipv6_address_count": 0,
            "ipv6_addresses": [],
            "key_name": "ecommerce-key",
            "launch_template": [],
            "maintenance_options": [
              {
                "auto_recovery": "default"
              }
            ],
            "metadata_options": [
              {
                "http_endpoint": "enabled",
                "http_put_response_hop_limit": 1,
                "http_tokens": "optional",
                "instance_metadata_tags": "disabled"
              }
            ],
            "monitoring": false,
            "network_interface": [],
            "outpost_arn": "",
            "password_data": "",
            "placement_group": "",
            "placement_partition_number": null,
            "primary_network_interface_id": "eni-05c6900423852fc08",
            "private_dns": "ip-10-0-1-195.ec2.internal",
            "private_dns_name_options": [
              {
                "enable_resource_name_dns_a_record": false,
                "enable_resource_name_dns_aaaa_record": false,
                "hostname_type": "ip-name"
              }
            ],
            "private_ip": "10.0.1.195",
            "public_dns": "ec2-54-158-242-128.compute-1.amazonaws.com",
            "public_ip": "54.158.242.128",
            "root_block_device": [
              {
                "delete_on_termination": true,
                "device_name": "/dev/sda1",
                "encrypted": false,
                "iops": 100,
                "kms_key_id": "",
                "tags": {},
                "throughput": 0,
                "volume_id": "vol-0bbe688b4113bdb7e",
                "volume_size": 8,
                "volume_type": "gp2"
              }
            ],
            "secondary_private_ips": [],
            "security_groups": [],
            "source_dest_check": true,
            "subnet_id": "subnet-04f81a6c09efa3760",
            "tags": {
              "Name": "front-app-project",
              "Project": "ecommerce-project"
            },
            "tags_all": {
              "Name": "front-app-project",
              "Project": "ecommerce-project"
            },
            "tenancy": "default",
            "timeouts": null,
            "user_data": null,
            "user_data_base64": null,
            "user_data_replace_on_change": false,
            "volume_tags": null,
            "vpc_security_group_ids": [
              "sg-03d48f38deff34fb3"
            ]
          },
          "sensitive_attributes": [],
          "private": "eyJlMmJmYjczMC1lY2FhLTExZTYtOGY4OC0zNDM2M2JjN2M0YzAiOnsiY3JlYXRlIjo2MDAwMDAwMDAwMDAsImRlbGV0ZSI6MTIwMDAwMDAwMDAwMCwidXBkYXRlIjo2MDAwMDAwMDAwMDB9LCJzY2hlbWFfdmVyc2lvbiI6IjEifQ==",
          "dependencies": [
            "aws_key_pair.key_pair",
            "aws_security_group.front-app-sg",
            "aws_subnet.ecommerce-project-pub-1",
            "aws_vpc.ecommerce-project",
            "tls_private_key.key"
          ]
        }
      ]
    },
    {
      "mode": "managed",
      "type": "aws_instance",
      "name": "grafana-project",
      "provider": "provider[\"registry.terraform.io/hashicorp/aws\"]",
      "instances": [
        {
          "schema_version": 1,
          "attributes": {
            "ami": "ami-0149b2da6ceec4bb0",
            "arn": "arn:aws:ec2:us-east-1:741692307640:instance/i-0bbbf5524e5b5f29b",
            "associate_public_ip_address": true,
            "availability_zone": "us-east-1b",
            "capacity_reservation_specification": [
              {
                "capacity_reservation_preference": "open",
                "capacity_reservation_target": []
              }
            ],
            "cpu_core_count": 1,
            "cpu_threads_per_core": 1,
            "credit_specification": [
              {
                "cpu_credits": "standard"
              }
            ],
            "disable_api_stop": false,
            "disable_api_termination": false,
            "ebs_block_device": [],
            "ebs_optimized": false,
            "enclave_options": [
              {
                "enabled": false
              }
            ],
            "ephemeral_block_device": [],
            "get_password_data": false,
            "hibernation": false,
            "host_id": null,
            "host_resource_group_arn": null,
            "iam_instance_profile": "",
            "id": "i-0bbbf5524e5b5f29b",
            "instance_initiated_shutdown_behavior": "stop",
            "instance_state": "running",
            "instance_type": "t2.micro",
            "ipv6_address_count": 0,
            "ipv6_addresses": [],
            "key_name": "ecommerce-key",
            "launch_template": [],
            "maintenance_options": [
              {
                "auto_recovery": "default"
              }
            ],
            "metadata_options": [
              {
                "http_endpoint": "enabled",
                "http_put_response_hop_limit": 1,
                "http_tokens": "optional",
                "instance_metadata_tags": "disabled"
              }
            ],
            "monitoring": false,
            "network_interface": [],
            "outpost_arn": "",
            "password_data": "",
            "placement_group": "",
            "placement_partition_number": null,
            "primary_network_interface_id": "eni-0b09b30664a625103",
            "private_dns": "ip-10-0-2-141.ec2.internal",
            "private_dns_name_options": [
              {
                "enable_resource_name_dns_a_record": false,
                "enable_resource_name_dns_aaaa_record": false,
                "hostname_type": "ip-name"
              }
            ],
            "private_ip": "10.0.2.141",
            "public_dns": "ec2-54-89-167-180.compute-1.amazonaws.com",
            "public_ip": "54.89.167.180",
            "root_block_device": [
              {
                "delete_on_termination": true,
                "device_name": "/dev/sda1",
                "encrypted": false,
                "iops": 100,
                "kms_key_id": "",
                "tags": {},
                "throughput": 0,
                "volume_id": "vol-082187784ecac1467",
                "volume_size": 8,
                "volume_type": "gp2"
              }
            ],
            "secondary_private_ips": [],
            "security_groups": [],
            "source_dest_check": true,
            "subnet_id": "subnet-036e4e85a7c3ba50b",
            "tags": {
              "Name": "grafana-project",
              "Project": "ecommerce-project"
            },
            "tags_all": {
              "Name": "grafana-project",
              "Project": "ecommerce-project"
            },
            "tenancy": "default",
            "timeouts": null,
            "user_data": null,
            "user_data_base64": null,
            "user_data_replace_on_change": false,
            "volume_tags": null,
            "vpc_security_group_ids": [
              "sg-0737ef9e18c4d10de"
            ]
          },
          "sensitive_attributes": [],
          "private": "eyJlMmJmYjczMC1lY2FhLTExZTYtOGY4OC0zNDM2M2JjN2M0YzAiOnsiY3JlYXRlIjo2MDAwMDAwMDAwMDAsImRlbGV0ZSI6MTIwMDAwMDAwMDAwMCwidXBkYXRlIjo2MDAwMDAwMDAwMDB9LCJzY2hlbWFfdmVyc2lvbiI6IjEifQ==",
          "dependencies": [
            "aws_key_pair.key_pair",
            "aws_security_group.grafana-sg",
            "aws_subnet.ecommerce-project-pub-2",
            "aws_vpc.ecommerce-project",
            "tls_private_key.key"
          ]
        }
      ]
    },
    {
      "mode": "managed",
      "type": "aws_internet_gateway",
      "name": "ecommerce-project-IGW",
      "provider": "provider[\"registry.terraform.io/hashicorp/aws\"]",
      "instances": [
        {
          "schema_version": 0,
          "attributes": {
            "arn": "arn:aws:ec2:us-east-1:741692307640:internet-gateway/igw-084ae0e7da6fb5c4a",
            "id": "igw-084ae0e7da6fb5c4a",
            "owner_id": "741692307640",
            "tags": {
              "Name": "ecommerce-project-IGW"
            },
            "tags_all": {
              "Name": "ecommerce-project-IGW"
            },
            "timeouts": null,
            "vpc_id": "vpc-0da821d7c604db170"
          },
          "sensitive_attributes": [],
          "private": "eyJlMmJmYjczMC1lY2FhLTExZTYtOGY4OC0zNDM2M2JjN2M0YzAiOnsiY3JlYXRlIjoxMjAwMDAwMDAwMDAwLCJkZWxldGUiOjEyMDAwMDAwMDAwMDAsInVwZGF0ZSI6MTIwMDAwMDAwMDAwMH19",
          "dependencies": [
            "aws_vpc.ecommerce-project"
          ]
        }
      ]
    },
    {
      "mode": "managed",
      "type": "aws_key_pair",
      "name": "key_pair",
      "provider": "provider[\"registry.terraform.io/hashicorp/aws\"]",
      "instances": [
        {
          "schema_version": 1,
          "attributes": {
            "arn": "arn:aws:ec2:us-east-1:741692307640:key-pair/ecommerce-key",
            "fingerprint": "3c:bf:4b:c0:d3:5a:78:aa:21:eb:8d:97:34:9d:d0:5d",
            "id": "ecommerce-key",
            "key_name": "ecommerce-key",
            "key_name_prefix": "",
            "key_pair_id": "key-0a40a7a178fcb7bd3",
            "key_type": "rsa",
            "public_key": "ssh-rsa AAAAB3NzaC1yc2EAAAADAQABAAABAQCuExKGUOj+qdx+AvVGcY3iQXpDX1c8g7tPl8r3oeWxNNcOeUNKp0CrDAxSSAZbKHoQLkl2PVGH7FsakPaDgMsJ+lrG1pgURfrAIDtLbJ4f0dW7mRy0RG7AYGHi/qqz+RY2mpFq0aFX12lV9YwIIqT6/TXvZTbkGRZcEKEdwXSY6NcXU6qQmlsAUSBIeYzzQPBb+6KpD9VR+x2fTetbr5wb1dvrrL9xhwJxBYmbm3MLnD/Wk81RGVWXKIyQ5OUrK+8kCi2rhJD3fnzVNop4pIhBpkLS82jYcTVPIyrvpZ4ExOxn7CCxMgspoeVlVQyZyj1TlsdCFu4nG5JuUDU4KdXF",
            "tags": null,
            "tags_all": {}
          },
          "sensitive_attributes": [],
          "private": "eyJzY2hlbWFfdmVyc2lvbiI6IjEifQ==",
          "dependencies": [
            "tls_private_key.key"
          ]
        }
      ]
    },
    {
      "mode": "managed",
      "type": "aws_route_table",
      "name": "ecommerce-project-pub-RT",
      "provider": "provider[\"registry.terraform.io/hashicorp/aws\"]",
      "instances": [
        {
          "schema_version": 0,
          "attributes": {
            "arn": "arn:aws:ec2:us-east-1:741692307640:route-table/rtb-07e7e9cc3e7703be8",
            "id": "rtb-07e7e9cc3e7703be8",
            "owner_id": "741692307640",
            "propagating_vgws": [],
            "route": [
              {
                "carrier_gateway_id": "",
                "cidr_block": "0.0.0.0/0",
                "core_network_arn": "",
                "destination_prefix_list_id": "",
                "egress_only_gateway_id": "",
                "gateway_id": "igw-084ae0e7da6fb5c4a",
                "instance_id": "",
                "ipv6_cidr_block": "",
                "local_gateway_id": "",
                "nat_gateway_id": "",
                "network_interface_id": "",
                "transit_gateway_id": "",
                "vpc_endpoint_id": "",
                "vpc_peering_connection_id": ""
              }
            ],
            "tags": {
              "Name": "ecommerce-project-pub-RT"
            },
            "tags_all": {
              "Name": "ecommerce-project-pub-RT"
            },
            "timeouts": null,
            "vpc_id": "vpc-0da821d7c604db170"
          },
          "sensitive_attributes": [],
          "private": "eyJlMmJmYjczMC1lY2FhLTExZTYtOGY4OC0zNDM2M2JjN2M0YzAiOnsiY3JlYXRlIjozMDAwMDAwMDAwMDAsImRlbGV0ZSI6MzAwMDAwMDAwMDAwLCJ1cGRhdGUiOjEyMDAwMDAwMDAwMH19",
          "dependencies": [
            "aws_internet_gateway.ecommerce-project-IGW",
            "aws_vpc.ecommerce-project"
          ]
        }
      ]
    },
    {
      "mode": "managed",
      "type": "aws_route_table_association",
      "name": "ecommerce-project-pub-1-a",
      "provider": "provider[\"registry.terraform.io/hashicorp/aws\"]",
      "instances": [
        {
          "schema_version": 0,
          "attributes": {
            "gateway_id": "",
            "id": "rtbassoc-0978d88e870ef101c",
            "route_table_id": "rtb-07e7e9cc3e7703be8",
            "subnet_id": "subnet-04f81a6c09efa3760"
          },
          "sensitive_attributes": [],
          "private": "bnVsbA==",
          "dependencies": [
            "aws_internet_gateway.ecommerce-project-IGW",
            "aws_route_table.ecommerce-project-pub-RT",
            "aws_subnet.ecommerce-project-pub-1",
            "aws_vpc.ecommerce-project"
          ]
        }
      ]
    },
    {
      "mode": "managed",
      "type": "aws_route_table_association",
      "name": "ecommerce-project-pub-2-a",
      "provider": "provider[\"registry.terraform.io/hashicorp/aws\"]",
      "instances": [
        {
          "schema_version": 0,
          "attributes": {
            "gateway_id": "",
            "id": "rtbassoc-07a5a26dda6d322a2",
            "route_table_id": "rtb-07e7e9cc3e7703be8",
            "subnet_id": "subnet-036e4e85a7c3ba50b"
          },
          "sensitive_attributes": [],
          "private": "bnVsbA==",
          "dependencies": [
            "aws_internet_gateway.ecommerce-project-IGW",
            "aws_route_table.ecommerce-project-pub-RT",
            "aws_subnet.ecommerce-project-pub-2",
            "aws_vpc.ecommerce-project"
          ]
        }
      ]
    },
    {
      "mode": "managed",
      "type": "aws_route_table_association",
      "name": "ecommerce-project-pub-3-a",
      "provider": "provider[\"registry.terraform.io/hashicorp/aws\"]",
      "instances": [
        {
          "schema_version": 0,
          "attributes": {
            "gateway_id": "",
            "id": "rtbassoc-02c464c7ed8d6fac0",
            "route_table_id": "rtb-07e7e9cc3e7703be8",
            "subnet_id": "subnet-0ac4ab2dc4dbfe801"
          },
          "sensitive_attributes": [],
          "private": "bnVsbA==",
          "dependencies": [
            "aws_internet_gateway.ecommerce-project-IGW",
            "aws_route_table.ecommerce-project-pub-RT",
            "aws_subnet.ecommerce-project-pub-3",
            "aws_vpc.ecommerce-project"
          ]
        }
      ]
    },
    {
      "mode": "managed",
      "type": "aws_s3_bucket",
      "name": "ecommerce",
      "provider": "provider[\"registry.terraform.io/hashicorp/aws\"]",
      "instances": [
        {
          "schema_version": 0,
          "attributes": {
            "acceleration_status": "",
            "acl": null,
            "arn": "arn:aws:s3:::ecommerce-as4d4ewf4wsaxasf5ergsax4er62d",
            "bucket": "ecommerce-as4d4ewf4wsaxasf5ergsax4er62d",
            "bucket_domain_name": "ecommerce-as4d4ewf4wsaxasf5ergsax4er62d.s3.amazonaws.com",
            "bucket_prefix": null,
            "bucket_regional_domain_name": "ecommerce-as4d4ewf4wsaxasf5ergsax4er62d.s3.amazonaws.com",
            "cors_rule": [],
            "force_destroy": false,
            "grant": [
              {
                "id": "6f4902175ad691288a57f94a46c5ed0882060aea9ef131f76288af5343d4d689",
                "permissions": [
                  "FULL_CONTROL"
                ],
                "type": "CanonicalUser",
                "uri": ""
              }
            ],
            "hosted_zone_id": "Z3AQBSTGFYJSTF",
            "id": "ecommerce-as4d4ewf4wsaxasf5ergsax4er62d",
            "lifecycle_rule": [],
            "logging": [],
            "object_lock_configuration": [],
            "object_lock_enabled": false,
            "policy": "",
            "region": "us-east-1",
            "replication_configuration": [],
            "request_payer": "BucketOwner",
            "server_side_encryption_configuration": [],
            "tags": null,
            "tags_all": {},
            "timeouts": null,
            "versioning": [
              {
                "enabled": false,
                "mfa_delete": false
              }
            ],
            "website": [],
            "website_domain": null,
            "website_endpoint": null
          },
          "sensitive_attributes": [],
          "private": "eyJlMmJmYjczMC1lY2FhLTExZTYtOGY4OC0zNDM2M2JjN2M0YzAiOnsiY3JlYXRlIjoxMjAwMDAwMDAwMDAwLCJkZWxldGUiOjM2MDAwMDAwMDAwMDAsInJlYWQiOjEyMDAwMDAwMDAwMDAsInVwZGF0ZSI6MTIwMDAwMDAwMDAwMH19"
        }
      ]
    },
    {
      "mode": "managed",
      "type": "aws_s3_bucket_public_access_block",
      "name": "ecommerce",
      "provider": "provider[\"registry.terraform.io/hashicorp/aws\"]",
      "instances": [
        {
          "schema_version": 0,
          "attributes": {
            "block_public_acls": false,
            "block_public_policy": false,
            "bucket": "ecommerce-as4d4ewf4wsaxasf5ergsax4er62d",
            "id": "ecommerce-as4d4ewf4wsaxasf5ergsax4er62d",
            "ignore_public_acls": false,
            "restrict_public_buckets": false
          },
          "sensitive_attributes": [],
          "private": "bnVsbA==",
          "dependencies": [
            "aws_s3_bucket.ecommerce"
          ]
        }
      ]
    },
    {
      "mode": "managed",
      "type": "aws_security_group",
      "name": "ansible-sg",
      "provider": "provider[\"registry.terraform.io/hashicorp/aws\"]",
      "instances": [
        {
          "schema_version": 1,
          "attributes": {
            "arn": "arn:aws:ec2:us-east-1:741692307640:security-group/sg-08c3fdd4853403f89",
            "description": "Group for ansible",
            "egress": [
              {
                "cidr_blocks": [
                  "0.0.0.0/0"
                ],
                "description": "",
                "from_port": 0,
                "ipv6_cidr_blocks": [],
                "prefix_list_ids": [],
                "protocol": "-1",
                "security_groups": [],
                "self": false,
                "to_port": 0
              }
            ],
            "id": "sg-08c3fdd4853403f89",
            "ingress": [
              {
                "cidr_blocks": [
                  "0.0.0.0/0"
                ],
                "description": "SSH Anywhere",
                "from_port": 22,
                "ipv6_cidr_blocks": [],
                "prefix_list_ids": [],
                "protocol": "tcp",
                "security_groups": [],
                "self": false,
                "to_port": 22
              }
            ],
            "name": "ansible-sg",
            "name_prefix": "",
            "owner_id": "741692307640",
            "revoke_rules_on_delete": false,
            "tags": {
              "Name": "ansible-sg"
            },
            "tags_all": {
              "Name": "ansible-sg"
            },
            "timeouts": null,
            "vpc_id": "vpc-0da821d7c604db170"
          },
          "sensitive_attributes": [],
          "private": "eyJlMmJmYjczMC1lY2FhLTExZTYtOGY4OC0zNDM2M2JjN2M0YzAiOnsiY3JlYXRlIjo2MDAwMDAwMDAwMDAsImRlbGV0ZSI6OTAwMDAwMDAwMDAwfSwic2NoZW1hX3ZlcnNpb24iOiIxIn0=",
          "dependencies": [
            "aws_vpc.ecommerce-project"
          ]
        }
      ]
    },
    {
      "mode": "managed",
      "type": "aws_security_group",
      "name": "databases-sg",
      "provider": "provider[\"registry.terraform.io/hashicorp/aws\"]",
      "instances": [
        {
          "schema_version": 1,
          "attributes": {
            "arn": "arn:aws:ec2:us-east-1:741692307640:security-group/sg-0362add00a3537297",
            "description": "Group for databases",
            "egress": [
              {
                "cidr_blocks": [
                  "0.0.0.0/0"
                ],
                "description": "",
                "from_port": 0,
                "ipv6_cidr_blocks": [],
                "prefix_list_ids": [],
                "protocol": "-1",
                "security_groups": [],
                "self": false,
                "to_port": 0
              }
            ],
            "id": "sg-0362add00a3537297",
            "ingress": [
              {
                "cidr_blocks": [
                  "0.0.0.0/0"
                ],
                "description": "SSH Anywhere",
                "from_port": 22,
                "ipv6_cidr_blocks": [],
                "prefix_list_ids": [],
                "protocol": "tcp",
                "security_groups": [],
                "self": false,
                "to_port": 22
              }
            ],
            "name": "databases-sg",
            "name_prefix": "",
            "owner_id": "741692307640",
            "revoke_rules_on_delete": false,
            "tags": {
              "Name": "databases-sg"
            },
            "tags_all": {
              "Name": "databases-sg"
            },
            "timeouts": null,
            "vpc_id": "vpc-0da821d7c604db170"
          },
          "sensitive_attributes": [],
          "private": "eyJlMmJmYjczMC1lY2FhLTExZTYtOGY4OC0zNDM2M2JjN2M0YzAiOnsiY3JlYXRlIjo2MDAwMDAwMDAwMDAsImRlbGV0ZSI6OTAwMDAwMDAwMDAwfSwic2NoZW1hX3ZlcnNpb24iOiIxIn0=",
          "dependencies": [
            "aws_vpc.ecommerce-project"
          ]
        }
      ]
    },
    {
      "mode": "managed",
      "type": "aws_security_group",
      "name": "front-app-sg",
      "provider": "provider[\"registry.terraform.io/hashicorp/aws\"]",
      "instances": [
        {
          "schema_version": 1,
          "attributes": {
            "arn": "arn:aws:ec2:us-east-1:741692307640:security-group/sg-03d48f38deff34fb3",
            "description": "Group for front-app",
            "egress": [
              {
                "cidr_blocks": [
                  "0.0.0.0/0"
                ],
                "description": "",
                "from_port": 0,
                "ipv6_cidr_blocks": [],
                "prefix_list_ids": [],
                "protocol": "-1",
                "security_groups": [],
                "self": false,
                "to_port": 0
              }
            ],
            "id": "sg-03d48f38deff34fb3",
            "ingress": [
              {
                "cidr_blocks": [
                  "0.0.0.0/0"
                ],
                "description": "SSH Anywhere",
                "from_port": 22,
                "ipv6_cidr_blocks": [],
                "prefix_list_ids": [],
                "protocol": "tcp",
                "security_groups": [],
                "self": false,
                "to_port": 22
              }
            ],
            "name": "ecommerce-sg",
            "name_prefix": "",
            "owner_id": "741692307640",
            "revoke_rules_on_delete": false,
            "tags": {
              "Name": "app-sg"
            },
            "tags_all": {
              "Name": "app-sg"
            },
            "timeouts": null,
            "vpc_id": "vpc-0da821d7c604db170"
          },
          "sensitive_attributes": [],
          "private": "eyJlMmJmYjczMC1lY2FhLTExZTYtOGY4OC0zNDM2M2JjN2M0YzAiOnsiY3JlYXRlIjo2MDAwMDAwMDAwMDAsImRlbGV0ZSI6OTAwMDAwMDAwMDAwfSwic2NoZW1hX3ZlcnNpb24iOiIxIn0=",
          "dependencies": [
            "aws_vpc.ecommerce-project"
          ]
        }
      ]
    },
    {
      "mode": "managed",
      "type": "aws_security_group",
      "name": "grafana-sg",
      "provider": "provider[\"registry.terraform.io/hashicorp/aws\"]",
      "instances": [
        {
          "schema_version": 1,
          "attributes": {
            "arn": "arn:aws:ec2:us-east-1:741692307640:security-group/sg-0737ef9e18c4d10de",
            "description": "Group for grafana",
            "egress": [
              {
                "cidr_blocks": [
                  "0.0.0.0/0"
                ],
                "description": "",
                "from_port": 0,
                "ipv6_cidr_blocks": [],
                "prefix_list_ids": [],
                "protocol": "-1",
                "security_groups": [],
                "self": false,
                "to_port": 0
              }
            ],
            "id": "sg-0737ef9e18c4d10de",
            "ingress": [
              {
                "cidr_blocks": [
                  "0.0.0.0/0"
                ],
                "description": "SSH Anywhere",
                "from_port": 22,
                "ipv6_cidr_blocks": [],
                "prefix_list_ids": [],
                "protocol": "tcp",
                "security_groups": [],
                "self": false,
                "to_port": 22
              }
            ],
            "name": "grafana-sg",
            "name_prefix": "",
            "owner_id": "741692307640",
            "revoke_rules_on_delete": false,
            "tags": {
              "Name": "grafana-sg"
            },
            "tags_all": {
              "Name": "grafana-sg"
            },
            "timeouts": null,
            "vpc_id": "vpc-0da821d7c604db170"
          },
          "sensitive_attributes": [],
          "private": "eyJlMmJmYjczMC1lY2FhLTExZTYtOGY4OC0zNDM2M2JjN2M0YzAiOnsiY3JlYXRlIjo2MDAwMDAwMDAwMDAsImRlbGV0ZSI6OTAwMDAwMDAwMDAwfSwic2NoZW1hX3ZlcnNpb24iOiIxIn0=",
          "dependencies": [
            "aws_vpc.ecommerce-project"
          ]
        }
      ]
    },
    {
      "mode": "managed",
      "type": "aws_subnet",
      "name": "ecommerce-project-priv-1",
      "provider": "provider[\"registry.terraform.io/hashicorp/aws\"]",
      "instances": [
        {
          "schema_version": 1,
          "attributes": {
            "arn": "arn:aws:ec2:us-east-1:741692307640:subnet/subnet-02e557ec306243b58",
            "assign_ipv6_address_on_creation": false,
            "availability_zone": "us-east-1a",
            "availability_zone_id": "use1-az4",
            "cidr_block": "10.0.4.0/24",
            "customer_owned_ipv4_pool": "",
            "enable_dns64": false,
            "enable_resource_name_dns_a_record_on_launch": false,
            "enable_resource_name_dns_aaaa_record_on_launch": false,
            "id": "subnet-02e557ec306243b58",
            "ipv6_cidr_block": "",
            "ipv6_cidr_block_association_id": "",
            "ipv6_native": false,
            "map_customer_owned_ip_on_launch": false,
            "map_public_ip_on_launch": true,
            "outpost_arn": "",
            "owner_id": "741692307640",
            "private_dns_hostname_type_on_launch": "ip-name",
            "tags": {
              "Name": "ecommerce-project-priv-1"
            },
            "tags_all": {
              "Name": "ecommerce-project-priv-1"
            },
            "timeouts": null,
            "vpc_id": "vpc-0da821d7c604db170"
          },
          "sensitive_attributes": [],
          "private": "eyJlMmJmYjczMC1lY2FhLTExZTYtOGY4OC0zNDM2M2JjN2M0YzAiOnsiY3JlYXRlIjo2MDAwMDAwMDAwMDAsImRlbGV0ZSI6MTIwMDAwMDAwMDAwMH0sInNjaGVtYV92ZXJzaW9uIjoiMSJ9",
          "dependencies": [
            "aws_vpc.ecommerce-project"
          ]
        }
      ]
    },
    {
      "mode": "managed",
      "type": "aws_subnet",
      "name": "ecommerce-project-priv-2",
      "provider": "provider[\"registry.terraform.io/hashicorp/aws\"]",
      "instances": [
        {
          "schema_version": 1,
          "attributes": {
            "arn": "arn:aws:ec2:us-east-1:741692307640:subnet/subnet-027b2cac893ce7388",
            "assign_ipv6_address_on_creation": false,
            "availability_zone": "us-east-1b",
            "availability_zone_id": "use1-az6",
            "cidr_block": "10.0.5.0/24",
            "customer_owned_ipv4_pool": "",
            "enable_dns64": false,
            "enable_resource_name_dns_a_record_on_launch": false,
            "enable_resource_name_dns_aaaa_record_on_launch": false,
            "id": "subnet-027b2cac893ce7388",
            "ipv6_cidr_block": "",
            "ipv6_cidr_block_association_id": "",
            "ipv6_native": false,
            "map_customer_owned_ip_on_launch": false,
            "map_public_ip_on_launch": true,
            "outpost_arn": "",
            "owner_id": "741692307640",
            "private_dns_hostname_type_on_launch": "ip-name",
            "tags": {
              "Name": "ecommerce-project-priv-2"
            },
            "tags_all": {
              "Name": "ecommerce-project-priv-2"
            },
            "timeouts": null,
            "vpc_id": "vpc-0da821d7c604db170"
          },
          "sensitive_attributes": [],
          "private": "eyJlMmJmYjczMC1lY2FhLTExZTYtOGY4OC0zNDM2M2JjN2M0YzAiOnsiY3JlYXRlIjo2MDAwMDAwMDAwMDAsImRlbGV0ZSI6MTIwMDAwMDAwMDAwMH0sInNjaGVtYV92ZXJzaW9uIjoiMSJ9",
          "dependencies": [
            "aws_vpc.ecommerce-project"
          ]
        }
      ]
    },
    {
      "mode": "managed",
      "type": "aws_subnet",
      "name": "ecommerce-project-priv-3",
      "provider": "provider[\"registry.terraform.io/hashicorp/aws\"]",
      "instances": [
        {
          "schema_version": 1,
          "attributes": {
            "arn": "arn:aws:ec2:us-east-1:741692307640:subnet/subnet-03d8457c6910e48a8",
            "assign_ipv6_address_on_creation": false,
            "availability_zone": "us-east-1c",
            "availability_zone_id": "use1-az1",
            "cidr_block": "10.0.6.0/24",
            "customer_owned_ipv4_pool": "",
            "enable_dns64": false,
            "enable_resource_name_dns_a_record_on_launch": false,
            "enable_resource_name_dns_aaaa_record_on_launch": false,
            "id": "subnet-03d8457c6910e48a8",
            "ipv6_cidr_block": "",
            "ipv6_cidr_block_association_id": "",
            "ipv6_native": false,
            "map_customer_owned_ip_on_launch": false,
            "map_public_ip_on_launch": true,
            "outpost_arn": "",
            "owner_id": "741692307640",
            "private_dns_hostname_type_on_launch": "ip-name",
            "tags": {
              "Name": "ecommerce-project-priv-3"
            },
            "tags_all": {
              "Name": "ecommerce-project-priv-3"
            },
            "timeouts": null,
            "vpc_id": "vpc-0da821d7c604db170"
          },
          "sensitive_attributes": [],
          "private": "eyJlMmJmYjczMC1lY2FhLTExZTYtOGY4OC0zNDM2M2JjN2M0YzAiOnsiY3JlYXRlIjo2MDAwMDAwMDAwMDAsImRlbGV0ZSI6MTIwMDAwMDAwMDAwMH0sInNjaGVtYV92ZXJzaW9uIjoiMSJ9",
          "dependencies": [
            "aws_vpc.ecommerce-project"
          ]
        }
      ]
    },
    {
      "mode": "managed",
      "type": "aws_subnet",
      "name": "ecommerce-project-pub-1",
      "provider": "provider[\"registry.terraform.io/hashicorp/aws\"]",
      "instances": [
        {
          "schema_version": 1,
          "attributes": {
            "arn": "arn:aws:ec2:us-east-1:741692307640:subnet/subnet-04f81a6c09efa3760",
            "assign_ipv6_address_on_creation": false,
            "availability_zone": "us-east-1a",
            "availability_zone_id": "use1-az4",
            "cidr_block": "10.0.1.0/24",
            "customer_owned_ipv4_pool": "",
            "enable_dns64": false,
            "enable_resource_name_dns_a_record_on_launch": false,
            "enable_resource_name_dns_aaaa_record_on_launch": false,
            "id": "subnet-04f81a6c09efa3760",
            "ipv6_cidr_block": "",
            "ipv6_cidr_block_association_id": "",
            "ipv6_native": false,
            "map_customer_owned_ip_on_launch": false,
            "map_public_ip_on_launch": true,
            "outpost_arn": "",
            "owner_id": "741692307640",
            "private_dns_hostname_type_on_launch": "ip-name",
            "tags": {
              "Name": "ecommerce-project-pub-1"
            },
            "tags_all": {
              "Name": "ecommerce-project-pub-1"
            },
            "timeouts": null,
            "vpc_id": "vpc-0da821d7c604db170"
          },
          "sensitive_attributes": [],
          "private": "eyJlMmJmYjczMC1lY2FhLTExZTYtOGY4OC0zNDM2M2JjN2M0YzAiOnsiY3JlYXRlIjo2MDAwMDAwMDAwMDAsImRlbGV0ZSI6MTIwMDAwMDAwMDAwMH0sInNjaGVtYV92ZXJzaW9uIjoiMSJ9",
          "dependencies": [
            "aws_vpc.ecommerce-project"
          ]
        }
      ]
    },
    {
      "mode": "managed",
      "type": "aws_subnet",
      "name": "ecommerce-project-pub-2",
      "provider": "provider[\"registry.terraform.io/hashicorp/aws\"]",
      "instances": [
        {
          "schema_version": 1,
          "attributes": {
            "arn": "arn:aws:ec2:us-east-1:741692307640:subnet/subnet-036e4e85a7c3ba50b",
            "assign_ipv6_address_on_creation": false,
            "availability_zone": "us-east-1b",
            "availability_zone_id": "use1-az6",
            "cidr_block": "10.0.2.0/24",
            "customer_owned_ipv4_pool": "",
            "enable_dns64": false,
            "enable_resource_name_dns_a_record_on_launch": false,
            "enable_resource_name_dns_aaaa_record_on_launch": false,
            "id": "subnet-036e4e85a7c3ba50b",
            "ipv6_cidr_block": "",
            "ipv6_cidr_block_association_id": "",
            "ipv6_native": false,
            "map_customer_owned_ip_on_launch": false,
            "map_public_ip_on_launch": true,
            "outpost_arn": "",
            "owner_id": "741692307640",
            "private_dns_hostname_type_on_launch": "ip-name",
            "tags": {
              "Name": "ecommerce-project-pub-2"
            },
            "tags_all": {
              "Name": "ecommerce-project-pub-2"
            },
            "timeouts": null,
            "vpc_id": "vpc-0da821d7c604db170"
          },
          "sensitive_attributes": [],
          "private": "eyJlMmJmYjczMC1lY2FhLTExZTYtOGY4OC0zNDM2M2JjN2M0YzAiOnsiY3JlYXRlIjo2MDAwMDAwMDAwMDAsImRlbGV0ZSI6MTIwMDAwMDAwMDAwMH0sInNjaGVtYV92ZXJzaW9uIjoiMSJ9",
          "dependencies": [
            "aws_vpc.ecommerce-project"
          ]
        }
      ]
    },
    {
      "mode": "managed",
      "type": "aws_subnet",
      "name": "ecommerce-project-pub-3",
      "provider": "provider[\"registry.terraform.io/hashicorp/aws\"]",
      "instances": [
        {
          "schema_version": 1,
          "attributes": {
            "arn": "arn:aws:ec2:us-east-1:741692307640:subnet/subnet-0ac4ab2dc4dbfe801",
            "assign_ipv6_address_on_creation": false,
            "availability_zone": "us-east-1c",
            "availability_zone_id": "use1-az1",
            "cidr_block": "10.0.3.0/24",
            "customer_owned_ipv4_pool": "",
            "enable_dns64": false,
            "enable_resource_name_dns_a_record_on_launch": false,
            "enable_resource_name_dns_aaaa_record_on_launch": false,
            "id": "subnet-0ac4ab2dc4dbfe801",
            "ipv6_cidr_block": "",
            "ipv6_cidr_block_association_id": "",
            "ipv6_native": false,
            "map_customer_owned_ip_on_launch": false,
            "map_public_ip_on_launch": true,
            "outpost_arn": "",
            "owner_id": "741692307640",
            "private_dns_hostname_type_on_launch": "ip-name",
            "tags": {
              "Name": "ecommerce-project-pub-3"
            },
            "tags_all": {
              "Name": "ecommerce-project-pub-3"
            },
            "timeouts": null,
            "vpc_id": "vpc-0da821d7c604db170"
          },
          "sensitive_attributes": [],
          "private": "eyJlMmJmYjczMC1lY2FhLTExZTYtOGY4OC0zNDM2M2JjN2M0YzAiOnsiY3JlYXRlIjo2MDAwMDAwMDAwMDAsImRlbGV0ZSI6MTIwMDAwMDAwMDAwMH0sInNjaGVtYV92ZXJzaW9uIjoiMSJ9",
          "dependencies": [
            "aws_vpc.ecommerce-project"
          ]
        }
      ]
    },
    {
      "mode": "managed",
      "type": "aws_vpc",
      "name": "ecommerce-project",
      "provider": "provider[\"registry.terraform.io/hashicorp/aws\"]",
      "instances": [
        {
          "schema_version": 1,
          "attributes": {
            "arn": "arn:aws:ec2:us-east-1:741692307640:vpc/vpc-0da821d7c604db170",
            "assign_generated_ipv6_cidr_block": false,
            "cidr_block": "10.0.0.0/16",
            "default_network_acl_id": "acl-005ee14ca3cf1a75e",
            "default_route_table_id": "rtb-06075cf1d00f9d382",
            "default_security_group_id": "sg-062ea5d88fff23190",
            "dhcp_options_id": "dopt-0d691ac4961398954",
            "enable_classiclink": false,
            "enable_classiclink_dns_support": false,
            "enable_dns_hostnames": true,
            "enable_dns_support": true,
            "enable_network_address_usage_metrics": false,
            "id": "vpc-0da821d7c604db170",
            "instance_tenancy": "default",
            "ipv4_ipam_pool_id": null,
            "ipv4_netmask_length": null,
            "ipv6_association_id": "",
            "ipv6_cidr_block": "",
            "ipv6_cidr_block_network_border_group": "",
            "ipv6_ipam_pool_id": "",
            "ipv6_netmask_length": 0,
            "main_route_table_id": "rtb-06075cf1d00f9d382",
            "owner_id": "741692307640",
            "tags": {
              "Name": "ecommerce"
            },
            "tags_all": {
              "Name": "ecommerce"
            }
          },
          "sensitive_attributes": [],
          "private": "eyJzY2hlbWFfdmVyc2lvbiI6IjEifQ=="
        }
      ]
    },
    {
      "mode": "managed",
      "type": "local_sensitive_file",
      "name": "private_key",
      "provider": "provider[\"registry.terraform.io/hashicorp/local\"]",
      "instances": [
        {
          "schema_version": 0,
          "attributes": {
            "content": "-----BEGIN RSA PRIVATE KEY-----\nMIIEpAIBAAKCAQEArhMShlDo/qncfgL1RnGN4kF6Q19XPIO7T5fK96HlsTTXDnlD\nSqdAqwwMUkgGWyh6EC5Jdj1Rh+xbGpD2g4DLCfpaxtaYFEX6wCA7S2yeH9HVu5kc\ntERuwGBh4v6qs/kWNpqRatGhV9dpVfWMCCKk+v0172U25BkWXBChHcF0mOjXF1Oq\nkJpbAFEgSHmM80DwW/uiqQ/VUfsdn03rW6+cG9Xb66y/cYcCcQWJm5tzC5w/1pPN\nURlVlyiMkOTlKyvvJAotq4SQ93581TaKeKSIQaZC0vNo2HE1TyMq76WeBMTsZ+wg\nsTILKaHlZVUMmco9U5bHQhbuJxuSblA1OCnVxQIDAQABAoIBAQCth63L4BSk6kg4\nBlLkqoa6qnNrfjvEw72SlstrGSWVBgvtDc2bOigpW5Vc4RgU/8DPKJVrHa2NRn17\nek+EwHunsr+TwJFShIB3zqnNgrYPGmtq3DPVMPMHLA3o797UEtemD2gviFLC8qa7\nXlD+OyskWg/OWqPht3Cmzp0OwK+vTagQWBPkuj4eQTJ2XBBYMEcanwbRP1WlkT3U\nZB0VQ5m8QAYvw0ema+DQLJ3GlrUOTF9bZD9OUPlJHyUatMGY0NSzSZ3uOTkyO6hv\ngj+pTkx3m7U7Rdw5qY2avEJakb0+OWIhsuHxLeqQ46uJiZgjX/TeDyZgwKOm1tzp\nSy0baXxxAoGBAMMuU9m6jeE1OBNps4UXUxgkbTHSEr6RN137YjFG7HuvLN38OfKv\nVubkf/jIMsbIct3D2F/BtsoRa/qiQiKAdRasGd00+5WcNa4VClJE8uWV+xC1T0m4\ncS+xOYlwOO0bu41eDYdVIZAr+jV5ETjuS2fbTwLagNCE/VNghrUmLK7/AoGBAORR\nEpuSzMAqrebE2tm+7h0jlGQkmMftDCXvzkEe/pjQvv0G8A0nzY3HfyG/sHnV+PHR\ng9qTsbL/GNk9m9TXoDTpfHrwiw2WWwaZgrn3i760Gb1doARbJWAdvaFYeY9aVQb4\nm9SDI8Kb65GW4qiQLPf9xiCpM2KNj1luppnb8387AoGAcp2A5em0KVzMKjI3Fl/F\nDvdNHCWFllzGS600U0WX12XeDhlwmf+3I21pbNl7X9oUAgBgzpJ92ZlzdEHWXlZa\n685yfcEAQDH0H98BKaCNlp6FSaF/BwaFiQEkjX3WH/7aG0Dw5tjqFbSNgNswbuMY\nasuRUVaosEp4TH7xe+0H7lcCgYEAhOuWE7BxN2chevocFyyK37f5ChwsPiiJLATi\nZRMwUbMlnZVOZ7pGd0Yvg2xfx26E0fOR+cyGZZkR1FeDw3QNNwC/kas8qRphwAPb\nEX1GhC3B1ncNU7vklIJ8BdTGYGjMm5Rc1GnMhd3UVRwstMnLBE1f7V/UJIoZbI14\nvJZKukUCgYBAXRQGCTLcyoJzGzn/NwEr9Ay+qU5VBEEwQes+k+IcAm/eP+/4WLsb\nAzSMx5vnxdFYTVoot+nZa7adg2xtruanMSDxHiXIUU9t4GRTafmSboDboXQJZt6E\nU7algyA5gs6bLo07EuKrobEaeT7Dzy9i6ZJwiw001tnnEr14zl6vZg==\n-----END RSA PRIVATE KEY-----\n",
            "content_base64": null,
            "directory_permission": "0700",
            "file_permission": "0400",
            "filename": "ecommerce-key",
            "id": "39c53d9cdb1751c8889ef0a5dc03b03aec908f5d",
            "source": null
          },
          "sensitive_attributes": [
            [
              {
                "type": "get_attr",
                "value": "content"
              }
            ]
          ],
          "private": "bnVsbA==",
          "dependencies": [
            "tls_private_key.key"
          ]
        }
      ]
    },
    {
      "mode": "managed",
      "type": "tls_private_key",
      "name": "key",
      "provider": "provider[\"registry.terraform.io/hashicorp/tls\"]",
      "instances": [
        {
          "schema_version": 1,
          "attributes": {
            "algorithm": "RSA",
            "ecdsa_curve": "P224",
            "id": "b8f11c0ae7f6ee57ffc228e055a9f388e5361cd7",
            "private_key_openssh": "-----BEGIN OPENSSH PRIVATE KEY-----\nb3BlbnNzaC1rZXktdjEAAAAABG5vbmUAAAAEbm9uZQAAAAAAAAABAAABFwAAAAdz\nc2gtcnNhAAAAAwEAAQAAAQEArhMShlDo/qncfgL1RnGN4kF6Q19XPIO7T5fK96Hl\nsTTXDnlDSqdAqwwMUkgGWyh6EC5Jdj1Rh+xbGpD2g4DLCfpaxtaYFEX6wCA7S2ye\nH9HVu5kctERuwGBh4v6qs/kWNpqRatGhV9dpVfWMCCKk+v0172U25BkWXBChHcF0\nmOjXF1OqkJpbAFEgSHmM80DwW/uiqQ/VUfsdn03rW6+cG9Xb66y/cYcCcQWJm5tz\nC5w/1pPNURlVlyiMkOTlKyvvJAotq4SQ93581TaKeKSIQaZC0vNo2HE1TyMq76We\nBMTsZ+wgsTILKaHlZVUMmco9U5bHQhbuJxuSblA1OCnVxQAAA7jPBd2DzwXdgwAA\nAAdzc2gtcnNhAAABAQCuExKGUOj+qdx+AvVGcY3iQXpDX1c8g7tPl8r3oeWxNNcO\neUNKp0CrDAxSSAZbKHoQLkl2PVGH7FsakPaDgMsJ+lrG1pgURfrAIDtLbJ4f0dW7\nmRy0RG7AYGHi/qqz+RY2mpFq0aFX12lV9YwIIqT6/TXvZTbkGRZcEKEdwXSY6NcX\nU6qQmlsAUSBIeYzzQPBb+6KpD9VR+x2fTetbr5wb1dvrrL9xhwJxBYmbm3MLnD/W\nk81RGVWXKIyQ5OUrK+8kCi2rhJD3fnzVNop4pIhBpkLS82jYcTVPIyrvpZ4ExOxn\n7CCxMgspoeVlVQyZyj1TlsdCFu4nG5JuUDU4KdXFAAAAAwEAAQAAAQEArYety+AU\npOpIOAZS5KqGuqpza347xMO9kpbLaxkllQYL7Q3NmzooKVuVXOEYFP/AzyiVax2t\njUZ9e3pPhMB7p7K/k8CRUoSAd86pzYK2Dxpratwz1TDzBywN6O/e1BLXpg9oL4hS\nwvKmu15Q/jsrJFoPzlqj4bdwps6dDsCvr02oEFgT5Lo+HkEydlwQWDBHGp8G0T9V\npZE91GQdFUOZvEAGL8NHpmvg0Cydxpa1DkxfW2Q/TlD5SR8lGrTBmNDUs0md7jk5\nMjuob4I/qU5Md5u1O0XcOamNmrxCWpG9PjliIbLh8S3qkOOriYmYI1/03g8mYMCj\nptbc6UstG2l8cQAAAIBAXRQGCTLcyoJzGzn/NwEr9Ay+qU5VBEEwQes+k+IcAm/e\nP+/4WLsbAzSMx5vnxdFYTVoot+nZa7adg2xtruanMSDxHiXIUU9t4GRTafmSboDb\noXQJZt6EU7algyA5gs6bLo07EuKrobEaeT7Dzy9i6ZJwiw001tnnEr14zl6vZgAA\nAIEAwy5T2bqN4TU4E2mzhRdTGCRtMdISvpE3XftiMUbse68s3fw58q9W5uR/+Mgy\nxshy3cPYX8G2yhFr+qJCIoB1FqwZ3TT7lZw1rhUKUkTy5ZX7ELVPSbhxL7E5iXA4\n7Ru7jV4Nh1UhkCv6NXkROO5LZ9tPAtqA0IT9U2CGtSYsrv8AAACBAORREpuSzMAq\nrebE2tm+7h0jlGQkmMftDCXvzkEe/pjQvv0G8A0nzY3HfyG/sHnV+PHRg9qTsbL/\nGNk9m9TXoDTpfHrwiw2WWwaZgrn3i760Gb1doARbJWAdvaFYeY9aVQb4m9SDI8Kb\n65GW4qiQLPf9xiCpM2KNj1luppnb8387AAAAAAEC\n-----END OPENSSH PRIVATE KEY-----\n",
            "private_key_pem": "-----BEGIN RSA PRIVATE KEY-----\nMIIEpAIBAAKCAQEArhMShlDo/qncfgL1RnGN4kF6Q19XPIO7T5fK96HlsTTXDnlD\nSqdAqwwMUkgGWyh6EC5Jdj1Rh+xbGpD2g4DLCfpaxtaYFEX6wCA7S2yeH9HVu5kc\ntERuwGBh4v6qs/kWNpqRatGhV9dpVfWMCCKk+v0172U25BkWXBChHcF0mOjXF1Oq\nkJpbAFEgSHmM80DwW/uiqQ/VUfsdn03rW6+cG9Xb66y/cYcCcQWJm5tzC5w/1pPN\nURlVlyiMkOTlKyvvJAotq4SQ93581TaKeKSIQaZC0vNo2HE1TyMq76WeBMTsZ+wg\nsTILKaHlZVUMmco9U5bHQhbuJxuSblA1OCnVxQIDAQABAoIBAQCth63L4BSk6kg4\nBlLkqoa6qnNrfjvEw72SlstrGSWVBgvtDc2bOigpW5Vc4RgU/8DPKJVrHa2NRn17\nek+EwHunsr+TwJFShIB3zqnNgrYPGmtq3DPVMPMHLA3o797UEtemD2gviFLC8qa7\nXlD+OyskWg/OWqPht3Cmzp0OwK+vTagQWBPkuj4eQTJ2XBBYMEcanwbRP1WlkT3U\nZB0VQ5m8QAYvw0ema+DQLJ3GlrUOTF9bZD9OUPlJHyUatMGY0NSzSZ3uOTkyO6hv\ngj+pTkx3m7U7Rdw5qY2avEJakb0+OWIhsuHxLeqQ46uJiZgjX/TeDyZgwKOm1tzp\nSy0baXxxAoGBAMMuU9m6jeE1OBNps4UXUxgkbTHSEr6RN137YjFG7HuvLN38OfKv\nVubkf/jIMsbIct3D2F/BtsoRa/qiQiKAdRasGd00+5WcNa4VClJE8uWV+xC1T0m4\ncS+xOYlwOO0bu41eDYdVIZAr+jV5ETjuS2fbTwLagNCE/VNghrUmLK7/AoGBAORR\nEpuSzMAqrebE2tm+7h0jlGQkmMftDCXvzkEe/pjQvv0G8A0nzY3HfyG/sHnV+PHR\ng9qTsbL/GNk9m9TXoDTpfHrwiw2WWwaZgrn3i760Gb1doARbJWAdvaFYeY9aVQb4\nm9SDI8Kb65GW4qiQLPf9xiCpM2KNj1luppnb8387AoGAcp2A5em0KVzMKjI3Fl/F\nDvdNHCWFllzGS600U0WX12XeDhlwmf+3I21pbNl7X9oUAgBgzpJ92ZlzdEHWXlZa\n685yfcEAQDH0H98BKaCNlp6FSaF/BwaFiQEkjX3WH/7aG0Dw5tjqFbSNgNswbuMY\nasuRUVaosEp4TH7xe+0H7lcCgYEAhOuWE7BxN2chevocFyyK37f5ChwsPiiJLATi\nZRMwUbMlnZVOZ7pGd0Yvg2xfx26E0fOR+cyGZZkR1FeDw3QNNwC/kas8qRphwAPb\nEX1GhC3B1ncNU7vklIJ8BdTGYGjMm5Rc1GnMhd3UVRwstMnLBE1f7V/UJIoZbI14\nvJZKukUCgYBAXRQGCTLcyoJzGzn/NwEr9Ay+qU5VBEEwQes+k+IcAm/eP+/4WLsb\nAzSMx5vnxdFYTVoot+nZa7adg2xtruanMSDxHiXIUU9t4GRTafmSboDboXQJZt6E\nU7algyA5gs6bLo07EuKrobEaeT7Dzy9i6ZJwiw001tnnEr14zl6vZg==\n-----END RSA PRIVATE KEY-----\n",
            "private_key_pem_pkcs8": "-----BEGIN PRIVATE KEY-----\nMIIEvgIBADANBgkqhkiG9w0BAQEFAASCBKgwggSkAgEAAoIBAQCuExKGUOj+qdx+\nAvVGcY3iQXpDX1c8g7tPl8r3oeWxNNcOeUNKp0CrDAxSSAZbKHoQLkl2PVGH7Fsa\nkPaDgMsJ+lrG1pgURfrAIDtLbJ4f0dW7mRy0RG7AYGHi/qqz+RY2mpFq0aFX12lV\n9YwIIqT6/TXvZTbkGRZcEKEdwXSY6NcXU6qQmlsAUSBIeYzzQPBb+6KpD9VR+x2f\nTetbr5wb1dvrrL9xhwJxBYmbm3MLnD/Wk81RGVWXKIyQ5OUrK+8kCi2rhJD3fnzV\nNop4pIhBpkLS82jYcTVPIyrvpZ4ExOxn7CCxMgspoeVlVQyZyj1TlsdCFu4nG5Ju\nUDU4KdXFAgMBAAECggEBAK2HrcvgFKTqSDgGUuSqhrqqc2t+O8TDvZKWy2sZJZUG\nC+0NzZs6KClblVzhGBT/wM8olWsdrY1GfXt6T4TAe6eyv5PAkVKEgHfOqc2Ctg8a\na2rcM9Uw8wcsDejv3tQS16YPaC+IUsLyprteUP47KyRaD85ao+G3cKbOnQ7Ar69N\nqBBYE+S6Ph5BMnZcEFgwRxqfBtE/VaWRPdRkHRVDmbxABi/DR6Zr4NAsncaWtQ5M\nX1tkP05Q+UkfJRq0wZjQ1LNJne45OTI7qG+CP6lOTHebtTtF3DmpjZq8QlqRvT45\nYiGy4fEt6pDjq4mJmCNf9N4PJmDAo6bW3OlLLRtpfHECgYEAwy5T2bqN4TU4E2mz\nhRdTGCRtMdISvpE3XftiMUbse68s3fw58q9W5uR/+Mgyxshy3cPYX8G2yhFr+qJC\nIoB1FqwZ3TT7lZw1rhUKUkTy5ZX7ELVPSbhxL7E5iXA47Ru7jV4Nh1UhkCv6NXkR\nOO5LZ9tPAtqA0IT9U2CGtSYsrv8CgYEA5FESm5LMwCqt5sTa2b7uHSOUZCSYx+0M\nJe/OQR7+mNC+/QbwDSfNjcd/Ib+wedX48dGD2pOxsv8Y2T2b1NegNOl8evCLDZZb\nBpmCufeLvrQZvV2gBFslYB29oVh5j1pVBvib1IMjwpvrkZbiqJAs9/3GIKkzYo2P\nWW6mmdvzfzsCgYBynYDl6bQpXMwqMjcWX8UO900cJYWWXMZLrTRTRZfXZd4OGXCZ\n/7cjbWls2Xtf2hQCAGDOkn3ZmXN0QdZeVlrrznJ9wQBAMfQf3wEpoI2WnoVJoX8H\nBoWJASSNfdYf/tobQPDm2OoVtI2A2zBu4xhqy5FRVqiwSnhMfvF77QfuVwKBgQCE\n65YTsHE3ZyF6+hwXLIrft/kKHCw+KIksBOJlEzBRsyWdlU5nukZ3Ri+DbF/HboTR\n85H5zIZlmRHUV4PDdA03AL+RqzypGmHAA9sRfUaELcHWdw1Tu+SUgnwF1MZgaMyb\nlFzUacyF3dRVHCy0ycsETV/tX9QkihlsjXi8lkq6RQKBgEBdFAYJMtzKgnMbOf83\nASv0DL6pTlUEQTBB6z6T4hwCb94/7/hYuxsDNIzHm+fF0VhNWii36dlrtp2DbG2u\n5qcxIPEeJchRT23gZFNp+ZJugNuhdAlm3oRTtqWDIDmCzpsujTsS4quhsRp5PsPP\nL2LpknCLDTTW2ecSvXjOXq9m\n-----END PRIVATE KEY-----\n",
            "public_key_fingerprint_md5": "15:fd:72:0b:7c:d9:1c:e8:8f:cf:98:fa:74:59:3d:02",
            "public_key_fingerprint_sha256": "SHA256:8yLXE4BT4M9o+eq0927ivEv0+yiQ0MmDg3zZCApuB5g",
            "public_key_openssh": "ssh-rsa AAAAB3NzaC1yc2EAAAADAQABAAABAQCuExKGUOj+qdx+AvVGcY3iQXpDX1c8g7tPl8r3oeWxNNcOeUNKp0CrDAxSSAZbKHoQLkl2PVGH7FsakPaDgMsJ+lrG1pgURfrAIDtLbJ4f0dW7mRy0RG7AYGHi/qqz+RY2mpFq0aFX12lV9YwIIqT6/TXvZTbkGRZcEKEdwXSY6NcXU6qQmlsAUSBIeYzzQPBb+6KpD9VR+x2fTetbr5wb1dvrrL9xhwJxBYmbm3MLnD/Wk81RGVWXKIyQ5OUrK+8kCi2rhJD3fnzVNop4pIhBpkLS82jYcTVPIyrvpZ4ExOxn7CCxMgspoeVlVQyZyj1TlsdCFu4nG5JuUDU4KdXF\n",
            "public_key_pem": "-----BEGIN PUBLIC KEY-----\nMIIBIjANBgkqhkiG9w0BAQEFAAOCAQ8AMIIBCgKCAQEArhMShlDo/qncfgL1RnGN\n4kF6Q19XPIO7T5fK96HlsTTXDnlDSqdAqwwMUkgGWyh6EC5Jdj1Rh+xbGpD2g4DL\nCfpaxtaYFEX6wCA7S2yeH9HVu5kctERuwGBh4v6qs/kWNpqRatGhV9dpVfWMCCKk\n+v0172U25BkWXBChHcF0mOjXF1OqkJpbAFEgSHmM80DwW/uiqQ/VUfsdn03rW6+c\nG9Xb66y/cYcCcQWJm5tzC5w/1pPNURlVlyiMkOTlKyvvJAotq4SQ93581TaKeKSI\nQaZC0vNo2HE1TyMq76WeBMTsZ+wgsTILKaHlZVUMmco9U5bHQhbuJxuSblA1OCnV\nxQIDAQAB\n-----END PUBLIC KEY-----\n",
            "rsa_bits": 2048
          },
          "sensitive_attributes": []
        }
      ]
    }
  ],
  "check_results": null
}
