{
  "version": 4,
  "terraform_version": "1.3.7",
  "serial": 87,
  "lineage": "8803836d-1c79-9dce-7c4d-71e8e12037a0",
  "outputs": {
    "AWS-ID": {
      "value": "741692307640",
      "type": "string"
    },
    "AWS-Region": {
      "value": "us-east-1",
      "type": "string"
    },
    "Ansible-Public-IP": {
      "value": "54.162.139.78",
      "type": "string"
    },
    "Bucket-name": {
      "value": "ecommerce-2404c29f-b900-ff04-6b75-f1e49fa6e2b6.s3.amazonaws.com",
      "type": "string"
    },
    "Databases-Public-IP": {
      "value": "54.221.81.138",
      "type": "string"
    },
    "Front-App-HS-Public-IP": {
      "value": "54.82.36.205",
      "type": "string"
    },
    "Front-App-Public-IP": {
      "value": "3.80.125.212",
      "type": "string"
    },
    "Grafana-Public-IP": {
      "value": "50.17.146.116",
      "type": "string"
    },
    "Nginx-Public-IP": {
      "value": "54.226.90.159",
      "type": "string"
    }
  },
  "resources": [
    {
      "mode": "data",
      "type": "aws_caller_identity",
      "name": "current",
      "provider": "provider[\"registry.terraform.io/hashicorp/aws\"]",
      "instances": [
        {
          "schema_version": 0,
          "attributes": {
            "account_id": "741692307640",
            "arn": "arn:aws:sts::741692307640:assumed-role/voclabs/user2194326=Ruan",
            "id": "741692307640",
            "user_id": "AROA2ZMCOPC4BBWB3ZCT7:user2194326=Ruan"
          },
          "sensitive_attributes": []
        }
      ]
    },
    {
      "mode": "data",
      "type": "aws_region",
      "name": "current",
      "provider": "provider[\"registry.terraform.io/hashicorp/aws\"]",
      "instances": [
        {
          "schema_version": 0,
          "attributes": {
            "description": "US East (N. Virginia)",
            "endpoint": "ec2.us-east-1.amazonaws.com",
            "id": "us-east-1",
            "name": "us-east-1"
          },
          "sensitive_attributes": []
        }
      ]
    },
    {
      "mode": "managed",
      "type": "aws_ecr_repository",
      "name": "backend",
      "provider": "provider[\"registry.terraform.io/hashicorp/aws\"]",
      "instances": [
        {
          "schema_version": 0,
          "attributes": {
            "arn": "arn:aws:ecr:us-east-1:741692307640:repository/backend",
            "encryption_configuration": [
              {
                "encryption_type": "AES256",
                "kms_key": ""
              }
            ],
            "force_delete": true,
            "id": "backend",
            "image_scanning_configuration": [
              {
                "scan_on_push": true
              }
            ],
            "image_tag_mutability": "MUTABLE",
            "name": "backend",
            "registry_id": "741692307640",
            "repository_url": "741692307640.dkr.ecr.us-east-1.amazonaws.com/backend",
            "tags": {},
            "tags_all": {},
            "timeouts": null
          },
          "sensitive_attributes": [],
          "private": "eyJlMmJmYjczMC1lY2FhLTExZTYtOGY4OC0zNDM2M2JjN2M0YzAiOnsiZGVsZXRlIjoxMjAwMDAwMDAwMDAwfX0="
        }
      ]
    },
    {
      "mode": "managed",
      "type": "aws_ecr_repository",
      "name": "frontend",
      "provider": "provider[\"registry.terraform.io/hashicorp/aws\"]",
      "instances": [
        {
          "schema_version": 0,
          "attributes": {
            "arn": "arn:aws:ecr:us-east-1:741692307640:repository/frontend",
            "encryption_configuration": [
              {
                "encryption_type": "AES256",
                "kms_key": ""
              }
            ],
            "force_delete": true,
            "id": "frontend",
            "image_scanning_configuration": [
              {
                "scan_on_push": true
              }
            ],
            "image_tag_mutability": "MUTABLE",
            "name": "frontend",
            "registry_id": "741692307640",
            "repository_url": "741692307640.dkr.ecr.us-east-1.amazonaws.com/frontend",
            "tags": {},
            "tags_all": {},
            "timeouts": null
          },
          "sensitive_attributes": [],
          "private": "eyJlMmJmYjczMC1lY2FhLTExZTYtOGY4OC0zNDM2M2JjN2M0YzAiOnsiZGVsZXRlIjoxMjAwMDAwMDAwMDAwfX0="
        }
      ]
    },
    {
      "mode": "managed",
      "type": "aws_ecr_repository",
      "name": "mongo",
      "provider": "provider[\"registry.terraform.io/hashicorp/aws\"]",
      "instances": [
        {
          "schema_version": 0,
          "attributes": {
            "arn": "arn:aws:ecr:us-east-1:741692307640:repository/mongo",
            "encryption_configuration": [
              {
                "encryption_type": "AES256",
                "kms_key": ""
              }
            ],
            "force_delete": true,
            "id": "mongo",
            "image_scanning_configuration": [
              {
                "scan_on_push": true
              }
            ],
            "image_tag_mutability": "MUTABLE",
            "name": "mongo",
            "registry_id": "741692307640",
            "repository_url": "741692307640.dkr.ecr.us-east-1.amazonaws.com/mongo",
            "tags": {},
            "tags_all": {},
            "timeouts": null
          },
          "sensitive_attributes": [],
          "private": "eyJlMmJmYjczMC1lY2FhLTExZTYtOGY4OC0zNDM2M2JjN2M0YzAiOnsiZGVsZXRlIjoxMjAwMDAwMDAwMDAwfX0="
        }
      ]
    },
    {
      "mode": "managed",
      "type": "aws_ecr_repository",
      "name": "monitoring",
      "provider": "provider[\"registry.terraform.io/hashicorp/aws\"]",
      "instances": [
        {
          "schema_version": 0,
          "attributes": {
            "arn": "arn:aws:ecr:us-east-1:741692307640:repository/monitoring",
            "encryption_configuration": [
              {
                "encryption_type": "AES256",
                "kms_key": ""
              }
            ],
            "force_delete": true,
            "id": "monitoring",
            "image_scanning_configuration": [
              {
                "scan_on_push": true
              }
            ],
            "image_tag_mutability": "MUTABLE",
            "name": "monitoring",
            "registry_id": "741692307640",
            "repository_url": "741692307640.dkr.ecr.us-east-1.amazonaws.com/monitoring",
            "tags": {},
            "tags_all": {},
            "timeouts": null
          },
          "sensitive_attributes": [],
          "private": "eyJlMmJmYjczMC1lY2FhLTExZTYtOGY4OC0zNDM2M2JjN2M0YzAiOnsiZGVsZXRlIjoxMjAwMDAwMDAwMDAwfX0="
        }
      ]
    },
    {
      "mode": "managed",
      "type": "aws_ecr_repository",
      "name": "nginx",
      "provider": "provider[\"registry.terraform.io/hashicorp/aws\"]",
      "instances": [
        {
          "schema_version": 0,
          "attributes": {
            "arn": "arn:aws:ecr:us-east-1:741692307640:repository/nginx",
            "encryption_configuration": [
              {
                "encryption_type": "AES256",
                "kms_key": ""
              }
            ],
            "force_delete": true,
            "id": "nginx",
            "image_scanning_configuration": [
              {
                "scan_on_push": true
              }
            ],
            "image_tag_mutability": "MUTABLE",
            "name": "nginx",
            "registry_id": "741692307640",
            "repository_url": "741692307640.dkr.ecr.us-east-1.amazonaws.com/nginx",
            "tags": {},
            "tags_all": {},
            "timeouts": null
          },
          "sensitive_attributes": [],
          "private": "eyJlMmJmYjczMC1lY2FhLTExZTYtOGY4OC0zNDM2M2JjN2M0YzAiOnsiZGVsZXRlIjoxMjAwMDAwMDAwMDAwfX0="
        }
      ]
    },
    {
      "mode": "managed",
      "type": "aws_ecr_repository",
      "name": "postgres",
      "provider": "provider[\"registry.terraform.io/hashicorp/aws\"]",
      "instances": [
        {
          "schema_version": 0,
          "attributes": {
            "arn": "arn:aws:ecr:us-east-1:741692307640:repository/postgres",
            "encryption_configuration": [
              {
                "encryption_type": "AES256",
                "kms_key": ""
              }
            ],
            "force_delete": true,
            "id": "postgres",
            "image_scanning_configuration": [
              {
                "scan_on_push": true
              }
            ],
            "image_tag_mutability": "MUTABLE",
            "name": "postgres",
            "registry_id": "741692307640",
            "repository_url": "741692307640.dkr.ecr.us-east-1.amazonaws.com/postgres",
            "tags": {},
            "tags_all": {},
            "timeouts": null
          },
          "sensitive_attributes": [],
          "private": "eyJlMmJmYjczMC1lY2FhLTExZTYtOGY4OC0zNDM2M2JjN2M0YzAiOnsiZGVsZXRlIjoxMjAwMDAwMDAwMDAwfX0="
        }
      ]
    },
    {
      "mode": "managed",
      "type": "aws_instance",
      "name": "ansible-project",
      "provider": "provider[\"registry.terraform.io/hashicorp/aws\"]",
      "instances": [
        {
          "schema_version": 1,
          "attributes": {
            "ami": "ami-0149b2da6ceec4bb0",
            "arn": "arn:aws:ec2:us-east-1:741692307640:instance/i-05fb9dbb23753759a",
            "associate_public_ip_address": true,
            "availability_zone": "us-east-1a",
            "capacity_reservation_specification": [
              {
                "capacity_reservation_preference": "open",
                "capacity_reservation_target": []
              }
            ],
            "cpu_core_count": 1,
            "cpu_threads_per_core": 1,
            "credit_specification": [
              {
                "cpu_credits": "standard"
              }
            ],
            "disable_api_stop": false,
            "disable_api_termination": false,
            "ebs_block_device": [],
            "ebs_optimized": false,
            "enclave_options": [
              {
                "enabled": false
              }
            ],
            "ephemeral_block_device": [],
            "get_password_data": false,
            "hibernation": false,
            "host_id": "",
            "host_resource_group_arn": null,
            "iam_instance_profile": "",
            "id": "i-05fb9dbb23753759a",
            "instance_initiated_shutdown_behavior": "stop",
            "instance_state": "running",
            "instance_type": "t2.micro",
            "ipv6_address_count": 0,
            "ipv6_addresses": [],
            "key_name": "ecommerce-key",
            "launch_template": [],
            "maintenance_options": [
              {
                "auto_recovery": "default"
              }
            ],
            "metadata_options": [
              {
                "http_endpoint": "enabled",
                "http_put_response_hop_limit": 1,
                "http_tokens": "optional",
                "instance_metadata_tags": "disabled"
              }
            ],
            "monitoring": false,
            "network_interface": [],
            "outpost_arn": "",
            "password_data": "",
            "placement_group": "",
            "placement_partition_number": 0,
            "primary_network_interface_id": "eni-0016f9d828f519fc3",
            "private_dns": "ip-10-0-1-143.ec2.internal",
            "private_dns_name_options": [
              {
                "enable_resource_name_dns_a_record": false,
                "enable_resource_name_dns_aaaa_record": false,
                "hostname_type": "ip-name"
              }
            ],
            "private_ip": "10.0.1.143",
            "public_dns": "ec2-54-162-139-78.compute-1.amazonaws.com",
            "public_ip": "54.162.139.78",
            "root_block_device": [
              {
                "delete_on_termination": true,
                "device_name": "/dev/sda1",
                "encrypted": false,
                "iops": 100,
                "kms_key_id": "",
                "tags": {},
                "throughput": 0,
                "volume_id": "vol-00993771ddb2c85ac",
                "volume_size": 8,
                "volume_type": "gp2"
              }
            ],
            "secondary_private_ips": [],
            "security_groups": [],
            "source_dest_check": true,
            "subnet_id": "subnet-02b4b850e73879709",
            "tags": {
              "Name": "ansible-project",
              "Project": "ecommerce-project"
            },
            "tags_all": {
              "Name": "ansible-project",
              "Project": "ecommerce-project"
            },
            "tenancy": "default",
            "timeouts": null,
            "user_data": null,
            "user_data_base64": null,
            "user_data_replace_on_change": false,
            "volume_tags": null,
            "vpc_security_group_ids": [
              "sg-07070a2e6499912fa"
            ]
          },
          "sensitive_attributes": [],
          "private": "eyJlMmJmYjczMC1lY2FhLTExZTYtOGY4OC0zNDM2M2JjN2M0YzAiOnsiY3JlYXRlIjo2MDAwMDAwMDAwMDAsImRlbGV0ZSI6MTIwMDAwMDAwMDAwMCwidXBkYXRlIjo2MDAwMDAwMDAwMDB9LCJzY2hlbWFfdmVyc2lvbiI6IjEifQ==",
          "dependencies": [
            "aws_instance.grafana-project",
            "aws_key_pair.key_pair",
            "aws_security_group.ansible-sg",
            "aws_security_group.grafana-sg",
            "aws_subnet.ecommerce-project-pub-1",
            "aws_subnet.ecommerce-project-pub-2",
            "aws_vpc.ecommerce-project",
            "tls_private_key.key"
          ]
        }
      ]
    },
    {
      "mode": "managed",
      "type": "aws_instance",
      "name": "databases-project",
      "provider": "provider[\"registry.terraform.io/hashicorp/aws\"]",
      "instances": [
        {
          "schema_version": 1,
          "attributes": {
            "ami": "ami-0149b2da6ceec4bb0",
            "arn": "arn:aws:ec2:us-east-1:741692307640:instance/i-07933b566daa953f3",
            "associate_public_ip_address": true,
            "availability_zone": "us-east-1a",
            "capacity_reservation_specification": [
              {
                "capacity_reservation_preference": "open",
                "capacity_reservation_target": []
              }
            ],
            "cpu_core_count": 1,
            "cpu_threads_per_core": 1,
            "credit_specification": [
              {
                "cpu_credits": "standard"
              }
            ],
            "disable_api_stop": false,
            "disable_api_termination": false,
            "ebs_block_device": [],
            "ebs_optimized": false,
            "enclave_options": [
              {
                "enabled": false
              }
            ],
            "ephemeral_block_device": [],
            "get_password_data": false,
            "hibernation": false,
            "host_id": "",
            "host_resource_group_arn": null,
            "iam_instance_profile": "",
            "id": "i-07933b566daa953f3",
            "instance_initiated_shutdown_behavior": "stop",
            "instance_state": "running",
            "instance_type": "t2.micro",
            "ipv6_address_count": 0,
            "ipv6_addresses": [],
            "key_name": "ecommerce-key",
            "launch_template": [],
            "maintenance_options": [
              {
                "auto_recovery": "default"
              }
            ],
            "metadata_options": [
              {
                "http_endpoint": "enabled",
                "http_put_response_hop_limit": 1,
                "http_tokens": "optional",
                "instance_metadata_tags": "disabled"
              }
            ],
            "monitoring": false,
            "network_interface": [],
            "outpost_arn": "",
            "password_data": "",
            "placement_group": "",
            "placement_partition_number": 0,
            "primary_network_interface_id": "eni-0a250f3969f516c43",
            "private_dns": "ip-10-0-1-133.ec2.internal",
            "private_dns_name_options": [
              {
                "enable_resource_name_dns_a_record": false,
                "enable_resource_name_dns_aaaa_record": false,
                "hostname_type": "ip-name"
              }
            ],
            "private_ip": "10.0.1.133",
            "public_dns": "ec2-54-221-81-138.compute-1.amazonaws.com",
            "public_ip": "54.221.81.138",
            "root_block_device": [
              {
                "delete_on_termination": true,
                "device_name": "/dev/sda1",
                "encrypted": false,
                "iops": 100,
                "kms_key_id": "",
                "tags": {},
                "throughput": 0,
                "volume_id": "vol-08c0448be3c310c69",
                "volume_size": 8,
                "volume_type": "gp2"
              }
            ],
            "secondary_private_ips": [],
            "security_groups": [],
            "source_dest_check": true,
            "subnet_id": "subnet-02b4b850e73879709",
            "tags": {
              "Name": "databases-project",
              "Project": "ecommerce-project"
            },
            "tags_all": {
              "Name": "databases-project",
              "Project": "ecommerce-project"
            },
            "tenancy": "default",
            "timeouts": null,
            "user_data": null,
            "user_data_base64": null,
            "user_data_replace_on_change": false,
            "volume_tags": null,
            "vpc_security_group_ids": [
              "sg-0b1ebe6495df74b90"
            ]
          },
          "sensitive_attributes": [],
          "private": "eyJlMmJmYjczMC1lY2FhLTExZTYtOGY4OC0zNDM2M2JjN2M0YzAiOnsiY3JlYXRlIjo2MDAwMDAwMDAwMDAsImRlbGV0ZSI6MTIwMDAwMDAwMDAwMCwidXBkYXRlIjo2MDAwMDAwMDAwMDB9LCJzY2hlbWFfdmVyc2lvbiI6IjEifQ==",
          "dependencies": [
            "aws_instance.grafana-project",
            "aws_key_pair.key_pair",
            "aws_security_group.databases-sg",
            "aws_security_group.grafana-sg",
            "aws_subnet.ecommerce-project-pub-1",
            "aws_subnet.ecommerce-project-pub-2",
            "aws_vpc.ecommerce-project",
            "tls_private_key.key"
          ]
        }
      ]
    },
    {
      "mode": "managed",
      "type": "aws_instance",
      "name": "front-app-hs-project",
      "provider": "provider[\"registry.terraform.io/hashicorp/aws\"]",
      "instances": [
        {
          "schema_version": 1,
          "attributes": {
            "ami": "ami-0149b2da6ceec4bb0",
            "arn": "arn:aws:ec2:us-east-1:741692307640:instance/i-0c279dd0197a3e2d7",
            "associate_public_ip_address": true,
            "availability_zone": "us-east-1a",
            "capacity_reservation_specification": [
              {
                "capacity_reservation_preference": "open",
                "capacity_reservation_target": []
              }
            ],
            "cpu_core_count": 1,
            "cpu_threads_per_core": 1,
            "credit_specification": [
              {
                "cpu_credits": "standard"
              }
            ],
            "disable_api_stop": false,
            "disable_api_termination": false,
            "ebs_block_device": [],
            "ebs_optimized": false,
            "enclave_options": [
              {
                "enabled": false
              }
            ],
            "ephemeral_block_device": [],
            "get_password_data": false,
            "hibernation": false,
            "host_id": "",
            "host_resource_group_arn": null,
            "iam_instance_profile": "",
            "id": "i-0c279dd0197a3e2d7",
            "instance_initiated_shutdown_behavior": "stop",
            "instance_state": "running",
            "instance_type": "t2.small",
            "ipv6_address_count": 0,
            "ipv6_addresses": [],
            "key_name": "ecommerce-key",
            "launch_template": [],
            "maintenance_options": [
              {
                "auto_recovery": "default"
              }
            ],
            "metadata_options": [
              {
                "http_endpoint": "enabled",
                "http_put_response_hop_limit": 1,
                "http_tokens": "optional",
                "instance_metadata_tags": "disabled"
              }
            ],
            "monitoring": false,
            "network_interface": [],
            "outpost_arn": "",
            "password_data": "",
            "placement_group": "",
            "placement_partition_number": 0,
            "primary_network_interface_id": "eni-0ebd8072bf7c36a74",
            "private_dns": "ip-10-0-1-220.ec2.internal",
            "private_dns_name_options": [
              {
                "enable_resource_name_dns_a_record": false,
                "enable_resource_name_dns_aaaa_record": false,
                "hostname_type": "ip-name"
              }
            ],
            "private_ip": "10.0.1.220",
            "public_dns": "ec2-54-82-36-205.compute-1.amazonaws.com",
            "public_ip": "54.82.36.205",
            "root_block_device": [
              {
                "delete_on_termination": true,
                "device_name": "/dev/sda1",
                "encrypted": false,
                "iops": 100,
                "kms_key_id": "",
                "tags": {},
                "throughput": 0,
                "volume_id": "vol-0792884c53f0bacb8",
                "volume_size": 8,
                "volume_type": "gp2"
              }
            ],
            "secondary_private_ips": [],
            "security_groups": [],
            "source_dest_check": true,
            "subnet_id": "subnet-02b4b850e73879709",
            "tags": {
              "Name": "front-app-hs-project",
              "Project": "ecommerce-project"
            },
            "tags_all": {
              "Name": "front-app-hs-project",
              "Project": "ecommerce-project"
            },
            "tenancy": "default",
            "timeouts": null,
            "user_data": null,
            "user_data_base64": null,
            "user_data_replace_on_change": false,
            "volume_tags": null,
            "vpc_security_group_ids": [
              "sg-07225b8e88aaf8217"
            ]
          },
          "sensitive_attributes": [],
          "private": "eyJlMmJmYjczMC1lY2FhLTExZTYtOGY4OC0zNDM2M2JjN2M0YzAiOnsiY3JlYXRlIjo2MDAwMDAwMDAwMDAsImRlbGV0ZSI6MTIwMDAwMDAwMDAwMCwidXBkYXRlIjo2MDAwMDAwMDAwMDB9LCJzY2hlbWFfdmVyc2lvbiI6IjEifQ==",
          "dependencies": [
            "aws_instance.grafana-project",
            "aws_key_pair.key_pair",
            "aws_security_group.front-app-sg",
            "aws_security_group.grafana-sg",
            "aws_subnet.ecommerce-project-pub-1",
            "aws_subnet.ecommerce-project-pub-2",
            "aws_vpc.ecommerce-project",
            "tls_private_key.key"
          ]
        }
      ]
    },
    {
      "mode": "managed",
      "type": "aws_instance",
      "name": "front-app-project",
      "provider": "provider[\"registry.terraform.io/hashicorp/aws\"]",
      "instances": [
        {
          "schema_version": 1,
          "attributes": {
            "ami": "ami-0149b2da6ceec4bb0",
            "arn": "arn:aws:ec2:us-east-1:741692307640:instance/i-0f93e98987b9470cc",
            "associate_public_ip_address": true,
            "availability_zone": "us-east-1a",
            "capacity_reservation_specification": [
              {
                "capacity_reservation_preference": "open",
                "capacity_reservation_target": []
              }
            ],
            "cpu_core_count": 1,
            "cpu_threads_per_core": 1,
            "credit_specification": [
              {
                "cpu_credits": "standard"
              }
            ],
            "disable_api_stop": false,
            "disable_api_termination": false,
            "ebs_block_device": [],
            "ebs_optimized": false,
            "enclave_options": [
              {
                "enabled": false
              }
            ],
            "ephemeral_block_device": [],
            "get_password_data": false,
            "hibernation": false,
            "host_id": "",
            "host_resource_group_arn": null,
            "iam_instance_profile": "",
            "id": "i-0f93e98987b9470cc",
            "instance_initiated_shutdown_behavior": "stop",
            "instance_state": "running",
            "instance_type": "t2.small",
            "ipv6_address_count": 0,
            "ipv6_addresses": [],
            "key_name": "ecommerce-key",
            "launch_template": [],
            "maintenance_options": [
              {
                "auto_recovery": "default"
              }
            ],
            "metadata_options": [
              {
                "http_endpoint": "enabled",
                "http_put_response_hop_limit": 1,
                "http_tokens": "optional",
                "instance_metadata_tags": "disabled"
              }
            ],
            "monitoring": false,
            "network_interface": [],
            "outpost_arn": "",
            "password_data": "",
            "placement_group": "",
            "placement_partition_number": 0,
            "primary_network_interface_id": "eni-06e96c8420785bb85",
            "private_dns": "ip-10-0-1-155.ec2.internal",
            "private_dns_name_options": [
              {
                "enable_resource_name_dns_a_record": false,
                "enable_resource_name_dns_aaaa_record": false,
                "hostname_type": "ip-name"
              }
            ],
            "private_ip": "10.0.1.155",
            "public_dns": "ec2-3-80-125-212.compute-1.amazonaws.com",
            "public_ip": "3.80.125.212",
            "root_block_device": [
              {
                "delete_on_termination": true,
                "device_name": "/dev/sda1",
                "encrypted": false,
                "iops": 100,
                "kms_key_id": "",
                "tags": {},
                "throughput": 0,
                "volume_id": "vol-06cad29055a773e27",
                "volume_size": 8,
                "volume_type": "gp2"
              }
            ],
            "secondary_private_ips": [],
            "security_groups": [],
            "source_dest_check": true,
            "subnet_id": "subnet-02b4b850e73879709",
            "tags": {
              "Name": "front-app-project",
              "Project": "ecommerce-project"
            },
            "tags_all": {
              "Name": "front-app-project",
              "Project": "ecommerce-project"
            },
            "tenancy": "default",
            "timeouts": null,
            "user_data": null,
            "user_data_base64": null,
            "user_data_replace_on_change": false,
            "volume_tags": null,
            "vpc_security_group_ids": [
              "sg-07225b8e88aaf8217"
            ]
          },
          "sensitive_attributes": [],
          "private": "eyJlMmJmYjczMC1lY2FhLTExZTYtOGY4OC0zNDM2M2JjN2M0YzAiOnsiY3JlYXRlIjo2MDAwMDAwMDAwMDAsImRlbGV0ZSI6MTIwMDAwMDAwMDAwMCwidXBkYXRlIjo2MDAwMDAwMDAwMDB9LCJzY2hlbWFfdmVyc2lvbiI6IjEifQ==",
          "dependencies": [
            "aws_instance.grafana-project",
            "aws_key_pair.key_pair",
            "aws_security_group.front-app-sg",
            "aws_security_group.grafana-sg",
            "aws_subnet.ecommerce-project-pub-1",
            "aws_subnet.ecommerce-project-pub-2",
            "aws_vpc.ecommerce-project",
            "tls_private_key.key"
          ]
        }
      ]
    },
    {
      "mode": "managed",
      "type": "aws_instance",
      "name": "grafana-project",
      "provider": "provider[\"registry.terraform.io/hashicorp/aws\"]",
      "instances": [
        {
          "schema_version": 1,
          "attributes": {
            "ami": "ami-0149b2da6ceec4bb0",
            "arn": "arn:aws:ec2:us-east-1:741692307640:instance/i-01d16bacfc8f7e480",
            "associate_public_ip_address": true,
            "availability_zone": "us-east-1b",
            "capacity_reservation_specification": [
              {
                "capacity_reservation_preference": "open",
                "capacity_reservation_target": []
              }
            ],
            "cpu_core_count": 1,
            "cpu_threads_per_core": 1,
            "credit_specification": [
              {
                "cpu_credits": "standard"
              }
            ],
            "disable_api_stop": false,
            "disable_api_termination": false,
            "ebs_block_device": [],
            "ebs_optimized": false,
            "enclave_options": [
              {
                "enabled": false
              }
            ],
            "ephemeral_block_device": [],
            "get_password_data": false,
            "hibernation": false,
            "host_id": "",
            "host_resource_group_arn": null,
            "iam_instance_profile": "",
            "id": "i-01d16bacfc8f7e480",
            "instance_initiated_shutdown_behavior": "stop",
            "instance_state": "running",
            "instance_type": "t2.micro",
            "ipv6_address_count": 0,
            "ipv6_addresses": [],
            "key_name": "ecommerce-key",
            "launch_template": [],
            "maintenance_options": [
              {
                "auto_recovery": "default"
              }
            ],
            "metadata_options": [
              {
                "http_endpoint": "enabled",
                "http_put_response_hop_limit": 1,
                "http_tokens": "optional",
                "instance_metadata_tags": "disabled"
              }
            ],
            "monitoring": false,
            "network_interface": [],
            "outpost_arn": "",
            "password_data": "",
            "placement_group": "",
            "placement_partition_number": 0,
            "primary_network_interface_id": "eni-0e743f26227d570c5",
            "private_dns": "ip-10-0-2-221.ec2.internal",
            "private_dns_name_options": [
              {
                "enable_resource_name_dns_a_record": false,
                "enable_resource_name_dns_aaaa_record": false,
                "hostname_type": "ip-name"
              }
            ],
            "private_ip": "10.0.2.221",
            "public_dns": "ec2-50-17-146-116.compute-1.amazonaws.com",
            "public_ip": "50.17.146.116",
            "root_block_device": [
              {
                "delete_on_termination": true,
                "device_name": "/dev/sda1",
                "encrypted": false,
                "iops": 100,
                "kms_key_id": "",
                "tags": {},
                "throughput": 0,
                "volume_id": "vol-0fe54a1f6541cb3f9",
                "volume_size": 8,
                "volume_type": "gp2"
              }
            ],
            "secondary_private_ips": [],
            "security_groups": [],
            "source_dest_check": true,
            "subnet_id": "subnet-0ba6bf782523a3a78",
            "tags": {
              "Name": "grafana-project",
              "Project": "ecommerce-project"
            },
            "tags_all": {
              "Name": "grafana-project",
              "Project": "ecommerce-project"
            },
            "tenancy": "default",
            "timeouts": null,
            "user_data": null,
            "user_data_base64": null,
            "user_data_replace_on_change": false,
            "volume_tags": null,
            "vpc_security_group_ids": [
              "sg-0748941b27b35cad5"
            ]
          },
          "sensitive_attributes": [],
          "private": "eyJlMmJmYjczMC1lY2FhLTExZTYtOGY4OC0zNDM2M2JjN2M0YzAiOnsiY3JlYXRlIjo2MDAwMDAwMDAwMDAsImRlbGV0ZSI6MTIwMDAwMDAwMDAwMCwidXBkYXRlIjo2MDAwMDAwMDAwMDB9LCJzY2hlbWFfdmVyc2lvbiI6IjEifQ==",
          "dependencies": [
            "aws_key_pair.key_pair",
            "aws_security_group.grafana-sg",
            "aws_subnet.ecommerce-project-pub-2",
            "aws_vpc.ecommerce-project",
            "tls_private_key.key"
          ]
        }
      ]
    },
    {
      "mode": "managed",
      "type": "aws_instance",
      "name": "nginx-project",
      "provider": "provider[\"registry.terraform.io/hashicorp/aws\"]",
      "instances": [
        {
          "schema_version": 1,
          "attributes": {
            "ami": "ami-0149b2da6ceec4bb0",
            "arn": "arn:aws:ec2:us-east-1:741692307640:instance/i-0c318e4b99862f67c",
            "associate_public_ip_address": true,
            "availability_zone": "us-east-1a",
            "capacity_reservation_specification": [
              {
                "capacity_reservation_preference": "open",
                "capacity_reservation_target": []
              }
            ],
            "cpu_core_count": 1,
            "cpu_threads_per_core": 1,
            "credit_specification": [
              {
                "cpu_credits": "standard"
              }
            ],
            "disable_api_stop": false,
            "disable_api_termination": false,
            "ebs_block_device": [],
            "ebs_optimized": false,
            "enclave_options": [
              {
                "enabled": false
              }
            ],
            "ephemeral_block_device": [],
            "get_password_data": false,
            "hibernation": false,
            "host_id": "",
            "host_resource_group_arn": null,
            "iam_instance_profile": "",
            "id": "i-0c318e4b99862f67c",
            "instance_initiated_shutdown_behavior": "stop",
            "instance_state": "running",
            "instance_type": "t2.micro",
            "ipv6_address_count": 0,
            "ipv6_addresses": [],
            "key_name": "ecommerce-key",
            "launch_template": [],
            "maintenance_options": [
              {
                "auto_recovery": "default"
              }
            ],
            "metadata_options": [
              {
                "http_endpoint": "enabled",
                "http_put_response_hop_limit": 1,
                "http_tokens": "optional",
                "instance_metadata_tags": "disabled"
              }
            ],
            "monitoring": false,
            "network_interface": [],
            "outpost_arn": "",
            "password_data": "",
            "placement_group": "",
            "placement_partition_number": 0,
            "primary_network_interface_id": "eni-08458a9f0b0d6126c",
            "private_dns": "ip-10-0-1-27.ec2.internal",
            "private_dns_name_options": [
              {
                "enable_resource_name_dns_a_record": false,
                "enable_resource_name_dns_aaaa_record": false,
                "hostname_type": "ip-name"
              }
            ],
            "private_ip": "10.0.1.27",
            "public_dns": "ec2-54-226-90-159.compute-1.amazonaws.com",
            "public_ip": "54.226.90.159",
            "root_block_device": [
              {
                "delete_on_termination": true,
                "device_name": "/dev/sda1",
                "encrypted": false,
                "iops": 100,
                "kms_key_id": "",
                "tags": {},
                "throughput": 0,
                "volume_id": "vol-0ca0b09e1975878ef",
                "volume_size": 8,
                "volume_type": "gp2"
              }
            ],
            "secondary_private_ips": [],
            "security_groups": [],
            "source_dest_check": true,
            "subnet_id": "subnet-02b4b850e73879709",
            "tags": {
              "Name": "nginx-project",
              "Project": "ecommerce-project"
            },
            "tags_all": {
              "Name": "nginx-project",
              "Project": "ecommerce-project"
            },
            "tenancy": "default",
            "timeouts": null,
            "user_data": null,
            "user_data_base64": null,
            "user_data_replace_on_change": false,
            "volume_tags": null,
            "vpc_security_group_ids": [
              "sg-07225b8e88aaf8217"
            ]
          },
          "sensitive_attributes": [],
          "private": "eyJlMmJmYjczMC1lY2FhLTExZTYtOGY4OC0zNDM2M2JjN2M0YzAiOnsiY3JlYXRlIjo2MDAwMDAwMDAwMDAsImRlbGV0ZSI6MTIwMDAwMDAwMDAwMCwidXBkYXRlIjo2MDAwMDAwMDAwMDB9LCJzY2hlbWFfdmVyc2lvbiI6IjEifQ==",
          "dependencies": [
            "aws_instance.grafana-project",
            "aws_key_pair.key_pair",
            "aws_security_group.front-app-sg",
            "aws_security_group.grafana-sg",
            "aws_subnet.ecommerce-project-pub-1",
            "aws_subnet.ecommerce-project-pub-2",
            "aws_vpc.ecommerce-project",
            "tls_private_key.key"
          ]
        }
      ]
    },
    {
      "mode": "managed",
      "type": "aws_internet_gateway",
      "name": "ecommerce-project-IGW",
      "provider": "provider[\"registry.terraform.io/hashicorp/aws\"]",
      "instances": [
        {
          "schema_version": 0,
          "attributes": {
            "arn": "arn:aws:ec2:us-east-1:741692307640:internet-gateway/igw-0d7e628f8664c3e48",
            "id": "igw-0d7e628f8664c3e48",
            "owner_id": "741692307640",
            "tags": {
              "Name": "ecommerce-project-IGW"
            },
            "tags_all": {
              "Name": "ecommerce-project-IGW"
            },
            "timeouts": null,
            "vpc_id": "vpc-026a7b9485b75823c"
          },
          "sensitive_attributes": [],
          "private": "eyJlMmJmYjczMC1lY2FhLTExZTYtOGY4OC0zNDM2M2JjN2M0YzAiOnsiY3JlYXRlIjoxMjAwMDAwMDAwMDAwLCJkZWxldGUiOjEyMDAwMDAwMDAwMDAsInVwZGF0ZSI6MTIwMDAwMDAwMDAwMH19",
          "dependencies": [
            "aws_vpc.ecommerce-project"
          ]
        }
      ]
    },
    {
      "mode": "managed",
      "type": "aws_key_pair",
      "name": "key_pair",
      "provider": "provider[\"registry.terraform.io/hashicorp/aws\"]",
      "instances": [
        {
          "schema_version": 1,
          "attributes": {
            "arn": "arn:aws:ec2:us-east-1:741692307640:key-pair/ecommerce-key",
            "fingerprint": "2d:6b:34:5f:53:21:94:25:f5:ac:66:54:f5:5a:c3:e2",
            "id": "ecommerce-key",
            "key_name": "ecommerce-key",
            "key_name_prefix": "",
            "key_pair_id": "key-02dfda789ac3e5a3b",
            "key_type": "rsa",
            "public_key": "ssh-rsa AAAAB3NzaC1yc2EAAAADAQABAAABAQClTq7CWZ2Lv1VwXpN8kOAgM7rBzMi3jLeJvezerdzn0lUzuDRbhUhW0xBlbMsxw3SUCGet/R6p6eM2gKNTwCwxkI9nr78j6X17QruVz4FMvwND3Wuk1qEWJfb4gizP9WnvjERMysAjkCeyZXIG/vKhe5USLMcY02SncZ6zQOolwLm6g/xxTGxNND8MbN4yj2REavAjozsGqZPnYn43+lemYlSMjameYY4qNzoBVopIXXYbTFcapFn5ImXY6w86RJnn/0HaJIB+9GpiDU/UnAu/XBnKR187IHyJIWY8wtEZYMxB2Mp+BA0eM5LqcabSYwMZ43dMOkyih1xiCmzSJFMF",
            "tags": {},
            "tags_all": {}
          },
          "sensitive_attributes": [],
          "private": "eyJzY2hlbWFfdmVyc2lvbiI6IjEifQ==",
          "dependencies": [
            "tls_private_key.key"
          ]
        }
      ]
    },
    {
      "mode": "managed",
      "type": "aws_lb",
      "name": "front-app-load-balancer",
      "provider": "provider[\"registry.terraform.io/hashicorp/aws\"]",
      "instances": [
        {
          "schema_version": 0,
          "attributes": {
            "access_logs": [
              {
                "bucket": "",
                "enabled": false,
                "prefix": ""
              }
            ],
            "arn": "arn:aws:elasticloadbalancing:us-east-1:741692307640:loadbalancer/app/front-app-lb/91a96a45ed6d930e",
            "arn_suffix": "app/front-app-lb/91a96a45ed6d930e",
            "customer_owned_ipv4_pool": "",
            "desync_mitigation_mode": "defensive",
            "dns_name": "front-app-lb-1601088419.us-east-1.elb.amazonaws.com",
            "drop_invalid_header_fields": false,
            "enable_cross_zone_load_balancing": true,
            "enable_deletion_protection": false,
            "enable_http2": true,
            "enable_waf_fail_open": false,
            "id": "arn:aws:elasticloadbalancing:us-east-1:741692307640:loadbalancer/app/front-app-lb/91a96a45ed6d930e",
            "idle_timeout": 60,
            "internal": false,
            "ip_address_type": "ipv4",
            "load_balancer_type": "application",
            "name": "front-app-lb",
            "name_prefix": null,
            "preserve_host_header": false,
            "security_groups": [
              "sg-07225b8e88aaf8217"
            ],
            "subnet_mapping": [
              {
                "allocation_id": "",
                "ipv6_address": "",
                "outpost_id": "",
                "private_ipv4_address": "",
                "subnet_id": "subnet-02b4b850e73879709"
              },
              {
                "allocation_id": "",
                "ipv6_address": "",
                "outpost_id": "",
                "private_ipv4_address": "",
                "subnet_id": "subnet-0ba6bf782523a3a78"
              }
            ],
            "subnets": [
              "subnet-02b4b850e73879709",
              "subnet-0ba6bf782523a3a78"
            ],
            "tags": null,
            "tags_all": {},
            "timeouts": null,
            "vpc_id": "vpc-026a7b9485b75823c",
            "zone_id": "Z35SXDOTRQ7X7K"
          },
          "sensitive_attributes": [],
          "private": "eyJlMmJmYjczMC1lY2FhLTExZTYtOGY4OC0zNDM2M2JjN2M0YzAiOnsiY3JlYXRlIjo2MDAwMDAwMDAwMDAsImRlbGV0ZSI6NjAwMDAwMDAwMDAwLCJ1cGRhdGUiOjYwMDAwMDAwMDAwMH19",
          "dependencies": [
            "aws_security_group.front-app-sg",
            "aws_subnet.ecommerce-project-pub-1",
            "aws_subnet.ecommerce-project-pub-2"
          ]
        }
      ]
    },
    {
      "mode": "managed",
      "type": "aws_lb_listener",
      "name": "front-app-listener",
      "provider": "provider[\"registry.terraform.io/hashicorp/aws\"]",
      "instances": [
        {
          "schema_version": 0,
          "attributes": {
            "alpn_policy": null,
            "arn": "arn:aws:elasticloadbalancing:us-east-1:741692307640:listener/app/front-app-lb/91a96a45ed6d930e/efef2fc4f73b4ad7",
            "certificate_arn": null,
            "default_action": [
              {
                "authenticate_cognito": [],
                "authenticate_oidc": [],
                "fixed_response": [],
                "forward": [],
                "order": 1,
                "redirect": [],
                "target_group_arn": "arn:aws:elasticloadbalancing:us-east-1:741692307640:targetgroup/front-app-tg/5390f55091541975",
                "type": "forward"
              }
            ],
            "id": "arn:aws:elasticloadbalancing:us-east-1:741692307640:listener/app/front-app-lb/91a96a45ed6d930e/efef2fc4f73b4ad7",
            "load_balancer_arn": "arn:aws:elasticloadbalancing:us-east-1:741692307640:loadbalancer/app/front-app-lb/91a96a45ed6d930e",
            "port": 80,
            "protocol": "HTTP",
            "ssl_policy": "",
            "tags": null,
            "tags_all": {},
            "timeouts": null
          },
          "sensitive_attributes": [],
          "private": "eyJlMmJmYjczMC1lY2FhLTExZTYtOGY4OC0zNDM2M2JjN2M0YzAiOnsicmVhZCI6NjAwMDAwMDAwMDAwfX0=",
          "dependencies": [
            "aws_lb.front-app-load-balancer",
            "aws_lb_target_group.front-app-target-group",
            "aws_security_group.front-app-sg",
            "aws_subnet.ecommerce-project-pub-1",
            "aws_subnet.ecommerce-project-pub-2",
            "aws_vpc.ecommerce-project"
          ]
        }
      ]
    },
    {
      "mode": "managed",
      "type": "aws_lb_target_group",
      "name": "front-app-target-group",
      "provider": "provider[\"registry.terraform.io/hashicorp/aws\"]",
      "instances": [
        {
          "schema_version": 0,
          "attributes": {
            "arn": "arn:aws:elasticloadbalancing:us-east-1:741692307640:targetgroup/front-app-tg/5390f55091541975",
            "arn_suffix": "targetgroup/front-app-tg/5390f55091541975",
            "connection_termination": false,
            "deregistration_delay": "300",
            "health_check": [
              {
                "enabled": true,
                "healthy_threshold": 5,
                "interval": 30,
                "matcher": "200",
                "path": "/",
                "port": "traffic-port",
                "protocol": "HTTP",
                "timeout": 5,
                "unhealthy_threshold": 2
              }
            ],
            "id": "arn:aws:elasticloadbalancing:us-east-1:741692307640:targetgroup/front-app-tg/5390f55091541975",
            "ip_address_type": "ipv4",
            "lambda_multi_value_headers_enabled": false,
            "load_balancing_algorithm_type": "round_robin",
            "name": "front-app-tg",
            "name_prefix": null,
            "port": 80,
            "preserve_client_ip": null,
            "protocol": "HTTP",
            "protocol_version": "HTTP1",
            "proxy_protocol_v2": false,
            "slow_start": 0,
            "stickiness": [
              {
                "cookie_duration": 86400,
                "cookie_name": "",
                "enabled": false,
                "type": "lb_cookie"
              }
            ],
            "tags": null,
            "tags_all": {},
            "target_failover": [
              {
                "on_deregistration": null,
                "on_unhealthy": null
              }
            ],
            "target_type": "instance",
            "vpc_id": "vpc-026a7b9485b75823c"
          },
          "sensitive_attributes": [],
          "private": "bnVsbA==",
          "dependencies": [
            "aws_vpc.ecommerce-project"
          ]
        }
      ]
    },
    {
      "mode": "managed",
      "type": "aws_lb_target_group_attachment",
      "name": "front-app-target-group-attachment",
      "provider": "provider[\"registry.terraform.io/hashicorp/aws\"]",
      "instances": [
        {
          "schema_version": 0,
          "attributes": {
            "availability_zone": null,
            "id": "arn:aws:elasticloadbalancing:us-east-1:741692307640:targetgroup/front-app-tg/5390f55091541975-20230131135551011900000001",
            "port": 3000,
            "target_group_arn": "arn:aws:elasticloadbalancing:us-east-1:741692307640:targetgroup/front-app-tg/5390f55091541975",
            "target_id": "i-0f93e98987b9470cc"
          },
          "sensitive_attributes": [],
          "private": "bnVsbA==",
          "dependencies": [
            "aws_instance.front-app-project",
            "aws_lb_target_group.front-app-target-group",
            "aws_vpc.ecommerce-project"
          ]
        }
      ]
    },
    {
      "mode": "managed",
      "type": "aws_route_table",
      "name": "ecommerce-project-pub-RT",
      "provider": "provider[\"registry.terraform.io/hashicorp/aws\"]",
      "instances": [
        {
          "schema_version": 0,
          "attributes": {
            "arn": "arn:aws:ec2:us-east-1:741692307640:route-table/rtb-0b7baf3c69875783d",
            "id": "rtb-0b7baf3c69875783d",
            "owner_id": "741692307640",
            "propagating_vgws": [],
            "route": [
              {
                "carrier_gateway_id": "",
                "cidr_block": "0.0.0.0/0",
                "core_network_arn": "",
                "destination_prefix_list_id": "",
                "egress_only_gateway_id": "",
                "gateway_id": "igw-0d7e628f8664c3e48",
                "instance_id": "",
                "ipv6_cidr_block": "",
                "local_gateway_id": "",
                "nat_gateway_id": "",
                "network_interface_id": "",
                "transit_gateway_id": "",
                "vpc_endpoint_id": "",
                "vpc_peering_connection_id": ""
              }
            ],
            "tags": {
              "Name": "ecommerce-project-pub-RT"
            },
            "tags_all": {
              "Name": "ecommerce-project-pub-RT"
            },
            "timeouts": null,
            "vpc_id": "vpc-026a7b9485b75823c"
          },
          "sensitive_attributes": [],
          "private": "eyJlMmJmYjczMC1lY2FhLTExZTYtOGY4OC0zNDM2M2JjN2M0YzAiOnsiY3JlYXRlIjozMDAwMDAwMDAwMDAsImRlbGV0ZSI6MzAwMDAwMDAwMDAwLCJ1cGRhdGUiOjEyMDAwMDAwMDAwMH19",
          "dependencies": [
            "aws_internet_gateway.ecommerce-project-IGW",
            "aws_vpc.ecommerce-project"
          ]
        }
      ]
    },
    {
      "mode": "managed",
      "type": "aws_route_table_association",
      "name": "ecommerce-project-pub-1-a",
      "provider": "provider[\"registry.terraform.io/hashicorp/aws\"]",
      "instances": [
        {
          "schema_version": 0,
          "attributes": {
            "gateway_id": "",
            "id": "rtbassoc-0f5d4b10beceebf24",
            "route_table_id": "rtb-0b7baf3c69875783d",
            "subnet_id": "subnet-02b4b850e73879709"
          },
          "sensitive_attributes": [],
          "private": "bnVsbA==",
          "dependencies": [
            "aws_internet_gateway.ecommerce-project-IGW",
            "aws_route_table.ecommerce-project-pub-RT",
            "aws_subnet.ecommerce-project-pub-1",
            "aws_vpc.ecommerce-project"
          ]
        }
      ]
    },
    {
      "mode": "managed",
      "type": "aws_route_table_association",
      "name": "ecommerce-project-pub-2-a",
      "provider": "provider[\"registry.terraform.io/hashicorp/aws\"]",
      "instances": [
        {
          "schema_version": 0,
          "attributes": {
            "gateway_id": "",
            "id": "rtbassoc-00894427596863d25",
            "route_table_id": "rtb-0b7baf3c69875783d",
            "subnet_id": "subnet-0ba6bf782523a3a78"
          },
          "sensitive_attributes": [],
          "private": "bnVsbA==",
          "dependencies": [
            "aws_internet_gateway.ecommerce-project-IGW",
            "aws_route_table.ecommerce-project-pub-RT",
            "aws_subnet.ecommerce-project-pub-2",
            "aws_vpc.ecommerce-project"
          ]
        }
      ]
    },
    {
      "mode": "managed",
      "type": "aws_route_table_association",
      "name": "ecommerce-project-pub-3-a",
      "provider": "provider[\"registry.terraform.io/hashicorp/aws\"]",
      "instances": [
        {
          "schema_version": 0,
          "attributes": {
            "gateway_id": "",
            "id": "rtbassoc-04f5418db37cd664e",
            "route_table_id": "rtb-0b7baf3c69875783d",
            "subnet_id": "subnet-02921dcb4f2794db9"
          },
          "sensitive_attributes": [],
          "private": "bnVsbA==",
          "dependencies": [
            "aws_internet_gateway.ecommerce-project-IGW",
            "aws_route_table.ecommerce-project-pub-RT",
            "aws_subnet.ecommerce-project-pub-3",
            "aws_vpc.ecommerce-project"
          ]
        }
      ]
    },
    {
      "mode": "managed",
      "type": "aws_s3_bucket",
      "name": "ecommerce",
      "provider": "provider[\"registry.terraform.io/hashicorp/aws\"]",
      "instances": [
        {
          "schema_version": 0,
          "attributes": {
            "acceleration_status": "",
            "acl": null,
            "arn": "arn:aws:s3:::ecommerce-2404c29f-b900-ff04-6b75-f1e49fa6e2b6",
            "bucket": "ecommerce-2404c29f-b900-ff04-6b75-f1e49fa6e2b6",
            "bucket_domain_name": "ecommerce-2404c29f-b900-ff04-6b75-f1e49fa6e2b6.s3.amazonaws.com",
            "bucket_prefix": null,
            "bucket_regional_domain_name": "ecommerce-2404c29f-b900-ff04-6b75-f1e49fa6e2b6.s3.amazonaws.com",
            "cors_rule": [],
            "force_destroy": true,
            "grant": [
              {
                "id": "6f4902175ad691288a57f94a46c5ed0882060aea9ef131f76288af5343d4d689",
                "permissions": [
                  "FULL_CONTROL"
                ],
                "type": "CanonicalUser",
                "uri": ""
              }
            ],
            "hosted_zone_id": "Z3AQBSTGFYJSTF",
            "id": "ecommerce-2404c29f-b900-ff04-6b75-f1e49fa6e2b6",
            "lifecycle_rule": [],
            "logging": [],
            "object_lock_configuration": [],
            "object_lock_enabled": false,
            "policy": "",
            "region": "us-east-1",
            "replication_configuration": [],
            "request_payer": "BucketOwner",
            "server_side_encryption_configuration": [],
            "tags": {},
            "tags_all": {},
            "timeouts": null,
            "versioning": [
              {
                "enabled": false,
                "mfa_delete": false
              }
            ],
            "website": [],
            "website_domain": null,
            "website_endpoint": null
          },
          "sensitive_attributes": [],
          "private": "eyJlMmJmYjczMC1lY2FhLTExZTYtOGY4OC0zNDM2M2JjN2M0YzAiOnsiY3JlYXRlIjoxMjAwMDAwMDAwMDAwLCJkZWxldGUiOjM2MDAwMDAwMDAwMDAsInJlYWQiOjEyMDAwMDAwMDAwMDAsInVwZGF0ZSI6MTIwMDAwMDAwMDAwMH19",
          "dependencies": [
            "random_uuid.uuid"
          ]
        }
      ]
    },
    {
      "mode": "managed",
      "type": "aws_s3_bucket_object",
      "name": "object1",
      "provider": "provider[\"registry.terraform.io/hashicorp/aws\"]",
      "instances": [
        {
          "index_key": "1.jpg",
          "schema_version": 0,
          "attributes": {
            "acl": "public-read",
            "bucket": "ecommerce-2404c29f-b900-ff04-6b75-f1e49fa6e2b6",
            "bucket_key_enabled": false,
            "cache_control": "",
            "content": null,
            "content_base64": null,
            "content_disposition": "",
            "content_encoding": "",
            "content_language": "",
            "content_type": "binary/octet-stream",
            "etag": "1b1056727a34e8d1f9cd20feaf8193a1",
            "force_destroy": false,
            "id": "1.jpg",
            "key": "1.jpg",
            "kms_key_id": null,
            "metadata": {},
            "object_lock_legal_hold_status": "",
            "object_lock_mode": "",
            "object_lock_retain_until_date": "",
            "server_side_encryption": "",
            "source": "../../test/img/1.jpg",
            "source_hash": null,
            "storage_class": "STANDARD",
            "tags": {},
            "tags_all": {},
            "version_id": "",
            "website_redirect": ""
          },
          "sensitive_attributes": [],
          "private": "bnVsbA==",
          "dependencies": [
            "aws_s3_bucket.ecommerce",
            "random_uuid.uuid"
          ]
        },
        {
          "index_key": "10.jpg",
          "schema_version": 0,
          "attributes": {
            "acl": "public-read",
            "bucket": "ecommerce-2404c29f-b900-ff04-6b75-f1e49fa6e2b6",
            "bucket_key_enabled": false,
            "cache_control": "",
            "content": null,
            "content_base64": null,
            "content_disposition": "",
            "content_encoding": "",
            "content_language": "",
            "content_type": "binary/octet-stream",
            "etag": "3daa56ba7e66d0f9ea4896dbcfa9a147",
            "force_destroy": false,
            "id": "10.jpg",
            "key": "10.jpg",
            "kms_key_id": null,
            "metadata": {},
            "object_lock_legal_hold_status": "",
            "object_lock_mode": "",
            "object_lock_retain_until_date": "",
            "server_side_encryption": "",
            "source": "../../test/img/10.jpg",
            "source_hash": null,
            "storage_class": "STANDARD",
            "tags": {},
            "tags_all": {},
            "version_id": "",
            "website_redirect": ""
          },
          "sensitive_attributes": [],
          "private": "bnVsbA==",
          "dependencies": [
            "aws_s3_bucket.ecommerce",
            "random_uuid.uuid"
          ]
        },
        {
          "index_key": "11.jpg",
          "schema_version": 0,
          "attributes": {
            "acl": "public-read",
            "bucket": "ecommerce-2404c29f-b900-ff04-6b75-f1e49fa6e2b6",
            "bucket_key_enabled": false,
            "cache_control": "",
            "content": null,
            "content_base64": null,
            "content_disposition": "",
            "content_encoding": "",
            "content_language": "",
            "content_type": "binary/octet-stream",
            "etag": "880f856cd7b71e2d3ec28d03013985d1",
            "force_destroy": false,
            "id": "11.jpg",
            "key": "11.jpg",
            "kms_key_id": null,
            "metadata": {},
            "object_lock_legal_hold_status": "",
            "object_lock_mode": "",
            "object_lock_retain_until_date": "",
            "server_side_encryption": "",
            "source": "../../test/img/11.jpg",
            "source_hash": null,
            "storage_class": "STANDARD",
            "tags": {},
            "tags_all": {},
            "version_id": "",
            "website_redirect": ""
          },
          "sensitive_attributes": [],
          "private": "bnVsbA==",
          "dependencies": [
            "aws_s3_bucket.ecommerce",
            "random_uuid.uuid"
          ]
        },
        {
          "index_key": "12.jpg",
          "schema_version": 0,
          "attributes": {
            "acl": "public-read",
            "bucket": "ecommerce-2404c29f-b900-ff04-6b75-f1e49fa6e2b6",
            "bucket_key_enabled": false,
            "cache_control": "",
            "content": null,
            "content_base64": null,
            "content_disposition": "",
            "content_encoding": "",
            "content_language": "",
            "content_type": "binary/octet-stream",
            "etag": "f0a7962b1b8da88b08d01b938866a043",
            "force_destroy": false,
            "id": "12.jpg",
            "key": "12.jpg",
            "kms_key_id": null,
            "metadata": {},
            "object_lock_legal_hold_status": "",
            "object_lock_mode": "",
            "object_lock_retain_until_date": "",
            "server_side_encryption": "",
            "source": "../../test/img/12.jpg",
            "source_hash": null,
            "storage_class": "STANDARD",
            "tags": {},
            "tags_all": {},
            "version_id": "",
            "website_redirect": ""
          },
          "sensitive_attributes": [],
          "private": "bnVsbA==",
          "dependencies": [
            "aws_s3_bucket.ecommerce",
            "random_uuid.uuid"
          ]
        },
        {
          "index_key": "13.jpg",
          "schema_version": 0,
          "attributes": {
            "acl": "public-read",
            "bucket": "ecommerce-2404c29f-b900-ff04-6b75-f1e49fa6e2b6",
            "bucket_key_enabled": false,
            "cache_control": "",
            "content": null,
            "content_base64": null,
            "content_disposition": "",
            "content_encoding": "",
            "content_language": "",
            "content_type": "binary/octet-stream",
            "etag": "971e2b2593002ab9a446caab9d5bdd02",
            "force_destroy": false,
            "id": "13.jpg",
            "key": "13.jpg",
            "kms_key_id": null,
            "metadata": {},
            "object_lock_legal_hold_status": "",
            "object_lock_mode": "",
            "object_lock_retain_until_date": "",
            "server_side_encryption": "",
            "source": "../../test/img/13.jpg",
            "source_hash": null,
            "storage_class": "STANDARD",
            "tags": {},
            "tags_all": {},
            "version_id": "",
            "website_redirect": ""
          },
          "sensitive_attributes": [],
          "private": "bnVsbA==",
          "dependencies": [
            "aws_s3_bucket.ecommerce",
            "random_uuid.uuid"
          ]
        },
        {
          "index_key": "14.jpg",
          "schema_version": 0,
          "attributes": {
            "acl": "public-read",
            "bucket": "ecommerce-2404c29f-b900-ff04-6b75-f1e49fa6e2b6",
            "bucket_key_enabled": false,
            "cache_control": "",
            "content": null,
            "content_base64": null,
            "content_disposition": "",
            "content_encoding": "",
            "content_language": "",
            "content_type": "binary/octet-stream",
            "etag": "ef60c1283c4bf8d6047f8ab534d921f5",
            "force_destroy": false,
            "id": "14.jpg",
            "key": "14.jpg",
            "kms_key_id": null,
            "metadata": {},
            "object_lock_legal_hold_status": "",
            "object_lock_mode": "",
            "object_lock_retain_until_date": "",
            "server_side_encryption": "",
            "source": "../../test/img/14.jpg",
            "source_hash": null,
            "storage_class": "STANDARD",
            "tags": {},
            "tags_all": {},
            "version_id": "",
            "website_redirect": ""
          },
          "sensitive_attributes": [],
          "private": "bnVsbA==",
          "dependencies": [
            "aws_s3_bucket.ecommerce",
            "random_uuid.uuid"
          ]
        },
        {
          "index_key": "15.jpg",
          "schema_version": 0,
          "attributes": {
            "acl": "public-read",
            "bucket": "ecommerce-2404c29f-b900-ff04-6b75-f1e49fa6e2b6",
            "bucket_key_enabled": false,
            "cache_control": "",
            "content": null,
            "content_base64": null,
            "content_disposition": "",
            "content_encoding": "",
            "content_language": "",
            "content_type": "binary/octet-stream",
            "etag": "8667553ef7c588257485f7b6e8bf1692",
            "force_destroy": false,
            "id": "15.jpg",
            "key": "15.jpg",
            "kms_key_id": null,
            "metadata": {},
            "object_lock_legal_hold_status": "",
            "object_lock_mode": "",
            "object_lock_retain_until_date": "",
            "server_side_encryption": "",
            "source": "../../test/img/15.jpg",
            "source_hash": null,
            "storage_class": "STANDARD",
            "tags": {},
            "tags_all": {},
            "version_id": "",
            "website_redirect": ""
          },
          "sensitive_attributes": [],
          "private": "bnVsbA==",
          "dependencies": [
            "aws_s3_bucket.ecommerce",
            "random_uuid.uuid"
          ]
        },
        {
          "index_key": "2.jpg",
          "schema_version": 0,
          "attributes": {
            "acl": "public-read",
            "bucket": "ecommerce-2404c29f-b900-ff04-6b75-f1e49fa6e2b6",
            "bucket_key_enabled": false,
            "cache_control": "",
            "content": null,
            "content_base64": null,
            "content_disposition": "",
            "content_encoding": "",
            "content_language": "",
            "content_type": "binary/octet-stream",
            "etag": "c56bac0c929a164410a191e407cebec7",
            "force_destroy": false,
            "id": "2.jpg",
            "key": "2.jpg",
            "kms_key_id": null,
            "metadata": {},
            "object_lock_legal_hold_status": "",
            "object_lock_mode": "",
            "object_lock_retain_until_date": "",
            "server_side_encryption": "",
            "source": "../../test/img/2.jpg",
            "source_hash": null,
            "storage_class": "STANDARD",
            "tags": {},
            "tags_all": {},
            "version_id": "",
            "website_redirect": ""
          },
          "sensitive_attributes": [],
          "private": "bnVsbA==",
          "dependencies": [
            "aws_s3_bucket.ecommerce",
            "random_uuid.uuid"
          ]
        },
        {
          "index_key": "3.jpg",
          "schema_version": 0,
          "attributes": {
            "acl": "public-read",
            "bucket": "ecommerce-2404c29f-b900-ff04-6b75-f1e49fa6e2b6",
            "bucket_key_enabled": false,
            "cache_control": "",
            "content": null,
            "content_base64": null,
            "content_disposition": "",
            "content_encoding": "",
            "content_language": "",
            "content_type": "binary/octet-stream",
            "etag": "7090ecb8c2b3b2a72d45e99921bac74b",
            "force_destroy": false,
            "id": "3.jpg",
            "key": "3.jpg",
            "kms_key_id": null,
            "metadata": {},
            "object_lock_legal_hold_status": "",
            "object_lock_mode": "",
            "object_lock_retain_until_date": "",
            "server_side_encryption": "",
            "source": "../../test/img/3.jpg",
            "source_hash": null,
            "storage_class": "STANDARD",
            "tags": {},
            "tags_all": {},
            "version_id": "",
            "website_redirect": ""
          },
          "sensitive_attributes": [],
          "private": "bnVsbA==",
          "dependencies": [
            "aws_s3_bucket.ecommerce",
            "random_uuid.uuid"
          ]
        },
        {
          "index_key": "4.jpg",
          "schema_version": 0,
          "attributes": {
            "acl": "public-read",
            "bucket": "ecommerce-2404c29f-b900-ff04-6b75-f1e49fa6e2b6",
            "bucket_key_enabled": false,
            "cache_control": "",
            "content": null,
            "content_base64": null,
            "content_disposition": "",
            "content_encoding": "",
            "content_language": "",
            "content_type": "binary/octet-stream",
            "etag": "8287aff14e075602837e75a868c0f4b3",
            "force_destroy": false,
            "id": "4.jpg",
            "key": "4.jpg",
            "kms_key_id": null,
            "metadata": {},
            "object_lock_legal_hold_status": "",
            "object_lock_mode": "",
            "object_lock_retain_until_date": "",
            "server_side_encryption": "",
            "source": "../../test/img/4.jpg",
            "source_hash": null,
            "storage_class": "STANDARD",
            "tags": {},
            "tags_all": {},
            "version_id": "",
            "website_redirect": ""
          },
          "sensitive_attributes": [],
          "private": "bnVsbA==",
          "dependencies": [
            "aws_s3_bucket.ecommerce",
            "random_uuid.uuid"
          ]
        },
        {
          "index_key": "5.jpg",
          "schema_version": 0,
          "attributes": {
            "acl": "public-read",
            "bucket": "ecommerce-2404c29f-b900-ff04-6b75-f1e49fa6e2b6",
            "bucket_key_enabled": false,
            "cache_control": "",
            "content": null,
            "content_base64": null,
            "content_disposition": "",
            "content_encoding": "",
            "content_language": "",
            "content_type": "binary/octet-stream",
            "etag": "c4c2376dbb42b4a724377953aa8a0d18",
            "force_destroy": false,
            "id": "5.jpg",
            "key": "5.jpg",
            "kms_key_id": null,
            "metadata": {},
            "object_lock_legal_hold_status": "",
            "object_lock_mode": "",
            "object_lock_retain_until_date": "",
            "server_side_encryption": "",
            "source": "../../test/img/5.jpg",
            "source_hash": null,
            "storage_class": "STANDARD",
            "tags": {},
            "tags_all": {},
            "version_id": "",
            "website_redirect": ""
          },
          "sensitive_attributes": [],
          "private": "bnVsbA==",
          "dependencies": [
            "aws_s3_bucket.ecommerce",
            "random_uuid.uuid"
          ]
        },
        {
          "index_key": "6.jpg",
          "schema_version": 0,
          "attributes": {
            "acl": "public-read",
            "bucket": "ecommerce-2404c29f-b900-ff04-6b75-f1e49fa6e2b6",
            "bucket_key_enabled": false,
            "cache_control": "",
            "content": null,
            "content_base64": null,
            "content_disposition": "",
            "content_encoding": "",
            "content_language": "",
            "content_type": "binary/octet-stream",
            "etag": "eb5be6c384bb25cf6e369e401c69fabc",
            "force_destroy": false,
            "id": "6.jpg",
            "key": "6.jpg",
            "kms_key_id": null,
            "metadata": {},
            "object_lock_legal_hold_status": "",
            "object_lock_mode": "",
            "object_lock_retain_until_date": "",
            "server_side_encryption": "",
            "source": "../../test/img/6.jpg",
            "source_hash": null,
            "storage_class": "STANDARD",
            "tags": {},
            "tags_all": {},
            "version_id": "",
            "website_redirect": ""
          },
          "sensitive_attributes": [],
          "private": "bnVsbA==",
          "dependencies": [
            "aws_s3_bucket.ecommerce",
            "random_uuid.uuid"
          ]
        },
        {
          "index_key": "7.jpg",
          "schema_version": 0,
          "attributes": {
            "acl": "public-read",
            "bucket": "ecommerce-2404c29f-b900-ff04-6b75-f1e49fa6e2b6",
            "bucket_key_enabled": false,
            "cache_control": "",
            "content": null,
            "content_base64": null,
            "content_disposition": "",
            "content_encoding": "",
            "content_language": "",
            "content_type": "binary/octet-stream",
            "etag": "40c18a61e30b0cc35e59552cf99d73b3",
            "force_destroy": false,
            "id": "7.jpg",
            "key": "7.jpg",
            "kms_key_id": null,
            "metadata": {},
            "object_lock_legal_hold_status": "",
            "object_lock_mode": "",
            "object_lock_retain_until_date": "",
            "server_side_encryption": "",
            "source": "../../test/img/7.jpg",
            "source_hash": null,
            "storage_class": "STANDARD",
            "tags": {},
            "tags_all": {},
            "version_id": "",
            "website_redirect": ""
          },
          "sensitive_attributes": [],
          "private": "bnVsbA==",
          "dependencies": [
            "aws_s3_bucket.ecommerce",
            "random_uuid.uuid"
          ]
        },
        {
          "index_key": "8.jpg",
          "schema_version": 0,
          "attributes": {
            "acl": "public-read",
            "bucket": "ecommerce-2404c29f-b900-ff04-6b75-f1e49fa6e2b6",
            "bucket_key_enabled": false,
            "cache_control": "",
            "content": null,
            "content_base64": null,
            "content_disposition": "",
            "content_encoding": "",
            "content_language": "",
            "content_type": "binary/octet-stream",
            "etag": "241c48a63fd8c386a06e036540f62cdf",
            "force_destroy": false,
            "id": "8.jpg",
            "key": "8.jpg",
            "kms_key_id": null,
            "metadata": {},
            "object_lock_legal_hold_status": "",
            "object_lock_mode": "",
            "object_lock_retain_until_date": "",
            "server_side_encryption": "",
            "source": "../../test/img/8.jpg",
            "source_hash": null,
            "storage_class": "STANDARD",
            "tags": {},
            "tags_all": {},
            "version_id": "",
            "website_redirect": ""
          },
          "sensitive_attributes": [],
          "private": "bnVsbA==",
          "dependencies": [
            "aws_s3_bucket.ecommerce",
            "random_uuid.uuid"
          ]
        },
        {
          "index_key": "9.jpg",
          "schema_version": 0,
          "attributes": {
            "acl": "public-read",
            "bucket": "ecommerce-2404c29f-b900-ff04-6b75-f1e49fa6e2b6",
            "bucket_key_enabled": false,
            "cache_control": "",
            "content": null,
            "content_base64": null,
            "content_disposition": "",
            "content_encoding": "",
            "content_language": "",
            "content_type": "binary/octet-stream",
            "etag": "b9822cf66cba58a6da4c26991b2cbe38",
            "force_destroy": false,
            "id": "9.jpg",
            "key": "9.jpg",
            "kms_key_id": null,
            "metadata": {},
            "object_lock_legal_hold_status": "",
            "object_lock_mode": "",
            "object_lock_retain_until_date": "",
            "server_side_encryption": "",
            "source": "../../test/img/9.jpg",
            "source_hash": null,
            "storage_class": "STANDARD",
            "tags": {},
            "tags_all": {},
            "version_id": "",
            "website_redirect": ""
          },
          "sensitive_attributes": [],
          "private": "bnVsbA==",
          "dependencies": [
            "aws_s3_bucket.ecommerce",
            "random_uuid.uuid"
          ]
        }
      ]
    },
    {
      "mode": "managed",
      "type": "aws_s3_bucket_public_access_block",
      "name": "ecommerce",
      "provider": "provider[\"registry.terraform.io/hashicorp/aws\"]",
      "instances": [
        {
          "schema_version": 0,
          "attributes": {
            "block_public_acls": false,
            "block_public_policy": false,
            "bucket": "ecommerce-2404c29f-b900-ff04-6b75-f1e49fa6e2b6",
            "id": "ecommerce-2404c29f-b900-ff04-6b75-f1e49fa6e2b6",
            "ignore_public_acls": false,
            "restrict_public_buckets": false
          },
          "sensitive_attributes": [],
          "private": "bnVsbA==",
          "dependencies": [
            "aws_s3_bucket.ecommerce",
            "random_uuid.uuid"
          ]
        }
      ]
    },
    {
      "mode": "managed",
      "type": "aws_security_group",
      "name": "ansible-sg",
      "provider": "provider[\"registry.terraform.io/hashicorp/aws\"]",
      "instances": [
        {
          "schema_version": 1,
          "attributes": {
            "arn": "arn:aws:ec2:us-east-1:741692307640:security-group/sg-07070a2e6499912fa",
            "description": "Group for ansible",
            "egress": [
              {
                "cidr_blocks": [
                  "0.0.0.0/0"
                ],
                "description": "",
                "from_port": 0,
                "ipv6_cidr_blocks": [],
                "prefix_list_ids": [],
                "protocol": "-1",
                "security_groups": [],
                "self": false,
                "to_port": 0
              }
            ],
            "id": "sg-07070a2e6499912fa",
            "ingress": [
              {
                "cidr_blocks": [
                  "0.0.0.0/0"
                ],
                "description": "SSH Anywhere",
                "from_port": 22,
                "ipv6_cidr_blocks": [],
                "prefix_list_ids": [],
                "protocol": "tcp",
                "security_groups": [],
                "self": false,
                "to_port": 22
              },
              {
                "cidr_blocks": [
                  "50.17.146.116/32"
                ],
                "description": "Prometheus port",
                "from_port": 9100,
                "ipv6_cidr_blocks": [],
                "prefix_list_ids": [],
                "protocol": "tcp",
                "security_groups": [],
                "self": false,
                "to_port": 9100
              }
            ],
            "name": "ansible-sg",
            "name_prefix": "",
            "owner_id": "741692307640",
            "revoke_rules_on_delete": false,
            "tags": {
              "Name": "ansible-sg"
            },
            "tags_all": {
              "Name": "ansible-sg"
            },
            "timeouts": null,
            "vpc_id": "vpc-026a7b9485b75823c"
          },
          "sensitive_attributes": [],
          "private": "eyJlMmJmYjczMC1lY2FhLTExZTYtOGY4OC0zNDM2M2JjN2M0YzAiOnsiY3JlYXRlIjo2MDAwMDAwMDAwMDAsImRlbGV0ZSI6OTAwMDAwMDAwMDAwfSwic2NoZW1hX3ZlcnNpb24iOiIxIn0=",
          "dependencies": [
            "aws_instance.grafana-project",
            "aws_key_pair.key_pair",
            "aws_security_group.grafana-sg",
            "aws_subnet.ecommerce-project-pub-2",
            "aws_vpc.ecommerce-project",
            "tls_private_key.key"
          ]
        }
      ]
    },
    {
      "mode": "managed",
      "type": "aws_security_group",
      "name": "databases-sg",
      "provider": "provider[\"registry.terraform.io/hashicorp/aws\"]",
      "instances": [
        {
          "schema_version": 1,
          "attributes": {
            "arn": "arn:aws:ec2:us-east-1:741692307640:security-group/sg-0b1ebe6495df74b90",
            "description": "Group for databases",
            "egress": [
              {
                "cidr_blocks": [
                  "0.0.0.0/0"
                ],
                "description": "",
                "from_port": 0,
                "ipv6_cidr_blocks": [],
                "prefix_list_ids": [],
                "protocol": "-1",
                "security_groups": [],
                "self": false,
                "to_port": 0
              }
            ],
            "id": "sg-0b1ebe6495df74b90",
            "ingress": [
              {
                "cidr_blocks": [
                  "0.0.0.0/0"
                ],
                "description": "Mongo Port",
                "from_port": 27017,
                "ipv6_cidr_blocks": [],
                "prefix_list_ids": [],
                "protocol": "tcp",
                "security_groups": [],
                "self": false,
                "to_port": 27017
              },
              {
                "cidr_blocks": [
                  "0.0.0.0/0"
                ],
                "description": "Postgres Port",
                "from_port": 5432,
                "ipv6_cidr_blocks": [],
                "prefix_list_ids": [],
                "protocol": "tcp",
                "security_groups": [],
                "self": false,
                "to_port": 5432
              },
              {
                "cidr_blocks": [
                  "0.0.0.0/0"
                ],
                "description": "SSH Anywhere",
                "from_port": 22,
                "ipv6_cidr_blocks": [],
                "prefix_list_ids": [],
                "protocol": "tcp",
                "security_groups": [],
                "self": false,
                "to_port": 22
              },
              {
                "cidr_blocks": [
                  "50.17.146.116/32"
                ],
                "description": "Prometheus port",
                "from_port": 9100,
                "ipv6_cidr_blocks": [],
                "prefix_list_ids": [],
                "protocol": "tcp",
                "security_groups": [],
                "self": false,
                "to_port": 9100
              }
            ],
            "name": "databases-sg",
            "name_prefix": "",
            "owner_id": "741692307640",
            "revoke_rules_on_delete": false,
            "tags": {
              "Name": "databases-sg"
            },
            "tags_all": {
              "Name": "databases-sg"
            },
            "timeouts": null,
            "vpc_id": "vpc-026a7b9485b75823c"
          },
          "sensitive_attributes": [],
          "private": "eyJlMmJmYjczMC1lY2FhLTExZTYtOGY4OC0zNDM2M2JjN2M0YzAiOnsiY3JlYXRlIjo2MDAwMDAwMDAwMDAsImRlbGV0ZSI6OTAwMDAwMDAwMDAwfSwic2NoZW1hX3ZlcnNpb24iOiIxIn0=",
          "dependencies": [
            "aws_instance.grafana-project",
            "aws_key_pair.key_pair",
            "aws_security_group.grafana-sg",
            "aws_subnet.ecommerce-project-pub-2",
            "aws_vpc.ecommerce-project",
            "tls_private_key.key"
          ]
        }
      ]
    },
    {
      "mode": "managed",
      "type": "aws_security_group",
      "name": "front-app-sg",
      "provider": "provider[\"registry.terraform.io/hashicorp/aws\"]",
      "instances": [
        {
          "schema_version": 1,
          "attributes": {
            "arn": "arn:aws:ec2:us-east-1:741692307640:security-group/sg-07225b8e88aaf8217",
            "description": "Group for front-app",
            "egress": [
              {
                "cidr_blocks": [
                  "0.0.0.0/0"
                ],
                "description": "",
                "from_port": 0,
                "ipv6_cidr_blocks": [],
                "prefix_list_ids": [],
                "protocol": "-1",
                "security_groups": [],
                "self": false,
                "to_port": 0
              }
            ],
            "id": "sg-07225b8e88aaf8217",
            "ingress": [
              {
                "cidr_blocks": [
                  "0.0.0.0/0"
                ],
                "description": "Back http port",
                "from_port": 5000,
                "ipv6_cidr_blocks": [],
                "prefix_list_ids": [],
                "protocol": "tcp",
                "security_groups": [],
                "self": false,
                "to_port": 5000
              },
              {
                "cidr_blocks": [
                  "0.0.0.0/0"
                ],
                "description": "Front http port",
                "from_port": 3000,
                "ipv6_cidr_blocks": [],
                "prefix_list_ids": [],
                "protocol": "tcp",
                "security_groups": [],
                "self": false,
                "to_port": 3000
              },
              {
                "cidr_blocks": [
                  "0.0.0.0/0"
                ],
                "description": "HTTP Anywhere",
                "from_port": 80,
                "ipv6_cidr_blocks": [],
                "prefix_list_ids": [],
                "protocol": "tcp",
                "security_groups": [],
                "self": false,
                "to_port": 80
              },
              {
                "cidr_blocks": [
                  "0.0.0.0/0"
                ],
                "description": "SSH Anywhere",
                "from_port": 22,
                "ipv6_cidr_blocks": [],
                "prefix_list_ids": [],
                "protocol": "tcp",
                "security_groups": [],
                "self": false,
                "to_port": 22
              },
              {
                "cidr_blocks": [
                  "50.17.146.116/32"
                ],
                "description": "Prometheus port",
                "from_port": 9100,
                "ipv6_cidr_blocks": [],
                "prefix_list_ids": [],
                "protocol": "tcp",
                "security_groups": [],
                "self": false,
                "to_port": 9100
              }
            ],
            "name": "ecommerce-sg",
            "name_prefix": "",
            "owner_id": "741692307640",
            "revoke_rules_on_delete": false,
            "tags": {
              "Name": "app-sg"
            },
            "tags_all": {
              "Name": "app-sg"
            },
            "timeouts": null,
            "vpc_id": "vpc-026a7b9485b75823c"
          },
          "sensitive_attributes": [],
          "private": "eyJlMmJmYjczMC1lY2FhLTExZTYtOGY4OC0zNDM2M2JjN2M0YzAiOnsiY3JlYXRlIjo2MDAwMDAwMDAwMDAsImRlbGV0ZSI6OTAwMDAwMDAwMDAwfSwic2NoZW1hX3ZlcnNpb24iOiIxIn0=",
          "dependencies": [
            "aws_instance.grafana-project",
            "aws_key_pair.key_pair",
            "aws_security_group.grafana-sg",
            "aws_subnet.ecommerce-project-pub-2",
            "aws_vpc.ecommerce-project",
            "tls_private_key.key"
          ]
        }
      ]
    },
    {
      "mode": "managed",
      "type": "aws_security_group",
      "name": "grafana-sg",
      "provider": "provider[\"registry.terraform.io/hashicorp/aws\"]",
      "instances": [
        {
          "schema_version": 1,
          "attributes": {
            "arn": "arn:aws:ec2:us-east-1:741692307640:security-group/sg-0748941b27b35cad5",
            "description": "Group for grafana",
            "egress": [
              {
                "cidr_blocks": [
                  "0.0.0.0/0"
                ],
                "description": "",
                "from_port": 0,
                "ipv6_cidr_blocks": [],
                "prefix_list_ids": [],
                "protocol": "-1",
                "security_groups": [],
                "self": false,
                "to_port": 0
              }
            ],
            "id": "sg-0748941b27b35cad5",
            "ingress": [
              {
                "cidr_blocks": [
                  "0.0.0.0/0"
                ],
                "description": "Grafana port",
                "from_port": 3000,
                "ipv6_cidr_blocks": [],
                "prefix_list_ids": [],
                "protocol": "tcp",
                "security_groups": [],
                "self": false,
                "to_port": 3000
              },
              {
                "cidr_blocks": [
                  "0.0.0.0/0"
                ],
                "description": "Prometheus port",
                "from_port": 9090,
                "ipv6_cidr_blocks": [],
                "prefix_list_ids": [],
                "protocol": "tcp",
                "security_groups": [],
                "self": false,
                "to_port": 9090
              },
              {
                "cidr_blocks": [
                  "0.0.0.0/0"
                ],
                "description": "SSH Anywhere",
                "from_port": 22,
                "ipv6_cidr_blocks": [],
                "prefix_list_ids": [],
                "protocol": "tcp",
                "security_groups": [],
                "self": false,
                "to_port": 22
              }
            ],
            "name": "grafana-sg",
            "name_prefix": "",
            "owner_id": "741692307640",
            "revoke_rules_on_delete": false,
            "tags": {
              "Name": "grafana-sg"
            },
            "tags_all": {
              "Name": "grafana-sg"
            },
            "timeouts": null,
            "vpc_id": "vpc-026a7b9485b75823c"
          },
          "sensitive_attributes": [],
          "private": "eyJlMmJmYjczMC1lY2FhLTExZTYtOGY4OC0zNDM2M2JjN2M0YzAiOnsiY3JlYXRlIjo2MDAwMDAwMDAwMDAsImRlbGV0ZSI6OTAwMDAwMDAwMDAwfSwic2NoZW1hX3ZlcnNpb24iOiIxIn0=",
          "dependencies": [
            "aws_vpc.ecommerce-project"
          ]
        }
      ]
    },
    {
      "mode": "managed",
      "type": "aws_subnet",
      "name": "ecommerce-project-priv-1",
      "provider": "provider[\"registry.terraform.io/hashicorp/aws\"]",
      "instances": [
        {
          "schema_version": 1,
          "attributes": {
            "arn": "arn:aws:ec2:us-east-1:741692307640:subnet/subnet-0eb689e37823efdef",
            "assign_ipv6_address_on_creation": false,
            "availability_zone": "us-east-1a",
            "availability_zone_id": "use1-az4",
            "cidr_block": "10.0.4.0/24",
            "customer_owned_ipv4_pool": "",
            "enable_dns64": false,
            "enable_resource_name_dns_a_record_on_launch": false,
            "enable_resource_name_dns_aaaa_record_on_launch": false,
            "id": "subnet-0eb689e37823efdef",
            "ipv6_cidr_block": "",
            "ipv6_cidr_block_association_id": "",
            "ipv6_native": false,
            "map_customer_owned_ip_on_launch": false,
            "map_public_ip_on_launch": true,
            "outpost_arn": "",
            "owner_id": "741692307640",
            "private_dns_hostname_type_on_launch": "ip-name",
            "tags": {
              "Name": "ecommerce-project-priv-1"
            },
            "tags_all": {
              "Name": "ecommerce-project-priv-1"
            },
            "timeouts": null,
            "vpc_id": "vpc-026a7b9485b75823c"
          },
          "sensitive_attributes": [],
          "private": "eyJlMmJmYjczMC1lY2FhLTExZTYtOGY4OC0zNDM2M2JjN2M0YzAiOnsiY3JlYXRlIjo2MDAwMDAwMDAwMDAsImRlbGV0ZSI6MTIwMDAwMDAwMDAwMH0sInNjaGVtYV92ZXJzaW9uIjoiMSJ9",
          "dependencies": [
            "aws_vpc.ecommerce-project"
          ]
        }
      ]
    },
    {
      "mode": "managed",
      "type": "aws_subnet",
      "name": "ecommerce-project-priv-2",
      "provider": "provider[\"registry.terraform.io/hashicorp/aws\"]",
      "instances": [
        {
          "schema_version": 1,
          "attributes": {
            "arn": "arn:aws:ec2:us-east-1:741692307640:subnet/subnet-000ae0da0e5c5312f",
            "assign_ipv6_address_on_creation": false,
            "availability_zone": "us-east-1b",
            "availability_zone_id": "use1-az6",
            "cidr_block": "10.0.5.0/24",
            "customer_owned_ipv4_pool": "",
            "enable_dns64": false,
            "enable_resource_name_dns_a_record_on_launch": false,
            "enable_resource_name_dns_aaaa_record_on_launch": false,
            "id": "subnet-000ae0da0e5c5312f",
            "ipv6_cidr_block": "",
            "ipv6_cidr_block_association_id": "",
            "ipv6_native": false,
            "map_customer_owned_ip_on_launch": false,
            "map_public_ip_on_launch": true,
            "outpost_arn": "",
            "owner_id": "741692307640",
            "private_dns_hostname_type_on_launch": "ip-name",
            "tags": {
              "Name": "ecommerce-project-priv-2"
            },
            "tags_all": {
              "Name": "ecommerce-project-priv-2"
            },
            "timeouts": null,
            "vpc_id": "vpc-026a7b9485b75823c"
          },
          "sensitive_attributes": [],
          "private": "eyJlMmJmYjczMC1lY2FhLTExZTYtOGY4OC0zNDM2M2JjN2M0YzAiOnsiY3JlYXRlIjo2MDAwMDAwMDAwMDAsImRlbGV0ZSI6MTIwMDAwMDAwMDAwMH0sInNjaGVtYV92ZXJzaW9uIjoiMSJ9",
          "dependencies": [
            "aws_vpc.ecommerce-project"
          ]
        }
      ]
    },
    {
      "mode": "managed",
      "type": "aws_subnet",
      "name": "ecommerce-project-priv-3",
      "provider": "provider[\"registry.terraform.io/hashicorp/aws\"]",
      "instances": [
        {
          "schema_version": 1,
          "attributes": {
            "arn": "arn:aws:ec2:us-east-1:741692307640:subnet/subnet-020b298e7d9b694cb",
            "assign_ipv6_address_on_creation": false,
            "availability_zone": "us-east-1c",
            "availability_zone_id": "use1-az1",
            "cidr_block": "10.0.6.0/24",
            "customer_owned_ipv4_pool": "",
            "enable_dns64": false,
            "enable_resource_name_dns_a_record_on_launch": false,
            "enable_resource_name_dns_aaaa_record_on_launch": false,
            "id": "subnet-020b298e7d9b694cb",
            "ipv6_cidr_block": "",
            "ipv6_cidr_block_association_id": "",
            "ipv6_native": false,
            "map_customer_owned_ip_on_launch": false,
            "map_public_ip_on_launch": true,
            "outpost_arn": "",
            "owner_id": "741692307640",
            "private_dns_hostname_type_on_launch": "ip-name",
            "tags": {
              "Name": "ecommerce-project-priv-3"
            },
            "tags_all": {
              "Name": "ecommerce-project-priv-3"
            },
            "timeouts": null,
            "vpc_id": "vpc-026a7b9485b75823c"
          },
          "sensitive_attributes": [],
          "private": "eyJlMmJmYjczMC1lY2FhLTExZTYtOGY4OC0zNDM2M2JjN2M0YzAiOnsiY3JlYXRlIjo2MDAwMDAwMDAwMDAsImRlbGV0ZSI6MTIwMDAwMDAwMDAwMH0sInNjaGVtYV92ZXJzaW9uIjoiMSJ9",
          "dependencies": [
            "aws_vpc.ecommerce-project"
          ]
        }
      ]
    },
    {
      "mode": "managed",
      "type": "aws_subnet",
      "name": "ecommerce-project-pub-1",
      "provider": "provider[\"registry.terraform.io/hashicorp/aws\"]",
      "instances": [
        {
          "schema_version": 1,
          "attributes": {
            "arn": "arn:aws:ec2:us-east-1:741692307640:subnet/subnet-02b4b850e73879709",
            "assign_ipv6_address_on_creation": false,
            "availability_zone": "us-east-1a",
            "availability_zone_id": "use1-az4",
            "cidr_block": "10.0.1.0/24",
            "customer_owned_ipv4_pool": "",
            "enable_dns64": false,
            "enable_resource_name_dns_a_record_on_launch": false,
            "enable_resource_name_dns_aaaa_record_on_launch": false,
            "id": "subnet-02b4b850e73879709",
            "ipv6_cidr_block": "",
            "ipv6_cidr_block_association_id": "",
            "ipv6_native": false,
            "map_customer_owned_ip_on_launch": false,
            "map_public_ip_on_launch": true,
            "outpost_arn": "",
            "owner_id": "741692307640",
            "private_dns_hostname_type_on_launch": "ip-name",
            "tags": {
              "Name": "ecommerce-project-pub-1"
            },
            "tags_all": {
              "Name": "ecommerce-project-pub-1"
            },
            "timeouts": null,
            "vpc_id": "vpc-026a7b9485b75823c"
          },
          "sensitive_attributes": [],
          "private": "eyJlMmJmYjczMC1lY2FhLTExZTYtOGY4OC0zNDM2M2JjN2M0YzAiOnsiY3JlYXRlIjo2MDAwMDAwMDAwMDAsImRlbGV0ZSI6MTIwMDAwMDAwMDAwMH0sInNjaGVtYV92ZXJzaW9uIjoiMSJ9",
          "dependencies": [
            "aws_vpc.ecommerce-project"
          ]
        }
      ]
    },
    {
      "mode": "managed",
      "type": "aws_subnet",
      "name": "ecommerce-project-pub-2",
      "provider": "provider[\"registry.terraform.io/hashicorp/aws\"]",
      "instances": [
        {
          "schema_version": 1,
          "attributes": {
            "arn": "arn:aws:ec2:us-east-1:741692307640:subnet/subnet-0ba6bf782523a3a78",
            "assign_ipv6_address_on_creation": false,
            "availability_zone": "us-east-1b",
            "availability_zone_id": "use1-az6",
            "cidr_block": "10.0.2.0/24",
            "customer_owned_ipv4_pool": "",
            "enable_dns64": false,
            "enable_resource_name_dns_a_record_on_launch": false,
            "enable_resource_name_dns_aaaa_record_on_launch": false,
            "id": "subnet-0ba6bf782523a3a78",
            "ipv6_cidr_block": "",
            "ipv6_cidr_block_association_id": "",
            "ipv6_native": false,
            "map_customer_owned_ip_on_launch": false,
            "map_public_ip_on_launch": true,
            "outpost_arn": "",
            "owner_id": "741692307640",
            "private_dns_hostname_type_on_launch": "ip-name",
            "tags": {
              "Name": "ecommerce-project-pub-2"
            },
            "tags_all": {
              "Name": "ecommerce-project-pub-2"
            },
            "timeouts": null,
            "vpc_id": "vpc-026a7b9485b75823c"
          },
          "sensitive_attributes": [],
          "private": "eyJlMmJmYjczMC1lY2FhLTExZTYtOGY4OC0zNDM2M2JjN2M0YzAiOnsiY3JlYXRlIjo2MDAwMDAwMDAwMDAsImRlbGV0ZSI6MTIwMDAwMDAwMDAwMH0sInNjaGVtYV92ZXJzaW9uIjoiMSJ9",
          "dependencies": [
            "aws_vpc.ecommerce-project"
          ]
        }
      ]
    },
    {
      "mode": "managed",
      "type": "aws_subnet",
      "name": "ecommerce-project-pub-3",
      "provider": "provider[\"registry.terraform.io/hashicorp/aws\"]",
      "instances": [
        {
          "schema_version": 1,
          "attributes": {
            "arn": "arn:aws:ec2:us-east-1:741692307640:subnet/subnet-02921dcb4f2794db9",
            "assign_ipv6_address_on_creation": false,
            "availability_zone": "us-east-1c",
            "availability_zone_id": "use1-az1",
            "cidr_block": "10.0.3.0/24",
            "customer_owned_ipv4_pool": "",
            "enable_dns64": false,
            "enable_resource_name_dns_a_record_on_launch": false,
            "enable_resource_name_dns_aaaa_record_on_launch": false,
            "id": "subnet-02921dcb4f2794db9",
            "ipv6_cidr_block": "",
            "ipv6_cidr_block_association_id": "",
            "ipv6_native": false,
            "map_customer_owned_ip_on_launch": false,
            "map_public_ip_on_launch": true,
            "outpost_arn": "",
            "owner_id": "741692307640",
            "private_dns_hostname_type_on_launch": "ip-name",
            "tags": {
              "Name": "ecommerce-project-pub-3"
            },
            "tags_all": {
              "Name": "ecommerce-project-pub-3"
            },
            "timeouts": null,
            "vpc_id": "vpc-026a7b9485b75823c"
          },
          "sensitive_attributes": [],
          "private": "eyJlMmJmYjczMC1lY2FhLTExZTYtOGY4OC0zNDM2M2JjN2M0YzAiOnsiY3JlYXRlIjo2MDAwMDAwMDAwMDAsImRlbGV0ZSI6MTIwMDAwMDAwMDAwMH0sInNjaGVtYV92ZXJzaW9uIjoiMSJ9",
          "dependencies": [
            "aws_vpc.ecommerce-project"
          ]
        }
      ]
    },
    {
      "mode": "managed",
      "type": "aws_vpc",
      "name": "ecommerce-project",
      "provider": "provider[\"registry.terraform.io/hashicorp/aws\"]",
      "instances": [
        {
          "schema_version": 1,
          "attributes": {
            "arn": "arn:aws:ec2:us-east-1:741692307640:vpc/vpc-026a7b9485b75823c",
            "assign_generated_ipv6_cidr_block": false,
            "cidr_block": "10.0.0.0/16",
            "default_network_acl_id": "acl-0789aae3f57c383c7",
            "default_route_table_id": "rtb-0c3e4c7ff65b05767",
            "default_security_group_id": "sg-05467e0e96b1d8e52",
            "dhcp_options_id": "dopt-09c90399383a12458",
            "enable_classiclink": false,
            "enable_classiclink_dns_support": false,
            "enable_dns_hostnames": true,
            "enable_dns_support": true,
            "enable_network_address_usage_metrics": false,
            "id": "vpc-026a7b9485b75823c",
            "instance_tenancy": "default",
            "ipv4_ipam_pool_id": null,
            "ipv4_netmask_length": null,
            "ipv6_association_id": "",
            "ipv6_cidr_block": "",
            "ipv6_cidr_block_network_border_group": "",
            "ipv6_ipam_pool_id": "",
            "ipv6_netmask_length": 0,
            "main_route_table_id": "rtb-0c3e4c7ff65b05767",
            "owner_id": "741692307640",
            "tags": {
              "Name": "ecommerce"
            },
            "tags_all": {
              "Name": "ecommerce"
            }
          },
          "sensitive_attributes": [],
          "private": "eyJzY2hlbWFfdmVyc2lvbiI6IjEifQ=="
        }
      ]
    },
    {
      "mode": "managed",
      "type": "local_sensitive_file",
      "name": "private_key",
      "provider": "provider[\"registry.terraform.io/hashicorp/local\"]",
      "instances": [
        {
          "schema_version": 0,
          "attributes": {
            "content": "-----BEGIN RSA PRIVATE KEY-----\nMIIEpAIBAAKCAQEApU6uwlmdi79VcF6TfJDgIDO6wczIt4y3ib3s3q3c59JVM7g0\nW4VIVtMQZWzLMcN0lAhnrf0eqenjNoCjU8AsMZCPZ6+/I+l9e0K7lc+BTL8DQ91r\npNahFiX2+IIsz/Vp74xETMrAI5AnsmVyBv7yoXuVEizHGNNkp3Ges0DqJcC5uoP8\ncUxsTTQ/DGzeMo9kRGrwI6M7BqmT52J+N/pXpmJUjI2pnmGOKjc6AVaKSF12G0xX\nGqRZ+SJl2OsPOkSZ5/9B2iSAfvRqYg1P1JwLv1wZykdfOyB8iSFmPMLRGWDMQdjK\nfgQNHjOS6nGm0mMDGeN3TDpMoodcYgps0iRTBQIDAQABAoIBAQCXbUZFHlZlZ3Xa\no6gzGXtVxE01rmPHUA3pDaPoMBgF+/S0le7QT31+m4WPg2N3SHaIDFL9XLs0Jt5O\nVPRIiedx19ylvKY5PXAG85BmoVjudqOFDVXIABw777cW2hg2v7a1CyadubTcXvce\nQjN8GRsltdFOfto68ZpokHox9isHPNWCRnEaL9P89gX8FkdxR8qiWgGoRJ40VM0h\nFypX4LLSGAKVBYZ5ZE7ij0qHLQK8UUWHsVbJt7fytk7UWZN65A6zRXre2PLMWeY+\nBjET70+oa+xSw/CHRPSynZYQ04XyATPw+vmMU7M8sQ7rg4Khp+YHiYRc1lBrSee5\nvajsZWkZAoGBAM4J7QaDUBmaWybp2QOXmuDu5yLTsq7F9s1a5cCRmAqOSdeva/Pl\n/zOEhbQ2Y6CIMNmiTje/ZFw6OiA6b7ppm5I3e8UU5Z0jPaJHDha0fYauHll1Zq0I\nHFLaWQSBDbI8QwHmfY3Uk7LCk9R3cKNNY9C2FmUA5QgR96Wld1PPPA6bAoGBAM1k\nT50nXrUDBj+n2e9DYRTJeWFQj6DCfUL0WJl1hQ9yXcU5ReyLyzpWa5fCpOLe/Nou\nRVD84UQ9kB+SFGA/812+tEuejXiitfXcdtJ3pUNoVgdczLD1HlzN7Xgk9aB5Ltsw\n+58m56SYygV43qbcZQl49lMBzCZXZLnRIYMl927fAoGAevpntER6cd203GQluMQr\nmGhgI2RyOWlFp0rC6Y69TkehgZBeAeTczxYha/AuxOmlJrF+uD2PnJDQkt3uRDi2\nt65QPND9QC6BojOBEEJIzjNtP/4X+91kcnuLOGoDD8hyQlcdx6MDSWZkMCPeYkpV\n8oRMl5rSGWAIDaHWuHpwIVMCgYEAw+YlOVNPtX5I+3XxG5A8jEMODo90LnTSXIYJ\n63R3kSAX6ACUfOVo1R+QR5NTCUB+EuuHGZPYl+nQCQyfep4EVSmLdYSokqM+wl2g\nx2VurzhYtXUBltZ0Ozf+g1VdIc3zrwStOkM1NXy1UzrRwnz7sWk6KDnSqc85NzIM\nsLYJpikCgYAbiArI0wRxP8hNQxULl4EWWo6jOZXsDP8RvUEq/Vr2YDD2X1p6BKDY\nKNnFefr4vMnebNN75m5598krIUCNsinEYrJvsL6Kc0bOEMzGZQn7ZsTpBT094KYo\nBdU67KbaKsfBm78knNW088uif4vbhlkA6zSfCMYV757sqP/K4oXVvQ==\n-----END RSA PRIVATE KEY-----\n",
            "content_base64": null,
            "directory_permission": "0700",
            "file_permission": "0400",
            "filename": "ecommerce-key",
            "id": "d3dc5779f495efff439cc5bd66bd2794907264c3",
            "source": null
          },
          "sensitive_attributes": [
            [
              {
                "type": "get_attr",
                "value": "content"
              }
            ]
          ],
          "dependencies": [
            "tls_private_key.key"
          ]
        }
      ]
    },
    {
      "mode": "managed",
      "type": "random_uuid",
      "name": "uuid",
      "provider": "provider[\"registry.terraform.io/hashicorp/random\"]",
      "instances": [
        {
          "schema_version": 0,
          "attributes": {
            "id": "2404c29f-b900-ff04-6b75-f1e49fa6e2b6",
            "keepers": null,
            "result": "2404c29f-b900-ff04-6b75-f1e49fa6e2b6"
          },
          "sensitive_attributes": []
        }
      ]
    },
    {
      "mode": "managed",
      "type": "tls_private_key",
      "name": "key",
      "provider": "provider[\"registry.terraform.io/hashicorp/tls\"]",
      "instances": [
        {
          "schema_version": 1,
          "attributes": {
            "algorithm": "RSA",
            "ecdsa_curve": "P224",
            "id": "3a0c076ae8faba17f84eceea16aebe373b1405e7",
            "private_key_openssh": "-----BEGIN OPENSSH PRIVATE KEY-----\nb3BlbnNzaC1rZXktdjEAAAAABG5vbmUAAAAEbm9uZQAAAAAAAAABAAABFwAAAAdz\nc2gtcnNhAAAAAwEAAQAAAQEApU6uwlmdi79VcF6TfJDgIDO6wczIt4y3ib3s3q3c\n59JVM7g0W4VIVtMQZWzLMcN0lAhnrf0eqenjNoCjU8AsMZCPZ6+/I+l9e0K7lc+B\nTL8DQ91rpNahFiX2+IIsz/Vp74xETMrAI5AnsmVyBv7yoXuVEizHGNNkp3Ges0Dq\nJcC5uoP8cUxsTTQ/DGzeMo9kRGrwI6M7BqmT52J+N/pXpmJUjI2pnmGOKjc6AVaK\nSF12G0xXGqRZ+SJl2OsPOkSZ5/9B2iSAfvRqYg1P1JwLv1wZykdfOyB8iSFmPMLR\nGWDMQdjKfgQNHjOS6nGm0mMDGeN3TDpMoodcYgps0iRTBQAAA7jKPRkryj0ZKwAA\nAAdzc2gtcnNhAAABAQClTq7CWZ2Lv1VwXpN8kOAgM7rBzMi3jLeJvezerdzn0lUz\nuDRbhUhW0xBlbMsxw3SUCGet/R6p6eM2gKNTwCwxkI9nr78j6X17QruVz4FMvwND\n3Wuk1qEWJfb4gizP9WnvjERMysAjkCeyZXIG/vKhe5USLMcY02SncZ6zQOolwLm6\ng/xxTGxNND8MbN4yj2REavAjozsGqZPnYn43+lemYlSMjameYY4qNzoBVopIXXYb\nTFcapFn5ImXY6w86RJnn/0HaJIB+9GpiDU/UnAu/XBnKR187IHyJIWY8wtEZYMxB\n2Mp+BA0eM5LqcabSYwMZ43dMOkyih1xiCmzSJFMFAAAAAwEAAQAAAQEAl21GRR5W\nZWd12qOoMxl7VcRNNa5jx1AN6Q2j6DAYBfv0tJXu0E99fpuFj4Njd0h2iAxS/Vy7\nNCbeTlT0SInncdfcpbymOT1wBvOQZqFY7najhQ1VyAAcO++3FtoYNr+2tQsmnbm0\n3F73HkIzfBkbJbXRTn7aOvGaaJB6MfYrBzzVgkZxGi/T/PYF/BZHcUfKoloBqESe\nNFTNIRcqV+Cy0hgClQWGeWRO4o9Khy0CvFFFh7FWybe38rZO1FmTeuQOs0V63tjy\nzFnmPgYxE+9PqGvsUsPwh0T0sp2WENOF8gEz8Pr5jFOzPLEO64OCoafmB4mEXNZQ\na0nnub2o7GVpGQAAAIAbiArI0wRxP8hNQxULl4EWWo6jOZXsDP8RvUEq/Vr2YDD2\nX1p6BKDYKNnFefr4vMnebNN75m5598krIUCNsinEYrJvsL6Kc0bOEMzGZQn7ZsTp\nBT094KYoBdU67KbaKsfBm78knNW088uif4vbhlkA6zSfCMYV757sqP/K4oXVvQAA\nAIEAzgntBoNQGZpbJunZA5ea4O7nItOyrsX2zVrlwJGYCo5J169r8+X/M4SFtDZj\noIgw2aJON79kXDo6IDpvummbkjd7xRTlnSM9okcOFrR9hq4eWXVmrQgcUtpZBIEN\nsjxDAeZ9jdSTssKT1Hdwo01j0LYWZQDlCBH3paV3U888DpsAAACBAM1kT50nXrUD\nBj+n2e9DYRTJeWFQj6DCfUL0WJl1hQ9yXcU5ReyLyzpWa5fCpOLe/NouRVD84UQ9\nkB+SFGA/812+tEuejXiitfXcdtJ3pUNoVgdczLD1HlzN7Xgk9aB5Ltsw+58m56SY\nygV43qbcZQl49lMBzCZXZLnRIYMl927fAAAAAAEC\n-----END OPENSSH PRIVATE KEY-----\n",
            "private_key_pem": "-----BEGIN RSA PRIVATE KEY-----\nMIIEpAIBAAKCAQEApU6uwlmdi79VcF6TfJDgIDO6wczIt4y3ib3s3q3c59JVM7g0\nW4VIVtMQZWzLMcN0lAhnrf0eqenjNoCjU8AsMZCPZ6+/I+l9e0K7lc+BTL8DQ91r\npNahFiX2+IIsz/Vp74xETMrAI5AnsmVyBv7yoXuVEizHGNNkp3Ges0DqJcC5uoP8\ncUxsTTQ/DGzeMo9kRGrwI6M7BqmT52J+N/pXpmJUjI2pnmGOKjc6AVaKSF12G0xX\nGqRZ+SJl2OsPOkSZ5/9B2iSAfvRqYg1P1JwLv1wZykdfOyB8iSFmPMLRGWDMQdjK\nfgQNHjOS6nGm0mMDGeN3TDpMoodcYgps0iRTBQIDAQABAoIBAQCXbUZFHlZlZ3Xa\no6gzGXtVxE01rmPHUA3pDaPoMBgF+/S0le7QT31+m4WPg2N3SHaIDFL9XLs0Jt5O\nVPRIiedx19ylvKY5PXAG85BmoVjudqOFDVXIABw777cW2hg2v7a1CyadubTcXvce\nQjN8GRsltdFOfto68ZpokHox9isHPNWCRnEaL9P89gX8FkdxR8qiWgGoRJ40VM0h\nFypX4LLSGAKVBYZ5ZE7ij0qHLQK8UUWHsVbJt7fytk7UWZN65A6zRXre2PLMWeY+\nBjET70+oa+xSw/CHRPSynZYQ04XyATPw+vmMU7M8sQ7rg4Khp+YHiYRc1lBrSee5\nvajsZWkZAoGBAM4J7QaDUBmaWybp2QOXmuDu5yLTsq7F9s1a5cCRmAqOSdeva/Pl\n/zOEhbQ2Y6CIMNmiTje/ZFw6OiA6b7ppm5I3e8UU5Z0jPaJHDha0fYauHll1Zq0I\nHFLaWQSBDbI8QwHmfY3Uk7LCk9R3cKNNY9C2FmUA5QgR96Wld1PPPA6bAoGBAM1k\nT50nXrUDBj+n2e9DYRTJeWFQj6DCfUL0WJl1hQ9yXcU5ReyLyzpWa5fCpOLe/Nou\nRVD84UQ9kB+SFGA/812+tEuejXiitfXcdtJ3pUNoVgdczLD1HlzN7Xgk9aB5Ltsw\n+58m56SYygV43qbcZQl49lMBzCZXZLnRIYMl927fAoGAevpntER6cd203GQluMQr\nmGhgI2RyOWlFp0rC6Y69TkehgZBeAeTczxYha/AuxOmlJrF+uD2PnJDQkt3uRDi2\nt65QPND9QC6BojOBEEJIzjNtP/4X+91kcnuLOGoDD8hyQlcdx6MDSWZkMCPeYkpV\n8oRMl5rSGWAIDaHWuHpwIVMCgYEAw+YlOVNPtX5I+3XxG5A8jEMODo90LnTSXIYJ\n63R3kSAX6ACUfOVo1R+QR5NTCUB+EuuHGZPYl+nQCQyfep4EVSmLdYSokqM+wl2g\nx2VurzhYtXUBltZ0Ozf+g1VdIc3zrwStOkM1NXy1UzrRwnz7sWk6KDnSqc85NzIM\nsLYJpikCgYAbiArI0wRxP8hNQxULl4EWWo6jOZXsDP8RvUEq/Vr2YDD2X1p6BKDY\nKNnFefr4vMnebNN75m5598krIUCNsinEYrJvsL6Kc0bOEMzGZQn7ZsTpBT094KYo\nBdU67KbaKsfBm78knNW088uif4vbhlkA6zSfCMYV757sqP/K4oXVvQ==\n-----END RSA PRIVATE KEY-----\n",
            "private_key_pem_pkcs8": "-----BEGIN PRIVATE KEY-----\nMIIEvgIBADANBgkqhkiG9w0BAQEFAASCBKgwggSkAgEAAoIBAQClTq7CWZ2Lv1Vw\nXpN8kOAgM7rBzMi3jLeJvezerdzn0lUzuDRbhUhW0xBlbMsxw3SUCGet/R6p6eM2\ngKNTwCwxkI9nr78j6X17QruVz4FMvwND3Wuk1qEWJfb4gizP9WnvjERMysAjkCey\nZXIG/vKhe5USLMcY02SncZ6zQOolwLm6g/xxTGxNND8MbN4yj2REavAjozsGqZPn\nYn43+lemYlSMjameYY4qNzoBVopIXXYbTFcapFn5ImXY6w86RJnn/0HaJIB+9Gpi\nDU/UnAu/XBnKR187IHyJIWY8wtEZYMxB2Mp+BA0eM5LqcabSYwMZ43dMOkyih1xi\nCmzSJFMFAgMBAAECggEBAJdtRkUeVmVnddqjqDMZe1XETTWuY8dQDekNo+gwGAX7\n9LSV7tBPfX6bhY+DY3dIdogMUv1cuzQm3k5U9EiJ53HX3KW8pjk9cAbzkGahWO52\no4UNVcgAHDvvtxbaGDa/trULJp25tNxe9x5CM3wZGyW10U5+2jrxmmiQejH2Kwc8\n1YJGcRov0/z2BfwWR3FHyqJaAahEnjRUzSEXKlfgstIYApUFhnlkTuKPSoctArxR\nRYexVsm3t/K2TtRZk3rkDrNFet7Y8sxZ5j4GMRPvT6hr7FLD8IdE9LKdlhDThfIB\nM/D6+YxTszyxDuuDgqGn5geJhFzWUGtJ57m9qOxlaRkCgYEAzgntBoNQGZpbJunZ\nA5ea4O7nItOyrsX2zVrlwJGYCo5J169r8+X/M4SFtDZjoIgw2aJON79kXDo6IDpv\nummbkjd7xRTlnSM9okcOFrR9hq4eWXVmrQgcUtpZBIENsjxDAeZ9jdSTssKT1Hdw\no01j0LYWZQDlCBH3paV3U888DpsCgYEAzWRPnSdetQMGP6fZ70NhFMl5YVCPoMJ9\nQvRYmXWFD3JdxTlF7IvLOlZrl8Kk4t782i5FUPzhRD2QH5IUYD/zXb60S56NeKK1\n9dx20nelQ2hWB1zMsPUeXM3teCT1oHku2zD7nybnpJjKBXjeptxlCXj2UwHMJldk\nudEhgyX3bt8CgYB6+me0RHpx3bTcZCW4xCuYaGAjZHI5aUWnSsLpjr1OR6GBkF4B\n5NzPFiFr8C7E6aUmsX64PY+ckNCS3e5EOLa3rlA80P1ALoGiM4EQQkjOM20//hf7\n3WRye4s4agMPyHJCVx3HowNJZmQwI95iSlXyhEyXmtIZYAgNoda4enAhUwKBgQDD\n5iU5U0+1fkj7dfEbkDyMQw4Oj3QudNJchgnrdHeRIBfoAJR85WjVH5BHk1MJQH4S\n64cZk9iX6dAJDJ96ngRVKYt1hKiSoz7CXaDHZW6vOFi1dQGW1nQ7N/6DVV0hzfOv\nBK06QzU1fLVTOtHCfPuxaTooOdKpzzk3MgywtgmmKQKBgBuICsjTBHE/yE1DFQuX\ngRZajqM5lewM/xG9QSr9WvZgMPZfWnoEoNgo2cV5+vi8yd5s03vmbnn3ySshQI2y\nKcRism+wvopzRs4QzMZlCftmxOkFPT3gpigF1Trsptoqx8GbvySc1bTzy6J/i9uG\nWQDrNJ8IxhXvnuyo/8rihdW9\n-----END PRIVATE KEY-----\n",
            "public_key_fingerprint_md5": "36:92:c2:e3:3b:8a:fc:84:b6:4e:a9:65:6f:ae:05:df",
            "public_key_fingerprint_sha256": "SHA256:ZhK/cMiN+IgMGJ/lV0GM9wyX3luhhm/k7LIyDymgvEY",
            "public_key_openssh": "ssh-rsa AAAAB3NzaC1yc2EAAAADAQABAAABAQClTq7CWZ2Lv1VwXpN8kOAgM7rBzMi3jLeJvezerdzn0lUzuDRbhUhW0xBlbMsxw3SUCGet/R6p6eM2gKNTwCwxkI9nr78j6X17QruVz4FMvwND3Wuk1qEWJfb4gizP9WnvjERMysAjkCeyZXIG/vKhe5USLMcY02SncZ6zQOolwLm6g/xxTGxNND8MbN4yj2REavAjozsGqZPnYn43+lemYlSMjameYY4qNzoBVopIXXYbTFcapFn5ImXY6w86RJnn/0HaJIB+9GpiDU/UnAu/XBnKR187IHyJIWY8wtEZYMxB2Mp+BA0eM5LqcabSYwMZ43dMOkyih1xiCmzSJFMF\n",
            "public_key_pem": "-----BEGIN PUBLIC KEY-----\nMIIBIjANBgkqhkiG9w0BAQEFAAOCAQ8AMIIBCgKCAQEApU6uwlmdi79VcF6TfJDg\nIDO6wczIt4y3ib3s3q3c59JVM7g0W4VIVtMQZWzLMcN0lAhnrf0eqenjNoCjU8As\nMZCPZ6+/I+l9e0K7lc+BTL8DQ91rpNahFiX2+IIsz/Vp74xETMrAI5AnsmVyBv7y\noXuVEizHGNNkp3Ges0DqJcC5uoP8cUxsTTQ/DGzeMo9kRGrwI6M7BqmT52J+N/pX\npmJUjI2pnmGOKjc6AVaKSF12G0xXGqRZ+SJl2OsPOkSZ5/9B2iSAfvRqYg1P1JwL\nv1wZykdfOyB8iSFmPMLRGWDMQdjKfgQNHjOS6nGm0mMDGeN3TDpMoodcYgps0iRT\nBQIDAQAB\n-----END PUBLIC KEY-----\n",
            "rsa_bits": 2048
          },
          "sensitive_attributes": []
        }
      ]
    }
  ],
  "check_results": null
}
